// !$*UTF8*$!
{
	archiveVersion = 1;
	classes = {
	};
	objectVersion = 48;
	objects = {

/* Begin PBXFileReference section */
		5A4F18C020DCD1FA008A9AAD /* .editorconfig */ = {isa = PBXFileReference; lastKnownFileType = text; path = .editorconfig; sourceTree = "<group>"; };
		5A4F18C120DCD1FA008A9AAD /* 3DSConverter.cpp */ = {isa = PBXFileReference; lastKnownFileType = sourcecode.cpp.cpp; path = 3DSConverter.cpp; sourceTree = "<group>"; };
		5A4F18C220DCD1FA008A9AAD /* 3DSExporter.cpp */ = {isa = PBXFileReference; lastKnownFileType = sourcecode.cpp.cpp; path = 3DSExporter.cpp; sourceTree = "<group>"; };
		5A4F18C320DCD1FA008A9AAD /* 3DSExporter.h */ = {isa = PBXFileReference; lastKnownFileType = sourcecode.c.h; path = 3DSExporter.h; sourceTree = "<group>"; };
		5A4F18C420DCD1FA008A9AAD /* 3DSHelper.h */ = {isa = PBXFileReference; lastKnownFileType = sourcecode.c.h; path = 3DSHelper.h; sourceTree = "<group>"; };
		5A4F18C520DCD1FA008A9AAD /* 3DSLoader.cpp */ = {isa = PBXFileReference; lastKnownFileType = sourcecode.cpp.cpp; path = 3DSLoader.cpp; sourceTree = "<group>"; };
		5A4F18C620DCD1FA008A9AAD /* 3DSLoader.h */ = {isa = PBXFileReference; lastKnownFileType = sourcecode.c.h; path = 3DSLoader.h; sourceTree = "<group>"; };
		5A4F18C720DCD1FA008A9AAD /* ACLoader.cpp */ = {isa = PBXFileReference; lastKnownFileType = sourcecode.cpp.cpp; path = ACLoader.cpp; sourceTree = "<group>"; };
		5A4F18C820DCD1FA008A9AAD /* ACLoader.h */ = {isa = PBXFileReference; lastKnownFileType = sourcecode.c.h; path = ACLoader.h; sourceTree = "<group>"; };
		5A4F18C920DCD1FA008A9AAD /* ASELoader.cpp */ = {isa = PBXFileReference; lastKnownFileType = sourcecode.cpp.cpp; path = ASELoader.cpp; sourceTree = "<group>"; };
		5A4F18CA20DCD1FA008A9AAD /* ASELoader.h */ = {isa = PBXFileReference; lastKnownFileType = sourcecode.c.h; path = ASELoader.h; sourceTree = "<group>"; };
		5A4F18CB20DCD1FA008A9AAD /* ASEParser.cpp */ = {isa = PBXFileReference; lastKnownFileType = sourcecode.cpp.cpp; path = ASEParser.cpp; sourceTree = "<group>"; };
		5A4F18CC20DCD1FA008A9AAD /* ASEParser.h */ = {isa = PBXFileReference; lastKnownFileType = sourcecode.c.h; path = ASEParser.h; sourceTree = "<group>"; };
		5A4F18CD20DCD1FA008A9AAD /* assbin_chunks.h */ = {isa = PBXFileReference; lastKnownFileType = sourcecode.c.h; path = assbin_chunks.h; sourceTree = "<group>"; };
		5A4F18CE20DCD1FA008A9AAD /* AssbinExporter.cpp */ = {isa = PBXFileReference; lastKnownFileType = sourcecode.cpp.cpp; path = AssbinExporter.cpp; sourceTree = "<group>"; };
		5A4F18CF20DCD1FA008A9AAD /* AssbinExporter.h */ = {isa = PBXFileReference; lastKnownFileType = sourcecode.c.h; path = AssbinExporter.h; sourceTree = "<group>"; };
		5A4F18D020DCD1FA008A9AAD /* AssbinLoader.cpp */ = {isa = PBXFileReference; lastKnownFileType = sourcecode.cpp.cpp; path = AssbinLoader.cpp; sourceTree = "<group>"; };
		5A4F18D120DCD1FA008A9AAD /* AssbinLoader.h */ = {isa = PBXFileReference; lastKnownFileType = sourcecode.c.h; path = AssbinLoader.h; sourceTree = "<group>"; };
		5A4F18D220DCD1FA008A9AAD /* Assimp.cpp */ = {isa = PBXFileReference; lastKnownFileType = sourcecode.cpp.cpp; path = Assimp.cpp; sourceTree = "<group>"; };
		5A4F18D320DCD1FA008A9AAD /* AssimpCExport.cpp */ = {isa = PBXFileReference; lastKnownFileType = sourcecode.cpp.cpp; path = AssimpCExport.cpp; sourceTree = "<group>"; };
		5A4F18D420DCD1FA008A9AAD /* AssxmlExporter.cpp */ = {isa = PBXFileReference; lastKnownFileType = sourcecode.cpp.cpp; path = AssxmlExporter.cpp; sourceTree = "<group>"; };
		5A4F18D520DCD1FA008A9AAD /* AssxmlExporter.h */ = {isa = PBXFileReference; lastKnownFileType = sourcecode.c.h; path = AssxmlExporter.h; sourceTree = "<group>"; };
		5A4F18D620DCD1FA008A9AAD /* B3DImporter.cpp */ = {isa = PBXFileReference; lastKnownFileType = sourcecode.cpp.cpp; path = B3DImporter.cpp; sourceTree = "<group>"; };
		5A4F18D720DCD1FA008A9AAD /* B3DImporter.h */ = {isa = PBXFileReference; lastKnownFileType = sourcecode.c.h; path = B3DImporter.h; sourceTree = "<group>"; };
		5A4F18D820DCD1FA008A9AAD /* BaseImporter.cpp */ = {isa = PBXFileReference; lastKnownFileType = sourcecode.cpp.cpp; path = BaseImporter.cpp; sourceTree = "<group>"; };
		5A4F18D920DCD1FA008A9AAD /* BaseImporter.h */ = {isa = PBXFileReference; lastKnownFileType = sourcecode.c.h; path = BaseImporter.h; sourceTree = "<group>"; };
		5A4F18DA20DCD1FA008A9AAD /* BaseProcess.cpp */ = {isa = PBXFileReference; lastKnownFileType = sourcecode.cpp.cpp; path = BaseProcess.cpp; sourceTree = "<group>"; };
		5A4F18DB20DCD1FA008A9AAD /* BaseProcess.h */ = {isa = PBXFileReference; lastKnownFileType = sourcecode.c.h; path = BaseProcess.h; sourceTree = "<group>"; };
		5A4F18DC20DCD1FA008A9AAD /* Bitmap.cpp */ = {isa = PBXFileReference; lastKnownFileType = sourcecode.cpp.cpp; path = Bitmap.cpp; sourceTree = "<group>"; };
		5A4F18DD20DCD1FA008A9AAD /* Bitmap.h */ = {isa = PBXFileReference; lastKnownFileType = sourcecode.c.h; path = Bitmap.h; sourceTree = "<group>"; };
		5A4F18DE20DCD1FA008A9AAD /* BlenderBMesh.cpp */ = {isa = PBXFileReference; lastKnownFileType = sourcecode.cpp.cpp; path = BlenderBMesh.cpp; sourceTree = "<group>"; };
		5A4F18DF20DCD1FA008A9AAD /* BlenderBMesh.h */ = {isa = PBXFileReference; lastKnownFileType = sourcecode.c.h; path = BlenderBMesh.h; sourceTree = "<group>"; };
		5A4F18E020DCD1FA008A9AAD /* BlenderDNA.cpp */ = {isa = PBXFileReference; lastKnownFileType = sourcecode.cpp.cpp; path = BlenderDNA.cpp; sourceTree = "<group>"; };
		5A4F18E120DCD1FA008A9AAD /* BlenderDNA.h */ = {isa = PBXFileReference; lastKnownFileType = sourcecode.c.h; path = BlenderDNA.h; sourceTree = "<group>"; };
		5A4F18E220DCD1FA008A9AAD /* BlenderDNA.inl */ = {isa = PBXFileReference; lastKnownFileType = text; path = BlenderDNA.inl; sourceTree = "<group>"; };
		5A4F18E320DCD1FA008A9AAD /* BlenderIntermediate.h */ = {isa = PBXFileReference; lastKnownFileType = sourcecode.c.h; path = BlenderIntermediate.h; sourceTree = "<group>"; };
		5A4F18E420DCD1FA008A9AAD /* BlenderLoader.cpp */ = {isa = PBXFileReference; lastKnownFileType = sourcecode.cpp.cpp; path = BlenderLoader.cpp; sourceTree = "<group>"; };
		5A4F18E520DCD1FA008A9AAD /* BlenderLoader.h */ = {isa = PBXFileReference; lastKnownFileType = sourcecode.c.h; path = BlenderLoader.h; sourceTree = "<group>"; };
		5A4F18E620DCD1FA008A9AAD /* BlenderModifier.cpp */ = {isa = PBXFileReference; lastKnownFileType = sourcecode.cpp.cpp; path = BlenderModifier.cpp; sourceTree = "<group>"; };
		5A4F18E720DCD1FA008A9AAD /* BlenderModifier.h */ = {isa = PBXFileReference; lastKnownFileType = sourcecode.c.h; path = BlenderModifier.h; sourceTree = "<group>"; };
		5A4F18E820DCD1FA008A9AAD /* BlenderScene.cpp */ = {isa = PBXFileReference; lastKnownFileType = sourcecode.cpp.cpp; path = BlenderScene.cpp; sourceTree = "<group>"; };
		5A4F18E920DCD1FA008A9AAD /* BlenderScene.h */ = {isa = PBXFileReference; lastKnownFileType = sourcecode.c.h; path = BlenderScene.h; sourceTree = "<group>"; };
		5A4F18EA20DCD1FA008A9AAD /* BlenderSceneGen.h */ = {isa = PBXFileReference; lastKnownFileType = sourcecode.c.h; path = BlenderSceneGen.h; sourceTree = "<group>"; };
		5A4F18EB20DCD1FA008A9AAD /* BlenderTessellator.cpp */ = {isa = PBXFileReference; lastKnownFileType = sourcecode.cpp.cpp; path = BlenderTessellator.cpp; sourceTree = "<group>"; };
		5A4F18EC20DCD1FA008A9AAD /* BlenderTessellator.h */ = {isa = PBXFileReference; lastKnownFileType = sourcecode.c.h; path = BlenderTessellator.h; sourceTree = "<group>"; };
		5A4F18ED20DCD1FA008A9AAD /* BlobIOSystem.h */ = {isa = PBXFileReference; lastKnownFileType = sourcecode.c.h; path = BlobIOSystem.h; sourceTree = "<group>"; };
		5A4F18EE20DCD1FA008A9AAD /* BVHLoader.cpp */ = {isa = PBXFileReference; lastKnownFileType = sourcecode.cpp.cpp; path = BVHLoader.cpp; sourceTree = "<group>"; };
		5A4F18EF20DCD1FA008A9AAD /* BVHLoader.h */ = {isa = PBXFileReference; lastKnownFileType = sourcecode.c.h; path = BVHLoader.h; sourceTree = "<group>"; };
		5A4F18F020DCD1FA008A9AAD /* ByteSwapper.h */ = {isa = PBXFileReference; lastKnownFileType = sourcecode.c.h; path = ByteSwapper.h; sourceTree = "<group>"; };
		5A4F18F120DCD1FA008A9AAD /* C4DImporter.cpp */ = {isa = PBXFileReference; lastKnownFileType = sourcecode.cpp.cpp; path = C4DImporter.cpp; sourceTree = "<group>"; };
		5A4F18F220DCD1FA008A9AAD /* C4DImporter.h */ = {isa = PBXFileReference; lastKnownFileType = sourcecode.c.h; path = C4DImporter.h; sourceTree = "<group>"; };
		5A4F18F320DCD1FA008A9AAD /* CalcTangentsProcess.cpp */ = {isa = PBXFileReference; lastKnownFileType = sourcecode.cpp.cpp; path = CalcTangentsProcess.cpp; sourceTree = "<group>"; };
		5A4F18F420DCD1FA008A9AAD /* CalcTangentsProcess.h */ = {isa = PBXFileReference; lastKnownFileType = sourcecode.c.h; path = CalcTangentsProcess.h; sourceTree = "<group>"; };
		5A4F18F520DCD1FA008A9AAD /* CInterfaceIOWrapper.h */ = {isa = PBXFileReference; lastKnownFileType = sourcecode.c.h; path = CInterfaceIOWrapper.h; sourceTree = "<group>"; };
		5A4F18F620DCD1FA008A9AAD /* CMakeLists.txt */ = {isa = PBXFileReference; lastKnownFileType = text; path = CMakeLists.txt; sourceTree = "<group>"; };
		5A4F18F720DCD1FA008A9AAD /* COBLoader.cpp */ = {isa = PBXFileReference; lastKnownFileType = sourcecode.cpp.cpp; path = COBLoader.cpp; sourceTree = "<group>"; };
		5A4F18F820DCD1FA008A9AAD /* COBLoader.h */ = {isa = PBXFileReference; lastKnownFileType = sourcecode.c.h; path = COBLoader.h; sourceTree = "<group>"; };
		5A4F18F920DCD1FA008A9AAD /* COBScene.h */ = {isa = PBXFileReference; lastKnownFileType = sourcecode.c.h; path = COBScene.h; sourceTree = "<group>"; };
		5A4F18FA20DCD1FA008A9AAD /* ColladaExporter.cpp */ = {isa = PBXFileReference; lastKnownFileType = sourcecode.cpp.cpp; path = ColladaExporter.cpp; sourceTree = "<group>"; };
		5A4F18FB20DCD1FA008A9AAD /* ColladaExporter.h */ = {isa = PBXFileReference; lastKnownFileType = sourcecode.c.h; path = ColladaExporter.h; sourceTree = "<group>"; };
		5A4F18FC20DCD1FA008A9AAD /* ColladaHelper.h */ = {isa = PBXFileReference; lastKnownFileType = sourcecode.c.h; path = ColladaHelper.h; sourceTree = "<group>"; };
		5A4F18FD20DCD1FA008A9AAD /* ColladaLoader.cpp */ = {isa = PBXFileReference; lastKnownFileType = sourcecode.cpp.cpp; path = ColladaLoader.cpp; sourceTree = "<group>"; };
		5A4F18FE20DCD1FA008A9AAD /* ColladaLoader.h */ = {isa = PBXFileReference; lastKnownFileType = sourcecode.c.h; path = ColladaLoader.h; sourceTree = "<group>"; };
		5A4F18FF20DCD1FA008A9AAD /* ColladaParser.cpp */ = {isa = PBXFileReference; lastKnownFileType = sourcecode.cpp.cpp; path = ColladaParser.cpp; sourceTree = "<group>"; };
		5A4F190020DCD1FA008A9AAD /* ColladaParser.h */ = {isa = PBXFileReference; lastKnownFileType = sourcecode.c.h; path = ColladaParser.h; sourceTree = "<group>"; };
		5A4F190120DCD1FA008A9AAD /* ComputeUVMappingProcess.cpp */ = {isa = PBXFileReference; lastKnownFileType = sourcecode.cpp.cpp; path = ComputeUVMappingProcess.cpp; sourceTree = "<group>"; };
		5A4F190220DCD1FA008A9AAD /* ComputeUVMappingProcess.h */ = {isa = PBXFileReference; lastKnownFileType = sourcecode.c.h; path = ComputeUVMappingProcess.h; sourceTree = "<group>"; };
		5A4F190320DCD1FA008A9AAD /* ConvertToLHProcess.cpp */ = {isa = PBXFileReference; lastKnownFileType = sourcecode.cpp.cpp; path = ConvertToLHProcess.cpp; sourceTree = "<group>"; };
		5A4F190420DCD1FA008A9AAD /* ConvertToLHProcess.h */ = {isa = PBXFileReference; lastKnownFileType = sourcecode.c.h; path = ConvertToLHProcess.h; sourceTree = "<group>"; };
		5A4F190520DCD1FA008A9AAD /* CSMLoader.cpp */ = {isa = PBXFileReference; lastKnownFileType = sourcecode.cpp.cpp; path = CSMLoader.cpp; sourceTree = "<group>"; };
		5A4F190620DCD1FA008A9AAD /* CSMLoader.h */ = {isa = PBXFileReference; lastKnownFileType = sourcecode.c.h; path = CSMLoader.h; sourceTree = "<group>"; };
		5A4F190720DCD1FA008A9AAD /* D3MFImporter.cpp */ = {isa = PBXFileReference; lastKnownFileType = sourcecode.cpp.cpp; path = D3MFImporter.cpp; sourceTree = "<group>"; };
		5A4F190820DCD1FA008A9AAD /* D3MFImporter.h */ = {isa = PBXFileReference; lastKnownFileType = sourcecode.c.h; path = D3MFImporter.h; sourceTree = "<group>"; };
		5A4F190920DCD1FA008A9AAD /* D3MFOpcPackage.cpp */ = {isa = PBXFileReference; lastKnownFileType = sourcecode.cpp.cpp; path = D3MFOpcPackage.cpp; sourceTree = "<group>"; };
		5A4F190A20DCD1FA008A9AAD /* D3MFOpcPackage.h */ = {isa = PBXFileReference; lastKnownFileType = sourcecode.c.h; path = D3MFOpcPackage.h; sourceTree = "<group>"; };
		5A4F190B20DCD1FA008A9AAD /* DeboneProcess.cpp */ = {isa = PBXFileReference; lastKnownFileType = sourcecode.cpp.cpp; path = DeboneProcess.cpp; sourceTree = "<group>"; };
		5A4F190C20DCD1FA008A9AAD /* DeboneProcess.h */ = {isa = PBXFileReference; lastKnownFileType = sourcecode.c.h; path = DeboneProcess.h; sourceTree = "<group>"; };
		5A4F190D20DCD1FA008A9AAD /* DefaultIOStream.cpp */ = {isa = PBXFileReference; lastKnownFileType = sourcecode.cpp.cpp; path = DefaultIOStream.cpp; sourceTree = "<group>"; };
		5A4F190E20DCD1FA008A9AAD /* DefaultIOStream.h */ = {isa = PBXFileReference; lastKnownFileType = sourcecode.c.h; path = DefaultIOStream.h; sourceTree = "<group>"; };
		5A4F190F20DCD1FA008A9AAD /* DefaultIOSystem.cpp */ = {isa = PBXFileReference; lastKnownFileType = sourcecode.cpp.cpp; path = DefaultIOSystem.cpp; sourceTree = "<group>"; };
		5A4F191020DCD1FA008A9AAD /* DefaultIOSystem.h */ = {isa = PBXFileReference; lastKnownFileType = sourcecode.c.h; path = DefaultIOSystem.h; sourceTree = "<group>"; };
		5A4F191120DCD1FA008A9AAD /* DefaultLogger.cpp */ = {isa = PBXFileReference; lastKnownFileType = sourcecode.cpp.cpp; path = DefaultLogger.cpp; sourceTree = "<group>"; };
		5A4F191220DCD1FA008A9AAD /* DefaultProgressHandler.h */ = {isa = PBXFileReference; lastKnownFileType = sourcecode.c.h; path = DefaultProgressHandler.h; sourceTree = "<group>"; };
		5A4F191320DCD1FA008A9AAD /* Defines.h */ = {isa = PBXFileReference; lastKnownFileType = sourcecode.c.h; path = Defines.h; sourceTree = "<group>"; };
		5A4F191420DCD1FA008A9AAD /* DXFHelper.h */ = {isa = PBXFileReference; lastKnownFileType = sourcecode.c.h; path = DXFHelper.h; sourceTree = "<group>"; };
		5A4F191520DCD1FA008A9AAD /* DXFLoader.cpp */ = {isa = PBXFileReference; lastKnownFileType = sourcecode.cpp.cpp; path = DXFLoader.cpp; sourceTree = "<group>"; };
		5A4F191620DCD1FA008A9AAD /* DXFLoader.h */ = {isa = PBXFileReference; lastKnownFileType = sourcecode.c.h; path = DXFLoader.h; sourceTree = "<group>"; };
		5A4F191720DCD1FA008A9AAD /* Exceptional.h */ = {isa = PBXFileReference; lastKnownFileType = sourcecode.c.h; path = Exceptional.h; sourceTree = "<group>"; };
		5A4F191820DCD1FA008A9AAD /* Exporter.cpp */ = {isa = PBXFileReference; lastKnownFileType = sourcecode.cpp.cpp; path = Exporter.cpp; sourceTree = "<group>"; };
		5A4F191920DCD1FA008A9AAD /* fast_atof.h */ = {isa = PBXFileReference; lastKnownFileType = sourcecode.c.h; path = fast_atof.h; sourceTree = "<group>"; };
		5A4F191A20DCD1FA008A9AAD /* FBXAnimation.cpp */ = {isa = PBXFileReference; lastKnownFileType = sourcecode.cpp.cpp; path = FBXAnimation.cpp; sourceTree = "<group>"; };
		5A4F191B20DCD1FA008A9AAD /* FBXBinaryTokenizer.cpp */ = {isa = PBXFileReference; lastKnownFileType = sourcecode.cpp.cpp; path = FBXBinaryTokenizer.cpp; sourceTree = "<group>"; };
		5A4F191C20DCD1FA008A9AAD /* FBXCompileConfig.h */ = {isa = PBXFileReference; lastKnownFileType = sourcecode.c.h; path = FBXCompileConfig.h; sourceTree = "<group>"; };
		5A4F191D20DCD1FA008A9AAD /* FBXConverter.cpp */ = {isa = PBXFileReference; lastKnownFileType = sourcecode.cpp.cpp; path = FBXConverter.cpp; sourceTree = "<group>"; };
		5A4F191E20DCD1FA008A9AAD /* FBXConverter.h */ = {isa = PBXFileReference; lastKnownFileType = sourcecode.c.h; path = FBXConverter.h; sourceTree = "<group>"; };
		5A4F191F20DCD1FA008A9AAD /* FBXDeformer.cpp */ = {isa = PBXFileReference; lastKnownFileType = sourcecode.cpp.cpp; path = FBXDeformer.cpp; sourceTree = "<group>"; };
		5A4F192020DCD1FA008A9AAD /* FBXDocument.cpp */ = {isa = PBXFileReference; lastKnownFileType = sourcecode.cpp.cpp; path = FBXDocument.cpp; sourceTree = "<group>"; };
		5A4F192120DCD1FA008A9AAD /* FBXDocument.h */ = {isa = PBXFileReference; lastKnownFileType = sourcecode.c.h; path = FBXDocument.h; sourceTree = "<group>"; };
		5A4F192220DCD1FA008A9AAD /* FBXDocumentUtil.cpp */ = {isa = PBXFileReference; lastKnownFileType = sourcecode.cpp.cpp; path = FBXDocumentUtil.cpp; sourceTree = "<group>"; };
		5A4F192320DCD1FA008A9AAD /* FBXDocumentUtil.h */ = {isa = PBXFileReference; lastKnownFileType = sourcecode.c.h; path = FBXDocumentUtil.h; sourceTree = "<group>"; };
		5A4F192420DCD1FA008A9AAD /* FBXImporter.cpp */ = {isa = PBXFileReference; lastKnownFileType = sourcecode.cpp.cpp; path = FBXImporter.cpp; sourceTree = "<group>"; };
		5A4F192520DCD1FA008A9AAD /* FBXImporter.h */ = {isa = PBXFileReference; lastKnownFileType = sourcecode.c.h; path = FBXImporter.h; sourceTree = "<group>"; };
		5A4F192620DCD1FA008A9AAD /* FBXImportSettings.h */ = {isa = PBXFileReference; lastKnownFileType = sourcecode.c.h; path = FBXImportSettings.h; sourceTree = "<group>"; };
		5A4F192720DCD1FA008A9AAD /* FBXMaterial.cpp */ = {isa = PBXFileReference; lastKnownFileType = sourcecode.cpp.cpp; path = FBXMaterial.cpp; sourceTree = "<group>"; };
		5A4F192820DCD1FA008A9AAD /* FBXMeshGeometry.cpp */ = {isa = PBXFileReference; lastKnownFileType = sourcecode.cpp.cpp; path = FBXMeshGeometry.cpp; sourceTree = "<group>"; };
		5A4F192920DCD1FA008A9AAD /* FBXMeshGeometry.h */ = {isa = PBXFileReference; lastKnownFileType = sourcecode.c.h; path = FBXMeshGeometry.h; sourceTree = "<group>"; };
		5A4F192A20DCD1FA008A9AAD /* FBXModel.cpp */ = {isa = PBXFileReference; lastKnownFileType = sourcecode.cpp.cpp; path = FBXModel.cpp; sourceTree = "<group>"; };
		5A4F192B20DCD1FA008A9AAD /* FBXNodeAttribute.cpp */ = {isa = PBXFileReference; lastKnownFileType = sourcecode.cpp.cpp; path = FBXNodeAttribute.cpp; sourceTree = "<group>"; };
		5A4F192C20DCD1FA008A9AAD /* FBXParser.cpp */ = {isa = PBXFileReference; lastKnownFileType = sourcecode.cpp.cpp; path = FBXParser.cpp; sourceTree = "<group>"; };
		5A4F192D20DCD1FA008A9AAD /* FBXParser.h */ = {isa = PBXFileReference; lastKnownFileType = sourcecode.c.h; path = FBXParser.h; sourceTree = "<group>"; };
		5A4F192E20DCD1FA008A9AAD /* FBXProperties.cpp */ = {isa = PBXFileReference; lastKnownFileType = sourcecode.cpp.cpp; path = FBXProperties.cpp; sourceTree = "<group>"; };
		5A4F192F20DCD1FA008A9AAD /* FBXProperties.h */ = {isa = PBXFileReference; lastKnownFileType = sourcecode.c.h; path = FBXProperties.h; sourceTree = "<group>"; };
		5A4F193020DCD1FA008A9AAD /* FBXTokenizer.cpp */ = {isa = PBXFileReference; lastKnownFileType = sourcecode.cpp.cpp; path = FBXTokenizer.cpp; sourceTree = "<group>"; };
		5A4F193120DCD1FA008A9AAD /* FBXTokenizer.h */ = {isa = PBXFileReference; lastKnownFileType = sourcecode.c.h; path = FBXTokenizer.h; sourceTree = "<group>"; };
		5A4F193220DCD1FA008A9AAD /* FBXUtil.cpp */ = {isa = PBXFileReference; lastKnownFileType = sourcecode.cpp.cpp; path = FBXUtil.cpp; sourceTree = "<group>"; };
		5A4F193320DCD1FA008A9AAD /* FBXUtil.h */ = {isa = PBXFileReference; lastKnownFileType = sourcecode.c.h; path = FBXUtil.h; sourceTree = "<group>"; };
		5A4F193420DCD1FA008A9AAD /* FileLogStream.h */ = {isa = PBXFileReference; lastKnownFileType = sourcecode.c.h; path = FileLogStream.h; sourceTree = "<group>"; };
		5A4F193520DCD1FA008A9AAD /* FileSystemFilter.h */ = {isa = PBXFileReference; lastKnownFileType = sourcecode.c.h; path = FileSystemFilter.h; sourceTree = "<group>"; };
		5A4F193620DCD1FA008A9AAD /* FindDegenerates.cpp */ = {isa = PBXFileReference; lastKnownFileType = sourcecode.cpp.cpp; path = FindDegenerates.cpp; sourceTree = "<group>"; };
		5A4F193720DCD1FA008A9AAD /* FindDegenerates.h */ = {isa = PBXFileReference; lastKnownFileType = sourcecode.c.h; path = FindDegenerates.h; sourceTree = "<group>"; };
		5A4F193820DCD1FA008A9AAD /* FindInstancesProcess.cpp */ = {isa = PBXFileReference; lastKnownFileType = sourcecode.cpp.cpp; path = FindInstancesProcess.cpp; sourceTree = "<group>"; };
		5A4F193920DCD1FA008A9AAD /* FindInstancesProcess.h */ = {isa = PBXFileReference; lastKnownFileType = sourcecode.c.h; path = FindInstancesProcess.h; sourceTree = "<group>"; };
		5A4F193A20DCD1FA008A9AAD /* FindInvalidDataProcess.cpp */ = {isa = PBXFileReference; lastKnownFileType = sourcecode.cpp.cpp; path = FindInvalidDataProcess.cpp; sourceTree = "<group>"; };
		5A4F193B20DCD1FA008A9AAD /* FindInvalidDataProcess.h */ = {isa = PBXFileReference; lastKnownFileType = sourcecode.c.h; path = FindInvalidDataProcess.h; sourceTree = "<group>"; };
		5A4F193C20DCD1FA008A9AAD /* FixNormalsStep.cpp */ = {isa = PBXFileReference; lastKnownFileType = sourcecode.cpp.cpp; path = FixNormalsStep.cpp; sourceTree = "<group>"; };
		5A4F193D20DCD1FA008A9AAD /* FixNormalsStep.h */ = {isa = PBXFileReference; lastKnownFileType = sourcecode.c.h; path = FixNormalsStep.h; sourceTree = "<group>"; };
		5A4F193E20DCD1FA008A9AAD /* GenericProperty.h */ = {isa = PBXFileReference; lastKnownFileType = sourcecode.c.h; path = GenericProperty.h; sourceTree = "<group>"; };
		5A4F193F20DCD1FA008A9AAD /* GenFaceNormalsProcess.cpp */ = {isa = PBXFileReference; lastKnownFileType = sourcecode.cpp.cpp; path = GenFaceNormalsProcess.cpp; sourceTree = "<group>"; };
		5A4F194020DCD1FA008A9AAD /* GenFaceNormalsProcess.h */ = {isa = PBXFileReference; lastKnownFileType = sourcecode.c.h; path = GenFaceNormalsProcess.h; sourceTree = "<group>"; };
		5A4F194120DCD1FA008A9AAD /* GenVertexNormalsProcess.cpp */ = {isa = PBXFileReference; lastKnownFileType = sourcecode.cpp.cpp; path = GenVertexNormalsProcess.cpp; sourceTree = "<group>"; };
		5A4F194220DCD1FA008A9AAD /* GenVertexNormalsProcess.h */ = {isa = PBXFileReference; lastKnownFileType = sourcecode.c.h; path = GenVertexNormalsProcess.h; sourceTree = "<group>"; };
		5A4F194320DCD1FA008A9AAD /* glTFAsset.h */ = {isa = PBXFileReference; lastKnownFileType = sourcecode.c.h; path = glTFAsset.h; sourceTree = "<group>"; };
		5A4F194420DCD1FA008A9AAD /* glTFAsset.inl */ = {isa = PBXFileReference; lastKnownFileType = text; path = glTFAsset.inl; sourceTree = "<group>"; };
		5A4F194520DCD1FA008A9AAD /* glTFAssetWriter.h */ = {isa = PBXFileReference; lastKnownFileType = sourcecode.c.h; path = glTFAssetWriter.h; sourceTree = "<group>"; };
		5A4F194620DCD1FA008A9AAD /* glTFAssetWriter.inl */ = {isa = PBXFileReference; lastKnownFileType = text; path = glTFAssetWriter.inl; sourceTree = "<group>"; };
		5A4F194720DCD1FA008A9AAD /* glTFExporter.cpp */ = {isa = PBXFileReference; lastKnownFileType = sourcecode.cpp.cpp; path = glTFExporter.cpp; sourceTree = "<group>"; };
		5A4F194820DCD1FA008A9AAD /* glTFExporter.h */ = {isa = PBXFileReference; lastKnownFileType = sourcecode.c.h; path = glTFExporter.h; sourceTree = "<group>"; };
		5A4F194920DCD1FA008A9AAD /* glTFImporter.cpp */ = {isa = PBXFileReference; lastKnownFileType = sourcecode.cpp.cpp; path = glTFImporter.cpp; sourceTree = "<group>"; };
		5A4F194A20DCD1FA008A9AAD /* glTFImporter.h */ = {isa = PBXFileReference; lastKnownFileType = sourcecode.c.h; path = glTFImporter.h; sourceTree = "<group>"; };
		5A4F194B20DCD1FA008A9AAD /* HalfLifeFileData.h */ = {isa = PBXFileReference; lastKnownFileType = sourcecode.c.h; path = HalfLifeFileData.h; sourceTree = "<group>"; };
		5A4F194C20DCD1FA008A9AAD /* Hash.h */ = {isa = PBXFileReference; lastKnownFileType = sourcecode.c.h; path = Hash.h; sourceTree = "<group>"; };
		5A4F194D20DCD1FA008A9AAD /* HMPFileData.h */ = {isa = PBXFileReference; lastKnownFileType = sourcecode.c.h; path = HMPFileData.h; sourceTree = "<group>"; };
		5A4F194E20DCD1FA008A9AAD /* HMPLoader.cpp */ = {isa = PBXFileReference; lastKnownFileType = sourcecode.cpp.cpp; path = HMPLoader.cpp; sourceTree = "<group>"; };
		5A4F194F20DCD1FA008A9AAD /* HMPLoader.h */ = {isa = PBXFileReference; lastKnownFileType = sourcecode.c.h; path = HMPLoader.h; sourceTree = "<group>"; };
		5A4F195020DCD1FA008A9AAD /* IFCBoolean.cpp */ = {isa = PBXFileReference; lastKnownFileType = sourcecode.cpp.cpp; path = IFCBoolean.cpp; sourceTree = "<group>"; };
		5A4F195120DCD1FA008A9AAD /* IFCCurve.cpp */ = {isa = PBXFileReference; lastKnownFileType = sourcecode.cpp.cpp; path = IFCCurve.cpp; sourceTree = "<group>"; };
		5A4F195220DCD1FA008A9AAD /* IFCGeometry.cpp */ = {isa = PBXFileReference; lastKnownFileType = sourcecode.cpp.cpp; path = IFCGeometry.cpp; sourceTree = "<group>"; };
		5A4F195320DCD1FA008A9AAD /* IFCLoader.cpp */ = {isa = PBXFileReference; lastKnownFileType = sourcecode.cpp.cpp; path = IFCLoader.cpp; sourceTree = "<group>"; };
		5A4F195420DCD1FA008A9AAD /* IFCLoader.h */ = {isa = PBXFileReference; lastKnownFileType = sourcecode.c.h; path = IFCLoader.h; sourceTree = "<group>"; };
		5A4F195520DCD1FA008A9AAD /* IFCMaterial.cpp */ = {isa = PBXFileReference; lastKnownFileType = sourcecode.cpp.cpp; path = IFCMaterial.cpp; sourceTree = "<group>"; };
		5A4F195620DCD1FA008A9AAD /* IFCOpenings.cpp */ = {isa = PBXFileReference; lastKnownFileType = sourcecode.cpp.cpp; path = IFCOpenings.cpp; sourceTree = "<group>"; };
		5A4F195720DCD1FA008A9AAD /* IFCProfile.cpp */ = {isa = PBXFileReference; lastKnownFileType = sourcecode.cpp.cpp; path = IFCProfile.cpp; sourceTree = "<group>"; };
		5A4F195820DCD1FA008A9AAD /* IFCReaderGen.cpp */ = {isa = PBXFileReference; lastKnownFileType = sourcecode.cpp.cpp; path = IFCReaderGen.cpp; sourceTree = "<group>"; };
		5A4F195920DCD1FA008A9AAD /* IFCReaderGen.h */ = {isa = PBXFileReference; lastKnownFileType = sourcecode.c.h; path = IFCReaderGen.h; sourceTree = "<group>"; };
		5A4F195A20DCD1FA008A9AAD /* IFCUtil.cpp */ = {isa = PBXFileReference; lastKnownFileType = sourcecode.cpp.cpp; path = IFCUtil.cpp; sourceTree = "<group>"; };
		5A4F195B20DCD1FA008A9AAD /* IFCUtil.h */ = {isa = PBXFileReference; lastKnownFileType = sourcecode.c.h; path = IFCUtil.h; sourceTree = "<group>"; };
		5A4F195C20DCD1FA008A9AAD /* IFF.h */ = {isa = PBXFileReference; lastKnownFileType = sourcecode.c.h; path = IFF.h; sourceTree = "<group>"; };
		5A4F195D20DCD1FA008A9AAD /* Importer.cpp */ = {isa = PBXFileReference; lastKnownFileType = sourcecode.cpp.cpp; path = Importer.cpp; sourceTree = "<group>"; };
		5A4F195E20DCD1FA008A9AAD /* Importer.h */ = {isa = PBXFileReference; lastKnownFileType = sourcecode.c.h; path = Importer.h; sourceTree = "<group>"; };
		5A4F195F20DCD1FA008A9AAD /* ImporterRegistry.cpp */ = {isa = PBXFileReference; lastKnownFileType = sourcecode.cpp.cpp; path = ImporterRegistry.cpp; sourceTree = "<group>"; };
		5A4F196020DCD1FA008A9AAD /* ImproveCacheLocality.cpp */ = {isa = PBXFileReference; lastKnownFileType = sourcecode.cpp.cpp; path = ImproveCacheLocality.cpp; sourceTree = "<group>"; };
		5A4F196120DCD1FA008A9AAD /* ImproveCacheLocality.h */ = {isa = PBXFileReference; lastKnownFileType = sourcecode.c.h; path = ImproveCacheLocality.h; sourceTree = "<group>"; };
		5A4F196220DCD1FA008A9AAD /* IRRLoader.cpp */ = {isa = PBXFileReference; lastKnownFileType = sourcecode.cpp.cpp; path = IRRLoader.cpp; sourceTree = "<group>"; };
		5A4F196320DCD1FA008A9AAD /* IRRLoader.h */ = {isa = PBXFileReference; lastKnownFileType = sourcecode.c.h; path = IRRLoader.h; sourceTree = "<group>"; };
		5A4F196420DCD1FA008A9AAD /* IRRMeshLoader.cpp */ = {isa = PBXFileReference; lastKnownFileType = sourcecode.cpp.cpp; path = IRRMeshLoader.cpp; sourceTree = "<group>"; };
		5A4F196520DCD1FA008A9AAD /* IRRMeshLoader.h */ = {isa = PBXFileReference; lastKnownFileType = sourcecode.c.h; path = IRRMeshLoader.h; sourceTree = "<group>"; };
		5A4F196620DCD1FA008A9AAD /* IRRShared.cpp */ = {isa = PBXFileReference; lastKnownFileType = sourcecode.cpp.cpp; path = IRRShared.cpp; sourceTree = "<group>"; };
		5A4F196720DCD1FA008A9AAD /* IRRShared.h */ = {isa = PBXFileReference; lastKnownFileType = sourcecode.c.h; path = IRRShared.h; sourceTree = "<group>"; };
		5A4F196820DCD1FA008A9AAD /* irrXMLWrapper.h */ = {isa = PBXFileReference; lastKnownFileType = sourcecode.c.h; path = irrXMLWrapper.h; sourceTree = "<group>"; };
		5A4F196920DCD1FA008A9AAD /* JoinVerticesProcess.cpp */ = {isa = PBXFileReference; lastKnownFileType = sourcecode.cpp.cpp; path = JoinVerticesProcess.cpp; sourceTree = "<group>"; };
		5A4F196A20DCD1FA008A9AAD /* JoinVerticesProcess.h */ = {isa = PBXFileReference; lastKnownFileType = sourcecode.c.h; path = JoinVerticesProcess.h; sourceTree = "<group>"; };
		5A4F196B20DCD1FA008A9AAD /* LimitBoneWeightsProcess.cpp */ = {isa = PBXFileReference; lastKnownFileType = sourcecode.cpp.cpp; path = LimitBoneWeightsProcess.cpp; sourceTree = "<group>"; };
		5A4F196C20DCD1FA008A9AAD /* LimitBoneWeightsProcess.h */ = {isa = PBXFileReference; lastKnownFileType = sourcecode.c.h; path = LimitBoneWeightsProcess.h; sourceTree = "<group>"; };
		5A4F196D20DCD1FA008A9AAD /* LineSplitter.h */ = {isa = PBXFileReference; lastKnownFileType = sourcecode.c.h; path = LineSplitter.h; sourceTree = "<group>"; };
		5A4F196E20DCD1FA008A9AAD /* LogAux.h */ = {isa = PBXFileReference; lastKnownFileType = sourcecode.c.h; path = LogAux.h; sourceTree = "<group>"; };
		5A4F196F20DCD1FA008A9AAD /* LWOAnimation.cpp */ = {isa = PBXFileReference; lastKnownFileType = sourcecode.cpp.cpp; path = LWOAnimation.cpp; sourceTree = "<group>"; };
		5A4F197020DCD1FA008A9AAD /* LWOAnimation.h */ = {isa = PBXFileReference; lastKnownFileType = sourcecode.c.h; path = LWOAnimation.h; sourceTree = "<group>"; };
		5A4F197120DCD1FA008A9AAD /* LWOBLoader.cpp */ = {isa = PBXFileReference; lastKnownFileType = sourcecode.cpp.cpp; path = LWOBLoader.cpp; sourceTree = "<group>"; };
		5A4F197220DCD1FA008A9AAD /* LWOFileData.h */ = {isa = PBXFileReference; lastKnownFileType = sourcecode.c.h; path = LWOFileData.h; sourceTree = "<group>"; };
		5A4F197320DCD1FA008A9AAD /* LWOLoader.cpp */ = {isa = PBXFileReference; lastKnownFileType = sourcecode.cpp.cpp; path = LWOLoader.cpp; sourceTree = "<group>"; };
		5A4F197420DCD1FA008A9AAD /* LWOLoader.h */ = {isa = PBXFileReference; lastKnownFileType = sourcecode.c.h; path = LWOLoader.h; sourceTree = "<group>"; };
		5A4F197520DCD1FA008A9AAD /* LWOMaterial.cpp */ = {isa = PBXFileReference; lastKnownFileType = sourcecode.cpp.cpp; path = LWOMaterial.cpp; sourceTree = "<group>"; };
		5A4F197620DCD1FA008A9AAD /* LWSLoader.cpp */ = {isa = PBXFileReference; lastKnownFileType = sourcecode.cpp.cpp; path = LWSLoader.cpp; sourceTree = "<group>"; };
		5A4F197720DCD1FA008A9AAD /* LWSLoader.h */ = {isa = PBXFileReference; lastKnownFileType = sourcecode.c.h; path = LWSLoader.h; sourceTree = "<group>"; };
		5A4F197820DCD1FA008A9AAD /* Macros.h */ = {isa = PBXFileReference; lastKnownFileType = sourcecode.c.h; path = Macros.h; sourceTree = "<group>"; };
		5A4F197920DCD1FA008A9AAD /* makefile.mingw */ = {isa = PBXFileReference; lastKnownFileType = text; path = makefile.mingw; sourceTree = "<group>"; };
		5A4F197A20DCD1FA008A9AAD /* MakeVerboseFormat.cpp */ = {isa = PBXFileReference; lastKnownFileType = sourcecode.cpp.cpp; path = MakeVerboseFormat.cpp; sourceTree = "<group>"; };
		5A4F197B20DCD1FA008A9AAD /* MakeVerboseFormat.h */ = {isa = PBXFileReference; lastKnownFileType = sourcecode.c.h; path = MakeVerboseFormat.h; sourceTree = "<group>"; };
		5A4F197C20DCD1FA008A9AAD /* MaterialSystem.cpp */ = {isa = PBXFileReference; lastKnownFileType = sourcecode.cpp.cpp; path = MaterialSystem.cpp; sourceTree = "<group>"; };
		5A4F197D20DCD1FA008A9AAD /* MaterialSystem.h */ = {isa = PBXFileReference; lastKnownFileType = sourcecode.c.h; path = MaterialSystem.h; sourceTree = "<group>"; };
		5A4F197E20DCD1FA008A9AAD /* MathFunctions.h */ = {isa = PBXFileReference; lastKnownFileType = sourcecode.c.h; path = MathFunctions.h; sourceTree = "<group>"; };
		5A4F197F20DCD1FA008A9AAD /* MD2FileData.h */ = {isa = PBXFileReference; lastKnownFileType = sourcecode.c.h; path = MD2FileData.h; sourceTree = "<group>"; };
		5A4F198020DCD1FA008A9AAD /* MD2Loader.cpp */ = {isa = PBXFileReference; lastKnownFileType = sourcecode.cpp.cpp; path = MD2Loader.cpp; sourceTree = "<group>"; };
		5A4F198120DCD1FA008A9AAD /* MD2Loader.h */ = {isa = PBXFileReference; lastKnownFileType = sourcecode.c.h; path = MD2Loader.h; sourceTree = "<group>"; };
		5A4F198220DCD1FA008A9AAD /* MD2NormalTable.h */ = {isa = PBXFileReference; lastKnownFileType = sourcecode.c.h; path = MD2NormalTable.h; sourceTree = "<group>"; };
		5A4F198320DCD1FA008A9AAD /* MD3FileData.h */ = {isa = PBXFileReference; lastKnownFileType = sourcecode.c.h; path = MD3FileData.h; sourceTree = "<group>"; };
		5A4F198420DCD1FA008A9AAD /* MD3Loader.cpp */ = {isa = PBXFileReference; lastKnownFileType = sourcecode.cpp.cpp; path = MD3Loader.cpp; sourceTree = "<group>"; };
		5A4F198520DCD1FA008A9AAD /* MD3Loader.h */ = {isa = PBXFileReference; lastKnownFileType = sourcecode.c.h; path = MD3Loader.h; sourceTree = "<group>"; };
		5A4F198620DCD1FA008A9AAD /* MD4FileData.h */ = {isa = PBXFileReference; lastKnownFileType = sourcecode.c.h; path = MD4FileData.h; sourceTree = "<group>"; };
		5A4F198720DCD1FA008A9AAD /* MD5Loader.cpp */ = {isa = PBXFileReference; lastKnownFileType = sourcecode.cpp.cpp; path = MD5Loader.cpp; sourceTree = "<group>"; };
		5A4F198820DCD1FA008A9AAD /* MD5Loader.h */ = {isa = PBXFileReference; lastKnownFileType = sourcecode.c.h; path = MD5Loader.h; sourceTree = "<group>"; };
		5A4F198920DCD1FA008A9AAD /* MD5Parser.cpp */ = {isa = PBXFileReference; lastKnownFileType = sourcecode.cpp.cpp; path = MD5Parser.cpp; sourceTree = "<group>"; };
		5A4F198A20DCD1FA008A9AAD /* MD5Parser.h */ = {isa = PBXFileReference; lastKnownFileType = sourcecode.c.h; path = MD5Parser.h; sourceTree = "<group>"; };
		5A4F198B20DCD1FA008A9AAD /* MDCFileData.h */ = {isa = PBXFileReference; lastKnownFileType = sourcecode.c.h; path = MDCFileData.h; sourceTree = "<group>"; };
		5A4F198C20DCD1FA008A9AAD /* MDCLoader.cpp */ = {isa = PBXFileReference; lastKnownFileType = sourcecode.cpp.cpp; path = MDCLoader.cpp; sourceTree = "<group>"; };
		5A4F198D20DCD1FA008A9AAD /* MDCLoader.h */ = {isa = PBXFileReference; lastKnownFileType = sourcecode.c.h; path = MDCLoader.h; sourceTree = "<group>"; };
		5A4F198E20DCD1FA008A9AAD /* MDCNormalTable.h */ = {isa = PBXFileReference; lastKnownFileType = sourcecode.c.h; path = MDCNormalTable.h; sourceTree = "<group>"; };
		5A4F198F20DCD1FA008A9AAD /* MDLDefaultColorMap.h */ = {isa = PBXFileReference; lastKnownFileType = sourcecode.c.h; path = MDLDefaultColorMap.h; sourceTree = "<group>"; };
		5A4F199020DCD1FA008A9AAD /* MDLFileData.h */ = {isa = PBXFileReference; lastKnownFileType = sourcecode.c.h; path = MDLFileData.h; sourceTree = "<group>"; };
		5A4F199120DCD1FA008A9AAD /* MDLLoader.cpp */ = {isa = PBXFileReference; lastKnownFileType = sourcecode.cpp.cpp; path = MDLLoader.cpp; sourceTree = "<group>"; };
		5A4F199220DCD1FA008A9AAD /* MDLLoader.h */ = {isa = PBXFileReference; lastKnownFileType = sourcecode.c.h; path = MDLLoader.h; sourceTree = "<group>"; };
		5A4F199320DCD1FA008A9AAD /* MDLMaterialLoader.cpp */ = {isa = PBXFileReference; lastKnownFileType = sourcecode.cpp.cpp; path = MDLMaterialLoader.cpp; sourceTree = "<group>"; };
		5A4F199420DCD1FA008A9AAD /* MemoryIOWrapper.h */ = {isa = PBXFileReference; lastKnownFileType = sourcecode.c.h; path = MemoryIOWrapper.h; sourceTree = "<group>"; };
		5A4F199520DCD1FA008A9AAD /* MS3DLoader.cpp */ = {isa = PBXFileReference; lastKnownFileType = sourcecode.cpp.cpp; path = MS3DLoader.cpp; sourceTree = "<group>"; };
		5A4F199620DCD1FA008A9AAD /* MS3DLoader.h */ = {isa = PBXFileReference; lastKnownFileType = sourcecode.c.h; path = MS3DLoader.h; sourceTree = "<group>"; };
		5A4F199720DCD1FA008A9AAD /* NDOLoader.cpp */ = {isa = PBXFileReference; lastKnownFileType = sourcecode.cpp.cpp; path = NDOLoader.cpp; sourceTree = "<group>"; };
		5A4F199820DCD1FA008A9AAD /* NDOLoader.h */ = {isa = PBXFileReference; lastKnownFileType = sourcecode.c.h; path = NDOLoader.h; sourceTree = "<group>"; };
		5A4F199920DCD1FA008A9AAD /* NFFLoader.cpp */ = {isa = PBXFileReference; lastKnownFileType = sourcecode.cpp.cpp; path = NFFLoader.cpp; sourceTree = "<group>"; };
		5A4F199A20DCD1FA008A9AAD /* NFFLoader.h */ = {isa = PBXFileReference; lastKnownFileType = sourcecode.c.h; path = NFFLoader.h; sourceTree = "<group>"; };
		5A4F199B20DCD1FA008A9AAD /* ObjExporter.cpp */ = {isa = PBXFileReference; lastKnownFileType = sourcecode.cpp.cpp; path = ObjExporter.cpp; sourceTree = "<group>"; };
		5A4F199C20DCD1FA008A9AAD /* ObjExporter.h */ = {isa = PBXFileReference; lastKnownFileType = sourcecode.c.h; path = ObjExporter.h; sourceTree = "<group>"; };
		5A4F199D20DCD1FA008A9AAD /* ObjFileData.h */ = {isa = PBXFileReference; lastKnownFileType = sourcecode.c.h; path = ObjFileData.h; sourceTree = "<group>"; };
		5A4F199E20DCD1FA008A9AAD /* ObjFileImporter.cpp */ = {isa = PBXFileReference; lastKnownFileType = sourcecode.cpp.cpp; path = ObjFileImporter.cpp; sourceTree = "<group>"; };
		5A4F199F20DCD1FA008A9AAD /* ObjFileImporter.h */ = {isa = PBXFileReference; lastKnownFileType = sourcecode.c.h; path = ObjFileImporter.h; sourceTree = "<group>"; };
		5A4F19A020DCD1FA008A9AAD /* ObjFileMtlImporter.cpp */ = {isa = PBXFileReference; lastKnownFileType = sourcecode.cpp.cpp; path = ObjFileMtlImporter.cpp; sourceTree = "<group>"; };
		5A4F19A120DCD1FA008A9AAD /* ObjFileMtlImporter.h */ = {isa = PBXFileReference; lastKnownFileType = sourcecode.c.h; path = ObjFileMtlImporter.h; sourceTree = "<group>"; };
		5A4F19A220DCD1FA008A9AAD /* ObjFileParser.cpp */ = {isa = PBXFileReference; lastKnownFileType = sourcecode.cpp.cpp; path = ObjFileParser.cpp; sourceTree = "<group>"; };
		5A4F19A320DCD1FA008A9AAD /* ObjFileParser.h */ = {isa = PBXFileReference; lastKnownFileType = sourcecode.c.h; path = ObjFileParser.h; sourceTree = "<group>"; };
		5A4F19A420DCD1FA008A9AAD /* ObjTools.h */ = {isa = PBXFileReference; lastKnownFileType = sourcecode.c.h; path = ObjTools.h; sourceTree = "<group>"; };
		5A4F19A520DCD1FA008A9AAD /* OFFLoader.cpp */ = {isa = PBXFileReference; lastKnownFileType = sourcecode.cpp.cpp; path = OFFLoader.cpp; sourceTree = "<group>"; };
		5A4F19A620DCD1FA008A9AAD /* OFFLoader.h */ = {isa = PBXFileReference; lastKnownFileType = sourcecode.c.h; path = OFFLoader.h; sourceTree = "<group>"; };
		5A4F19A720DCD1FA008A9AAD /* OgreBinarySerializer.cpp */ = {isa = PBXFileReference; lastKnownFileType = sourcecode.cpp.cpp; path = OgreBinarySerializer.cpp; sourceTree = "<group>"; };
		5A4F19A820DCD1FA008A9AAD /* OgreBinarySerializer.h */ = {isa = PBXFileReference; lastKnownFileType = sourcecode.c.h; path = OgreBinarySerializer.h; sourceTree = "<group>"; };
		5A4F19A920DCD1FA008A9AAD /* OgreImporter.cpp */ = {isa = PBXFileReference; lastKnownFileType = sourcecode.cpp.cpp; path = OgreImporter.cpp; sourceTree = "<group>"; };
		5A4F19AA20DCD1FA008A9AAD /* OgreImporter.h */ = {isa = PBXFileReference; lastKnownFileType = sourcecode.c.h; path = OgreImporter.h; sourceTree = "<group>"; };
		5A4F19AB20DCD1FA008A9AAD /* OgreMaterial.cpp */ = {isa = PBXFileReference; lastKnownFileType = sourcecode.cpp.cpp; path = OgreMaterial.cpp; sourceTree = "<group>"; };
		5A4F19AC20DCD1FA008A9AAD /* OgreParsingUtils.h */ = {isa = PBXFileReference; lastKnownFileType = sourcecode.c.h; path = OgreParsingUtils.h; sourceTree = "<group>"; };
		5A4F19AD20DCD1FA008A9AAD /* OgreStructs.cpp */ = {isa = PBXFileReference; lastKnownFileType = sourcecode.cpp.cpp; path = OgreStructs.cpp; sourceTree = "<group>"; };
		5A4F19AE20DCD1FA008A9AAD /* OgreStructs.h */ = {isa = PBXFileReference; lastKnownFileType = sourcecode.c.h; path = OgreStructs.h; sourceTree = "<group>"; };
		5A4F19AF20DCD1FA008A9AAD /* OgreXmlSerializer.cpp */ = {isa = PBXFileReference; lastKnownFileType = sourcecode.cpp.cpp; path = OgreXmlSerializer.cpp; sourceTree = "<group>"; };
		5A4F19B020DCD1FA008A9AAD /* OgreXmlSerializer.h */ = {isa = PBXFileReference; lastKnownFileType = sourcecode.c.h; path = OgreXmlSerializer.h; sourceTree = "<group>"; };
		5A4F19B120DCD1FA008A9AAD /* OpenGEXExporter.cpp */ = {isa = PBXFileReference; lastKnownFileType = sourcecode.cpp.cpp; path = OpenGEXExporter.cpp; sourceTree = "<group>"; };
		5A4F19B220DCD1FA008A9AAD /* OpenGEXExporter.h */ = {isa = PBXFileReference; lastKnownFileType = sourcecode.c.h; path = OpenGEXExporter.h; sourceTree = "<group>"; };
		5A4F19B320DCD1FA008A9AAD /* OpenGEXImporter.cpp */ = {isa = PBXFileReference; lastKnownFileType = sourcecode.cpp.cpp; path = OpenGEXImporter.cpp; sourceTree = "<group>"; };
		5A4F19B420DCD1FA008A9AAD /* OpenGEXImporter.h */ = {isa = PBXFileReference; lastKnownFileType = sourcecode.c.h; path = OpenGEXImporter.h; sourceTree = "<group>"; };
		5A4F19B520DCD1FA008A9AAD /* OpenGEXStructs.h */ = {isa = PBXFileReference; lastKnownFileType = sourcecode.c.h; path = OpenGEXStructs.h; sourceTree = "<group>"; };
		5A4F19B620DCD1FA008A9AAD /* OptimizeGraph.cpp */ = {isa = PBXFileReference; lastKnownFileType = sourcecode.cpp.cpp; path = OptimizeGraph.cpp; sourceTree = "<group>"; };
		5A4F19B720DCD1FA008A9AAD /* OptimizeGraph.h */ = {isa = PBXFileReference; lastKnownFileType = sourcecode.c.h; path = OptimizeGraph.h; sourceTree = "<group>"; };
		5A4F19B820DCD1FA008A9AAD /* OptimizeMeshes.cpp */ = {isa = PBXFileReference; lastKnownFileType = sourcecode.cpp.cpp; path = OptimizeMeshes.cpp; sourceTree = "<group>"; };
		5A4F19B920DCD1FA008A9AAD /* OptimizeMeshes.h */ = {isa = PBXFileReference; lastKnownFileType = sourcecode.c.h; path = OptimizeMeshes.h; sourceTree = "<group>"; };
		5A4F19BA20DCD1FA008A9AAD /* ParsingUtils.h */ = {isa = PBXFileReference; lastKnownFileType = sourcecode.c.h; path = ParsingUtils.h; sourceTree = "<group>"; };
		5A4F19BB20DCD1FA008A9AAD /* PlyExporter.cpp */ = {isa = PBXFileReference; lastKnownFileType = sourcecode.cpp.cpp; path = PlyExporter.cpp; sourceTree = "<group>"; };
		5A4F19BC20DCD1FA008A9AAD /* PlyExporter.h */ = {isa = PBXFileReference; lastKnownFileType = sourcecode.c.h; path = PlyExporter.h; sourceTree = "<group>"; };
		5A4F19BD20DCD1FA008A9AAD /* PlyLoader.cpp */ = {isa = PBXFileReference; lastKnownFileType = sourcecode.cpp.cpp; path = PlyLoader.cpp; sourceTree = "<group>"; };
		5A4F19BE20DCD1FA008A9AAD /* PlyLoader.h */ = {isa = PBXFileReference; lastKnownFileType = sourcecode.c.h; path = PlyLoader.h; sourceTree = "<group>"; };
		5A4F19BF20DCD1FA008A9AAD /* PlyParser.cpp */ = {isa = PBXFileReference; lastKnownFileType = sourcecode.cpp.cpp; path = PlyParser.cpp; sourceTree = "<group>"; };
		5A4F19C020DCD1FA008A9AAD /* PlyParser.h */ = {isa = PBXFileReference; lastKnownFileType = sourcecode.c.h; path = PlyParser.h; sourceTree = "<group>"; };
		5A4F19C120DCD1FA008A9AAD /* PolyTools.h */ = {isa = PBXFileReference; lastKnownFileType = sourcecode.c.h; path = PolyTools.h; sourceTree = "<group>"; };
		5A4F19C220DCD1FA008A9AAD /* PostStepRegistry.cpp */ = {isa = PBXFileReference; lastKnownFileType = sourcecode.cpp.cpp; path = PostStepRegistry.cpp; sourceTree = "<group>"; };
		5A4F19C320DCD1FA008A9AAD /* PretransformVertices.cpp */ = {isa = PBXFileReference; lastKnownFileType = sourcecode.cpp.cpp; path = PretransformVertices.cpp; sourceTree = "<group>"; };
		5A4F19C420DCD1FA008A9AAD /* PretransformVertices.h */ = {isa = PBXFileReference; lastKnownFileType = sourcecode.c.h; path = PretransformVertices.h; sourceTree = "<group>"; };
		5A4F19C520DCD1FA008A9AAD /* ProcessHelper.cpp */ = {isa = PBXFileReference; lastKnownFileType = sourcecode.cpp.cpp; path = ProcessHelper.cpp; sourceTree = "<group>"; };
		5A4F19C620DCD1FA008A9AAD /* ProcessHelper.h */ = {isa = PBXFileReference; lastKnownFileType = sourcecode.c.h; path = ProcessHelper.h; sourceTree = "<group>"; };
		5A4F19C720DCD1FA008A9AAD /* Profiler.h */ = {isa = PBXFileReference; lastKnownFileType = sourcecode.c.h; path = Profiler.h; sourceTree = "<group>"; };
		5A4F19C820DCD1FA008A9AAD /* Q3BSPFileData.h */ = {isa = PBXFileReference; lastKnownFileType = sourcecode.c.h; path = Q3BSPFileData.h; sourceTree = "<group>"; };
		5A4F19C920DCD1FA008A9AAD /* Q3BSPFileImporter.cpp */ = {isa = PBXFileReference; lastKnownFileType = sourcecode.cpp.cpp; path = Q3BSPFileImporter.cpp; sourceTree = "<group>"; };
		5A4F19CA20DCD1FA008A9AAD /* Q3BSPFileImporter.h */ = {isa = PBXFileReference; lastKnownFileType = sourcecode.c.h; path = Q3BSPFileImporter.h; sourceTree = "<group>"; };
		5A4F19CB20DCD1FA008A9AAD /* Q3BSPFileParser.cpp */ = {isa = PBXFileReference; lastKnownFileType = sourcecode.cpp.cpp; path = Q3BSPFileParser.cpp; sourceTree = "<group>"; };
		5A4F19CC20DCD1FA008A9AAD /* Q3BSPFileParser.h */ = {isa = PBXFileReference; lastKnownFileType = sourcecode.c.h; path = Q3BSPFileParser.h; sourceTree = "<group>"; };
		5A4F19CD20DCD1FA008A9AAD /* Q3BSPZipArchive.cpp */ = {isa = PBXFileReference; lastKnownFileType = sourcecode.cpp.cpp; path = Q3BSPZipArchive.cpp; sourceTree = "<group>"; };
		5A4F19CE20DCD1FA008A9AAD /* Q3BSPZipArchive.h */ = {isa = PBXFileReference; lastKnownFileType = sourcecode.c.h; path = Q3BSPZipArchive.h; sourceTree = "<group>"; };
		5A4F19CF20DCD1FA008A9AAD /* Q3DLoader.cpp */ = {isa = PBXFileReference; lastKnownFileType = sourcecode.cpp.cpp; path = Q3DLoader.cpp; sourceTree = "<group>"; };
		5A4F19D020DCD1FA008A9AAD /* Q3DLoader.h */ = {isa = PBXFileReference; lastKnownFileType = sourcecode.c.h; path = Q3DLoader.h; sourceTree = "<group>"; };
		5A4F19D120DCD1FA008A9AAD /* qnan.h */ = {isa = PBXFileReference; lastKnownFileType = sourcecode.c.h; path = qnan.h; sourceTree = "<group>"; };
		5A4F19D220DCD1FA008A9AAD /* RawLoader.cpp */ = {isa = PBXFileReference; lastKnownFileType = sourcecode.cpp.cpp; path = RawLoader.cpp; sourceTree = "<group>"; };
		5A4F19D320DCD1FA008A9AAD /* RawLoader.h */ = {isa = PBXFileReference; lastKnownFileType = sourcecode.c.h; path = RawLoader.h; sourceTree = "<group>"; };
		5A4F19D420DCD1FA008A9AAD /* RemoveComments.cpp */ = {isa = PBXFileReference; lastKnownFileType = sourcecode.cpp.cpp; path = RemoveComments.cpp; sourceTree = "<group>"; };
		5A4F19D520DCD1FA008A9AAD /* RemoveComments.h */ = {isa = PBXFileReference; lastKnownFileType = sourcecode.c.h; path = RemoveComments.h; sourceTree = "<group>"; };
		5A4F19D620DCD1FA008A9AAD /* RemoveRedundantMaterials.cpp */ = {isa = PBXFileReference; lastKnownFileType = sourcecode.cpp.cpp; path = RemoveRedundantMaterials.cpp; sourceTree = "<group>"; };
		5A4F19D720DCD1FA008A9AAD /* RemoveRedundantMaterials.h */ = {isa = PBXFileReference; lastKnownFileType = sourcecode.c.h; path = RemoveRedundantMaterials.h; sourceTree = "<group>"; };
		5A4F19D820DCD1FA008A9AAD /* RemoveVCProcess.cpp */ = {isa = PBXFileReference; lastKnownFileType = sourcecode.cpp.cpp; path = RemoveVCProcess.cpp; sourceTree = "<group>"; };
		5A4F19D920DCD1FA008A9AAD /* RemoveVCProcess.h */ = {isa = PBXFileReference; lastKnownFileType = sourcecode.c.h; path = RemoveVCProcess.h; sourceTree = "<group>"; };
		5A4F19DA20DCD1FA008A9AAD /* res */ = {isa = PBXFileReference; lastKnownFileType = folder; path = res; sourceTree = "<group>"; };
		5A4F19DB20DCD1FA008A9AAD /* SceneCombiner.cpp */ = {isa = PBXFileReference; lastKnownFileType = sourcecode.cpp.cpp; path = SceneCombiner.cpp; sourceTree = "<group>"; };
		5A4F19DC20DCD1FA008A9AAD /* SceneCombiner.h */ = {isa = PBXFileReference; lastKnownFileType = sourcecode.c.h; path = SceneCombiner.h; sourceTree = "<group>"; };
		5A4F19DD20DCD1FA008A9AAD /* ScenePreprocessor.cpp */ = {isa = PBXFileReference; lastKnownFileType = sourcecode.cpp.cpp; path = ScenePreprocessor.cpp; sourceTree = "<group>"; };
		5A4F19DE20DCD1FA008A9AAD /* ScenePreprocessor.h */ = {isa = PBXFileReference; lastKnownFileType = sourcecode.c.h; path = ScenePreprocessor.h; sourceTree = "<group>"; };
		5A4F19DF20DCD1FA008A9AAD /* ScenePrivate.h */ = {isa = PBXFileReference; lastKnownFileType = sourcecode.c.h; path = ScenePrivate.h; sourceTree = "<group>"; };
		5A4F19E020DCD1FA008A9AAD /* SGSpatialSort.cpp */ = {isa = PBXFileReference; lastKnownFileType = sourcecode.cpp.cpp; path = SGSpatialSort.cpp; sourceTree = "<group>"; };
		5A4F19E120DCD1FA008A9AAD /* SGSpatialSort.h */ = {isa = PBXFileReference; lastKnownFileType = sourcecode.c.h; path = SGSpatialSort.h; sourceTree = "<group>"; };
		5A4F19E220DCD1FA008A9AAD /* SIBImporter.cpp */ = {isa = PBXFileReference; lastKnownFileType = sourcecode.cpp.cpp; path = SIBImporter.cpp; sourceTree = "<group>"; };
		5A4F19E320DCD1FA008A9AAD /* SIBImporter.h */ = {isa = PBXFileReference; lastKnownFileType = sourcecode.c.h; path = SIBImporter.h; sourceTree = "<group>"; };
		5A4F19E420DCD1FA008A9AAD /* SkeletonMeshBuilder.cpp */ = {isa = PBXFileReference; lastKnownFileType = sourcecode.cpp.cpp; path = SkeletonMeshBuilder.cpp; sourceTree = "<group>"; };
		5A4F19E520DCD1FA008A9AAD /* SkeletonMeshBuilder.h */ = {isa = PBXFileReference; lastKnownFileType = sourcecode.c.h; path = SkeletonMeshBuilder.h; sourceTree = "<group>"; };
		5A4F19E620DCD1FA008A9AAD /* SMDLoader.cpp */ = {isa = PBXFileReference; lastKnownFileType = sourcecode.cpp.cpp; path = SMDLoader.cpp; sourceTree = "<group>"; };
		5A4F19E720DCD1FA008A9AAD /* SMDLoader.h */ = {isa = PBXFileReference; lastKnownFileType = sourcecode.c.h; path = SMDLoader.h; sourceTree = "<group>"; };
		5A4F19E820DCD1FA008A9AAD /* SmoothingGroups.h */ = {isa = PBXFileReference; lastKnownFileType = sourcecode.c.h; path = SmoothingGroups.h; sourceTree = "<group>"; };
		5A4F19E920DCD1FA008A9AAD /* SmoothingGroups.inl */ = {isa = PBXFileReference; lastKnownFileType = text; path = SmoothingGroups.inl; sourceTree = "<group>"; };
		5A4F19EA20DCD1FA008A9AAD /* SortByPTypeProcess.cpp */ = {isa = PBXFileReference; lastKnownFileType = sourcecode.cpp.cpp; path = SortByPTypeProcess.cpp; sourceTree = "<group>"; };
		5A4F19EB20DCD1FA008A9AAD /* SortByPTypeProcess.h */ = {isa = PBXFileReference; lastKnownFileType = sourcecode.c.h; path = SortByPTypeProcess.h; sourceTree = "<group>"; };
		5A4F19EC20DCD1FA008A9AAD /* SpatialSort.cpp */ = {isa = PBXFileReference; lastKnownFileType = sourcecode.cpp.cpp; path = SpatialSort.cpp; sourceTree = "<group>"; };
		5A4F19ED20DCD1FA008A9AAD /* SpatialSort.h */ = {isa = PBXFileReference; lastKnownFileType = sourcecode.c.h; path = SpatialSort.h; sourceTree = "<group>"; };
		5A4F19EE20DCD1FA008A9AAD /* SplitByBoneCountProcess.cpp */ = {isa = PBXFileReference; lastKnownFileType = sourcecode.cpp.cpp; path = SplitByBoneCountProcess.cpp; sourceTree = "<group>"; };
		5A4F19EF20DCD1FA008A9AAD /* SplitByBoneCountProcess.h */ = {isa = PBXFileReference; lastKnownFileType = sourcecode.c.h; path = SplitByBoneCountProcess.h; sourceTree = "<group>"; };
		5A4F19F020DCD1FA008A9AAD /* SplitLargeMeshes.cpp */ = {isa = PBXFileReference; lastKnownFileType = sourcecode.cpp.cpp; path = SplitLargeMeshes.cpp; sourceTree = "<group>"; };
		5A4F19F120DCD1FA008A9AAD /* SplitLargeMeshes.h */ = {isa = PBXFileReference; lastKnownFileType = sourcecode.c.h; path = SplitLargeMeshes.h; sourceTree = "<group>"; };
		5A4F19F220DCD1FA008A9AAD /* StandardShapes.cpp */ = {isa = PBXFileReference; lastKnownFileType = sourcecode.cpp.cpp; path = StandardShapes.cpp; sourceTree = "<group>"; };
		5A4F19F320DCD1FA008A9AAD /* StandardShapes.h */ = {isa = PBXFileReference; lastKnownFileType = sourcecode.c.h; path = StandardShapes.h; sourceTree = "<group>"; };
		5A4F19F420DCD1FA008A9AAD /* StdOStreamLogStream.h */ = {isa = PBXFileReference; lastKnownFileType = sourcecode.c.h; path = StdOStreamLogStream.h; sourceTree = "<group>"; };
		5A4F19F520DCD1FA008A9AAD /* StepExporter.cpp */ = {isa = PBXFileReference; lastKnownFileType = sourcecode.cpp.cpp; path = StepExporter.cpp; sourceTree = "<group>"; };
		5A4F19F620DCD1FA008A9AAD /* StepExporter.h */ = {isa = PBXFileReference; lastKnownFileType = sourcecode.c.h; path = StepExporter.h; sourceTree = "<group>"; };
		5A4F19F720DCD1FA008A9AAD /* STEPFile.h */ = {isa = PBXFileReference; lastKnownFileType = sourcecode.c.h; path = STEPFile.h; sourceTree = "<group>"; };
		5A4F19F820DCD1FA008A9AAD /* STEPFileEncoding.cpp */ = {isa = PBXFileReference; lastKnownFileType = sourcecode.cpp.cpp; path = STEPFileEncoding.cpp; sourceTree = "<group>"; };
		5A4F19F920DCD1FA008A9AAD /* STEPFileEncoding.h */ = {isa = PBXFileReference; lastKnownFileType = sourcecode.c.h; path = STEPFileEncoding.h; sourceTree = "<group>"; };
		5A4F19FA20DCD1FA008A9AAD /* STEPFileReader.cpp */ = {isa = PBXFileReference; lastKnownFileType = sourcecode.cpp.cpp; path = STEPFileReader.cpp; sourceTree = "<group>"; };
		5A4F19FB20DCD1FA008A9AAD /* STEPFileReader.h */ = {isa = PBXFileReference; lastKnownFileType = sourcecode.c.h; path = STEPFileReader.h; sourceTree = "<group>"; };
		5A4F19FC20DCD1FA008A9AAD /* STLExporter.cpp */ = {isa = PBXFileReference; lastKnownFileType = sourcecode.cpp.cpp; path = STLExporter.cpp; sourceTree = "<group>"; };
		5A4F19FD20DCD1FA008A9AAD /* STLExporter.h */ = {isa = PBXFileReference; lastKnownFileType = sourcecode.c.h; path = STLExporter.h; sourceTree = "<group>"; };
		5A4F19FE20DCD1FA008A9AAD /* STLLoader.cpp */ = {isa = PBXFileReference; lastKnownFileType = sourcecode.cpp.cpp; path = STLLoader.cpp; sourceTree = "<group>"; };
		5A4F19FF20DCD1FA008A9AAD /* STLLoader.h */ = {isa = PBXFileReference; lastKnownFileType = sourcecode.c.h; path = STLLoader.h; sourceTree = "<group>"; };
		5A4F1A0020DCD1FA008A9AAD /* StreamReader.h */ = {isa = PBXFileReference; lastKnownFileType = sourcecode.c.h; path = StreamReader.h; sourceTree = "<group>"; };
		5A4F1A0120DCD1FA008A9AAD /* StreamWriter.h */ = {isa = PBXFileReference; lastKnownFileType = sourcecode.c.h; path = StreamWriter.h; sourceTree = "<group>"; };
		5A4F1A0220DCD1FA008A9AAD /* StringComparison.h */ = {isa = PBXFileReference; lastKnownFileType = sourcecode.c.h; path = StringComparison.h; sourceTree = "<group>"; };
		5A4F1A0320DCD1FA008A9AAD /* StringUtils.h */ = {isa = PBXFileReference; lastKnownFileType = sourcecode.c.h; path = StringUtils.h; sourceTree = "<group>"; };
		5A4F1A0420DCD1FA008A9AAD /* Subdivision.cpp */ = {isa = PBXFileReference; lastKnownFileType = sourcecode.cpp.cpp; path = Subdivision.cpp; sourceTree = "<group>"; };
		5A4F1A0520DCD1FA008A9AAD /* Subdivision.h */ = {isa = PBXFileReference; lastKnownFileType = sourcecode.c.h; path = Subdivision.h; sourceTree = "<group>"; };
		5A4F1A0620DCD1FA008A9AAD /* TargetAnimation.cpp */ = {isa = PBXFileReference; lastKnownFileType = sourcecode.cpp.cpp; path = TargetAnimation.cpp; sourceTree = "<group>"; };
		5A4F1A0720DCD1FA008A9AAD /* TargetAnimation.h */ = {isa = PBXFileReference; lastKnownFileType = sourcecode.c.h; path = TargetAnimation.h; sourceTree = "<group>"; };
		5A4F1A0820DCD1FA008A9AAD /* TerragenLoader.cpp */ = {isa = PBXFileReference; lastKnownFileType = sourcecode.cpp.cpp; path = TerragenLoader.cpp; sourceTree = "<group>"; };
		5A4F1A0920DCD1FA008A9AAD /* TerragenLoader.h */ = {isa = PBXFileReference; lastKnownFileType = sourcecode.c.h; path = TerragenLoader.h; sourceTree = "<group>"; };
		5A4F1A0A20DCD1FA008A9AAD /* TextureTransform.cpp */ = {isa = PBXFileReference; lastKnownFileType = sourcecode.cpp.cpp; path = TextureTransform.cpp; sourceTree = "<group>"; };
		5A4F1A0B20DCD1FA008A9AAD /* TextureTransform.h */ = {isa = PBXFileReference; lastKnownFileType = sourcecode.c.h; path = TextureTransform.h; sourceTree = "<group>"; };
		5A4F1A0C20DCD1FA008A9AAD /* TinyFormatter.h */ = {isa = PBXFileReference; lastKnownFileType = sourcecode.c.h; path = TinyFormatter.h; sourceTree = "<group>"; };
		5A4F1A0D20DCD1FA008A9AAD /* TriangulateProcess.cpp */ = {isa = PBXFileReference; lastKnownFileType = sourcecode.cpp.cpp; path = TriangulateProcess.cpp; sourceTree = "<group>"; };
		5A4F1A0E20DCD1FA008A9AAD /* TriangulateProcess.h */ = {isa = PBXFileReference; lastKnownFileType = sourcecode.c.h; path = TriangulateProcess.h; sourceTree = "<group>"; };
		5A4F1A0F20DCD1FA008A9AAD /* UnrealLoader.cpp */ = {isa = PBXFileReference; lastKnownFileType = sourcecode.cpp.cpp; path = UnrealLoader.cpp; sourceTree = "<group>"; };
		5A4F1A1020DCD1FA008A9AAD /* UnrealLoader.h */ = {isa = PBXFileReference; lastKnownFileType = sourcecode.c.h; path = UnrealLoader.h; sourceTree = "<group>"; };
		5A4F1A1120DCD1FA008A9AAD /* ValidateDataStructure.cpp */ = {isa = PBXFileReference; lastKnownFileType = sourcecode.cpp.cpp; path = ValidateDataStructure.cpp; sourceTree = "<group>"; };
		5A4F1A1220DCD1FA008A9AAD /* ValidateDataStructure.h */ = {isa = PBXFileReference; lastKnownFileType = sourcecode.c.h; path = ValidateDataStructure.h; sourceTree = "<group>"; };
		5A4F1A1320DCD1FA008A9AAD /* Version.cpp */ = {isa = PBXFileReference; lastKnownFileType = sourcecode.cpp.cpp; path = Version.cpp; sourceTree = "<group>"; };
		5A4F1A1420DCD1FA008A9AAD /* Vertex.h */ = {isa = PBXFileReference; lastKnownFileType = sourcecode.c.h; path = Vertex.h; sourceTree = "<group>"; };
		5A4F1A1520DCD1FA008A9AAD /* VertexTriangleAdjacency.cpp */ = {isa = PBXFileReference; lastKnownFileType = sourcecode.cpp.cpp; path = VertexTriangleAdjacency.cpp; sourceTree = "<group>"; };
		5A4F1A1620DCD1FA008A9AAD /* VertexTriangleAdjacency.h */ = {isa = PBXFileReference; lastKnownFileType = sourcecode.c.h; path = VertexTriangleAdjacency.h; sourceTree = "<group>"; };
		5A4F1A1720DCD1FA008A9AAD /* Win32DebugLogStream.h */ = {isa = PBXFileReference; lastKnownFileType = sourcecode.c.h; path = Win32DebugLogStream.h; sourceTree = "<group>"; };
		5A4F1A1820DCD1FA008A9AAD /* XFileExporter.cpp */ = {isa = PBXFileReference; lastKnownFileType = sourcecode.cpp.cpp; path = XFileExporter.cpp; sourceTree = "<group>"; };
		5A4F1A1920DCD1FA008A9AAD /* XFileExporter.h */ = {isa = PBXFileReference; lastKnownFileType = sourcecode.c.h; path = XFileExporter.h; sourceTree = "<group>"; };
		5A4F1A1A20DCD1FA008A9AAD /* XFileHelper.h */ = {isa = PBXFileReference; lastKnownFileType = sourcecode.c.h; path = XFileHelper.h; sourceTree = "<group>"; };
		5A4F1A1B20DCD1FA008A9AAD /* XFileImporter.cpp */ = {isa = PBXFileReference; lastKnownFileType = sourcecode.cpp.cpp; path = XFileImporter.cpp; sourceTree = "<group>"; };
		5A4F1A1C20DCD1FA008A9AAD /* XFileImporter.h */ = {isa = PBXFileReference; lastKnownFileType = sourcecode.c.h; path = XFileImporter.h; sourceTree = "<group>"; };
		5A4F1A1D20DCD1FA008A9AAD /* XFileParser.cpp */ = {isa = PBXFileReference; lastKnownFileType = sourcecode.cpp.cpp; path = XFileParser.cpp; sourceTree = "<group>"; };
		5A4F1A1E20DCD1FA008A9AAD /* XFileParser.h */ = {isa = PBXFileReference; lastKnownFileType = sourcecode.c.h; path = XFileParser.h; sourceTree = "<group>"; };
		5A4F1A1F20DCD1FA008A9AAD /* XGLLoader.cpp */ = {isa = PBXFileReference; lastKnownFileType = sourcecode.cpp.cpp; path = XGLLoader.cpp; sourceTree = "<group>"; };
		5A4F1A2020DCD1FA008A9AAD /* XGLLoader.h */ = {isa = PBXFileReference; lastKnownFileType = sourcecode.c.h; path = XGLLoader.h; sourceTree = "<group>"; };
		5A4F1A2120DCD1FA008A9AAD /* XMLTools.h */ = {isa = PBXFileReference; lastKnownFileType = sourcecode.c.h; path = XMLTools.h; sourceTree = "<group>"; };
/* End PBXFileReference section */

/* Begin PBXGroup section */
		5A4F18BA20DCD1FA008A9AAD = {
			isa = PBXGroup;
			children = (
				5A4F18C020DCD1FA008A9AAD /* .editorconfig */,
				5A4F18C120DCD1FA008A9AAD /* 3DSConverter.cpp */,
				5A4F18C220DCD1FA008A9AAD /* 3DSExporter.cpp */,
				5A4F18C320DCD1FA008A9AAD /* 3DSExporter.h */,
				5A4F18C420DCD1FA008A9AAD /* 3DSHelper.h */,
				5A4F18C520DCD1FA008A9AAD /* 3DSLoader.cpp */,
				5A4F18C620DCD1FA008A9AAD /* 3DSLoader.h */,
				5A4F18C720DCD1FA008A9AAD /* ACLoader.cpp */,
				5A4F18C820DCD1FA008A9AAD /* ACLoader.h */,
				5A4F18C920DCD1FA008A9AAD /* ASELoader.cpp */,
				5A4F18CA20DCD1FA008A9AAD /* ASELoader.h */,
				5A4F18CB20DCD1FA008A9AAD /* ASEParser.cpp */,
				5A4F18CC20DCD1FA008A9AAD /* ASEParser.h */,
				5A4F18CD20DCD1FA008A9AAD /* assbin_chunks.h */,
				5A4F18CE20DCD1FA008A9AAD /* AssbinExporter.cpp */,
				5A4F18CF20DCD1FA008A9AAD /* AssbinExporter.h */,
				5A4F18D020DCD1FA008A9AAD /* AssbinLoader.cpp */,
				5A4F18D120DCD1FA008A9AAD /* AssbinLoader.h */,
				5A4F18D220DCD1FA008A9AAD /* Assimp.cpp */,
				5A4F18D320DCD1FA008A9AAD /* AssimpCExport.cpp */,
				5A4F18D420DCD1FA008A9AAD /* AssxmlExporter.cpp */,
				5A4F18D520DCD1FA008A9AAD /* AssxmlExporter.h */,
				5A4F18D620DCD1FA008A9AAD /* B3DImporter.cpp */,
				5A4F18D720DCD1FA008A9AAD /* B3DImporter.h */,
				5A4F18D820DCD1FA008A9AAD /* BaseImporter.cpp */,
				5A4F18D920DCD1FA008A9AAD /* BaseImporter.h */,
				5A4F18DA20DCD1FA008A9AAD /* BaseProcess.cpp */,
				5A4F18DB20DCD1FA008A9AAD /* BaseProcess.h */,
				5A4F18DC20DCD1FA008A9AAD /* Bitmap.cpp */,
				5A4F18DD20DCD1FA008A9AAD /* Bitmap.h */,
				5A4F18DE20DCD1FA008A9AAD /* BlenderBMesh.cpp */,
				5A4F18DF20DCD1FA008A9AAD /* BlenderBMesh.h */,
				5A4F18E020DCD1FA008A9AAD /* BlenderDNA.cpp */,
				5A4F18E120DCD1FA008A9AAD /* BlenderDNA.h */,
				5A4F18E220DCD1FA008A9AAD /* BlenderDNA.inl */,
				5A4F18E320DCD1FA008A9AAD /* BlenderIntermediate.h */,
				5A4F18E420DCD1FA008A9AAD /* BlenderLoader.cpp */,
				5A4F18E520DCD1FA008A9AAD /* BlenderLoader.h */,
				5A4F18E620DCD1FA008A9AAD /* BlenderModifier.cpp */,
				5A4F18E720DCD1FA008A9AAD /* BlenderModifier.h */,
				5A4F18E820DCD1FA008A9AAD /* BlenderScene.cpp */,
				5A4F18E920DCD1FA008A9AAD /* BlenderScene.h */,
				5A4F18EA20DCD1FA008A9AAD /* BlenderSceneGen.h */,
				5A4F18EB20DCD1FA008A9AAD /* BlenderTessellator.cpp */,
				5A4F18EC20DCD1FA008A9AAD /* BlenderTessellator.h */,
				5A4F18ED20DCD1FA008A9AAD /* BlobIOSystem.h */,
				5A4F18EE20DCD1FA008A9AAD /* BVHLoader.cpp */,
				5A4F18EF20DCD1FA008A9AAD /* BVHLoader.h */,
				5A4F18F020DCD1FA008A9AAD /* ByteSwapper.h */,
				5A4F18F120DCD1FA008A9AAD /* C4DImporter.cpp */,
				5A4F18F220DCD1FA008A9AAD /* C4DImporter.h */,
				5A4F18F320DCD1FA008A9AAD /* CalcTangentsProcess.cpp */,
				5A4F18F420DCD1FA008A9AAD /* CalcTangentsProcess.h */,
				5A4F18F520DCD1FA008A9AAD /* CInterfaceIOWrapper.h */,
				5A4F18F620DCD1FA008A9AAD /* CMakeLists.txt */,
				5A4F18F720DCD1FA008A9AAD /* COBLoader.cpp */,
				5A4F18F820DCD1FA008A9AAD /* COBLoader.h */,
				5A4F18F920DCD1FA008A9AAD /* COBScene.h */,
				5A4F18FA20DCD1FA008A9AAD /* ColladaExporter.cpp */,
				5A4F18FB20DCD1FA008A9AAD /* ColladaExporter.h */,
				5A4F18FC20DCD1FA008A9AAD /* ColladaHelper.h */,
				5A4F18FD20DCD1FA008A9AAD /* ColladaLoader.cpp */,
				5A4F18FE20DCD1FA008A9AAD /* ColladaLoader.h */,
				5A4F18FF20DCD1FA008A9AAD /* ColladaParser.cpp */,
				5A4F190020DCD1FA008A9AAD /* ColladaParser.h */,
				5A4F190120DCD1FA008A9AAD /* ComputeUVMappingProcess.cpp */,
				5A4F190220DCD1FA008A9AAD /* ComputeUVMappingProcess.h */,
				5A4F190320DCD1FA008A9AAD /* ConvertToLHProcess.cpp */,
				5A4F190420DCD1FA008A9AAD /* ConvertToLHProcess.h */,
				5A4F190520DCD1FA008A9AAD /* CSMLoader.cpp */,
				5A4F190620DCD1FA008A9AAD /* CSMLoader.h */,
				5A4F190720DCD1FA008A9AAD /* D3MFImporter.cpp */,
				5A4F190820DCD1FA008A9AAD /* D3MFImporter.h */,
				5A4F190920DCD1FA008A9AAD /* D3MFOpcPackage.cpp */,
				5A4F190A20DCD1FA008A9AAD /* D3MFOpcPackage.h */,
				5A4F190B20DCD1FA008A9AAD /* DeboneProcess.cpp */,
				5A4F190C20DCD1FA008A9AAD /* DeboneProcess.h */,
				5A4F190D20DCD1FA008A9AAD /* DefaultIOStream.cpp */,
				5A4F190E20DCD1FA008A9AAD /* DefaultIOStream.h */,
				5A4F190F20DCD1FA008A9AAD /* DefaultIOSystem.cpp */,
				5A4F191020DCD1FA008A9AAD /* DefaultIOSystem.h */,
				5A4F191120DCD1FA008A9AAD /* DefaultLogger.cpp */,
				5A4F191220DCD1FA008A9AAD /* DefaultProgressHandler.h */,
				5A4F191320DCD1FA008A9AAD /* Defines.h */,
				5A4F191420DCD1FA008A9AAD /* DXFHelper.h */,
				5A4F191520DCD1FA008A9AAD /* DXFLoader.cpp */,
				5A4F191620DCD1FA008A9AAD /* DXFLoader.h */,
				5A4F191720DCD1FA008A9AAD /* Exceptional.h */,
				5A4F191820DCD1FA008A9AAD /* Exporter.cpp */,
				5A4F191920DCD1FA008A9AAD /* fast_atof.h */,
				5A4F191A20DCD1FA008A9AAD /* FBXAnimation.cpp */,
				5A4F191B20DCD1FA008A9AAD /* FBXBinaryTokenizer.cpp */,
				5A4F191C20DCD1FA008A9AAD /* FBXCompileConfig.h */,
				5A4F191D20DCD1FA008A9AAD /* FBXConverter.cpp */,
				5A4F191E20DCD1FA008A9AAD /* FBXConverter.h */,
				5A4F191F20DCD1FA008A9AAD /* FBXDeformer.cpp */,
				5A4F192020DCD1FA008A9AAD /* FBXDocument.cpp */,
				5A4F192120DCD1FA008A9AAD /* FBXDocument.h */,
				5A4F192220DCD1FA008A9AAD /* FBXDocumentUtil.cpp */,
				5A4F192320DCD1FA008A9AAD /* FBXDocumentUtil.h */,
				5A4F192420DCD1FA008A9AAD /* FBXImporter.cpp */,
				5A4F192520DCD1FA008A9AAD /* FBXImporter.h */,
				5A4F192620DCD1FA008A9AAD /* FBXImportSettings.h */,
				5A4F192720DCD1FA008A9AAD /* FBXMaterial.cpp */,
				5A4F192820DCD1FA008A9AAD /* FBXMeshGeometry.cpp */,
				5A4F192920DCD1FA008A9AAD /* FBXMeshGeometry.h */,
				5A4F192A20DCD1FA008A9AAD /* FBXModel.cpp */,
				5A4F192B20DCD1FA008A9AAD /* FBXNodeAttribute.cpp */,
				5A4F192C20DCD1FA008A9AAD /* FBXParser.cpp */,
				5A4F192D20DCD1FA008A9AAD /* FBXParser.h */,
				5A4F192E20DCD1FA008A9AAD /* FBXProperties.cpp */,
				5A4F192F20DCD1FA008A9AAD /* FBXProperties.h */,
				5A4F193020DCD1FA008A9AAD /* FBXTokenizer.cpp */,
				5A4F193120DCD1FA008A9AAD /* FBXTokenizer.h */,
				5A4F193220DCD1FA008A9AAD /* FBXUtil.cpp */,
				5A4F193320DCD1FA008A9AAD /* FBXUtil.h */,
				5A4F193420DCD1FA008A9AAD /* FileLogStream.h */,
				5A4F193520DCD1FA008A9AAD /* FileSystemFilter.h */,
				5A4F193620DCD1FA008A9AAD /* FindDegenerates.cpp */,
				5A4F193720DCD1FA008A9AAD /* FindDegenerates.h */,
				5A4F193820DCD1FA008A9AAD /* FindInstancesProcess.cpp */,
				5A4F193920DCD1FA008A9AAD /* FindInstancesProcess.h */,
				5A4F193A20DCD1FA008A9AAD /* FindInvalidDataProcess.cpp */,
				5A4F193B20DCD1FA008A9AAD /* FindInvalidDataProcess.h */,
				5A4F193C20DCD1FA008A9AAD /* FixNormalsStep.cpp */,
				5A4F193D20DCD1FA008A9AAD /* FixNormalsStep.h */,
				5A4F193E20DCD1FA008A9AAD /* GenericProperty.h */,
				5A4F193F20DCD1FA008A9AAD /* GenFaceNormalsProcess.cpp */,
				5A4F194020DCD1FA008A9AAD /* GenFaceNormalsProcess.h */,
				5A4F194120DCD1FA008A9AAD /* GenVertexNormalsProcess.cpp */,
				5A4F194220DCD1FA008A9AAD /* GenVertexNormalsProcess.h */,
				5A4F194320DCD1FA008A9AAD /* glTFAsset.h */,
				5A4F194420DCD1FA008A9AAD /* glTFAsset.inl */,
				5A4F194520DCD1FA008A9AAD /* glTFAssetWriter.h */,
				5A4F194620DCD1FA008A9AAD /* glTFAssetWriter.inl */,
				5A4F194720DCD1FA008A9AAD /* glTFExporter.cpp */,
				5A4F194820DCD1FA008A9AAD /* glTFExporter.h */,
				5A4F194920DCD1FA008A9AAD /* glTFImporter.cpp */,
				5A4F194A20DCD1FA008A9AAD /* glTFImporter.h */,
				5A4F194B20DCD1FA008A9AAD /* HalfLifeFileData.h */,
				5A4F194C20DCD1FA008A9AAD /* Hash.h */,
				5A4F194D20DCD1FA008A9AAD /* HMPFileData.h */,
				5A4F194E20DCD1FA008A9AAD /* HMPLoader.cpp */,
				5A4F194F20DCD1FA008A9AAD /* HMPLoader.h */,
				5A4F195020DCD1FA008A9AAD /* IFCBoolean.cpp */,
				5A4F195120DCD1FA008A9AAD /* IFCCurve.cpp */,
				5A4F195220DCD1FA008A9AAD /* IFCGeometry.cpp */,
				5A4F195320DCD1FA008A9AAD /* IFCLoader.cpp */,
				5A4F195420DCD1FA008A9AAD /* IFCLoader.h */,
				5A4F195520DCD1FA008A9AAD /* IFCMaterial.cpp */,
				5A4F195620DCD1FA008A9AAD /* IFCOpenings.cpp */,
				5A4F195720DCD1FA008A9AAD /* IFCProfile.cpp */,
				5A4F195820DCD1FA008A9AAD /* IFCReaderGen.cpp */,
				5A4F195920DCD1FA008A9AAD /* IFCReaderGen.h */,
				5A4F195A20DCD1FA008A9AAD /* IFCUtil.cpp */,
				5A4F195B20DCD1FA008A9AAD /* IFCUtil.h */,
				5A4F195C20DCD1FA008A9AAD /* IFF.h */,
				5A4F195D20DCD1FA008A9AAD /* Importer.cpp */,
				5A4F195E20DCD1FA008A9AAD /* Importer.h */,
				5A4F195F20DCD1FA008A9AAD /* ImporterRegistry.cpp */,
				5A4F196020DCD1FA008A9AAD /* ImproveCacheLocality.cpp */,
				5A4F196120DCD1FA008A9AAD /* ImproveCacheLocality.h */,
				5A4F196220DCD1FA008A9AAD /* IRRLoader.cpp */,
				5A4F196320DCD1FA008A9AAD /* IRRLoader.h */,
				5A4F196420DCD1FA008A9AAD /* IRRMeshLoader.cpp */,
				5A4F196520DCD1FA008A9AAD /* IRRMeshLoader.h */,
				5A4F196620DCD1FA008A9AAD /* IRRShared.cpp */,
				5A4F196720DCD1FA008A9AAD /* IRRShared.h */,
				5A4F196820DCD1FA008A9AAD /* irrXMLWrapper.h */,
				5A4F196920DCD1FA008A9AAD /* JoinVerticesProcess.cpp */,
				5A4F196A20DCD1FA008A9AAD /* JoinVerticesProcess.h */,
				5A4F196B20DCD1FA008A9AAD /* LimitBoneWeightsProcess.cpp */,
				5A4F196C20DCD1FA008A9AAD /* LimitBoneWeightsProcess.h */,
				5A4F196D20DCD1FA008A9AAD /* LineSplitter.h */,
				5A4F196E20DCD1FA008A9AAD /* LogAux.h */,
				5A4F196F20DCD1FA008A9AAD /* LWOAnimation.cpp */,
				5A4F197020DCD1FA008A9AAD /* LWOAnimation.h */,
				5A4F197120DCD1FA008A9AAD /* LWOBLoader.cpp */,
				5A4F197220DCD1FA008A9AAD /* LWOFileData.h */,
				5A4F197320DCD1FA008A9AAD /* LWOLoader.cpp */,
				5A4F197420DCD1FA008A9AAD /* LWOLoader.h */,
				5A4F197520DCD1FA008A9AAD /* LWOMaterial.cpp */,
				5A4F197620DCD1FA008A9AAD /* LWSLoader.cpp */,
				5A4F197720DCD1FA008A9AAD /* LWSLoader.h */,
				5A4F197820DCD1FA008A9AAD /* Macros.h */,
				5A4F197920DCD1FA008A9AAD /* makefile.mingw */,
				5A4F197A20DCD1FA008A9AAD /* MakeVerboseFormat.cpp */,
				5A4F197B20DCD1FA008A9AAD /* MakeVerboseFormat.h */,
				5A4F197C20DCD1FA008A9AAD /* MaterialSystem.cpp */,
				5A4F197D20DCD1FA008A9AAD /* MaterialSystem.h */,
				5A4F197E20DCD1FA008A9AAD /* MathFunctions.h */,
				5A4F197F20DCD1FA008A9AAD /* MD2FileData.h */,
				5A4F198020DCD1FA008A9AAD /* MD2Loader.cpp */,
				5A4F198120DCD1FA008A9AAD /* MD2Loader.h */,
				5A4F198220DCD1FA008A9AAD /* MD2NormalTable.h */,
				5A4F198320DCD1FA008A9AAD /* MD3FileData.h */,
				5A4F198420DCD1FA008A9AAD /* MD3Loader.cpp */,
				5A4F198520DCD1FA008A9AAD /* MD3Loader.h */,
				5A4F198620DCD1FA008A9AAD /* MD4FileData.h */,
				5A4F198720DCD1FA008A9AAD /* MD5Loader.cpp */,
				5A4F198820DCD1FA008A9AAD /* MD5Loader.h */,
				5A4F198920DCD1FA008A9AAD /* MD5Parser.cpp */,
				5A4F198A20DCD1FA008A9AAD /* MD5Parser.h */,
				5A4F198B20DCD1FA008A9AAD /* MDCFileData.h */,
				5A4F198C20DCD1FA008A9AAD /* MDCLoader.cpp */,
				5A4F198D20DCD1FA008A9AAD /* MDCLoader.h */,
				5A4F198E20DCD1FA008A9AAD /* MDCNormalTable.h */,
				5A4F198F20DCD1FA008A9AAD /* MDLDefaultColorMap.h */,
				5A4F199020DCD1FA008A9AAD /* MDLFileData.h */,
				5A4F199120DCD1FA008A9AAD /* MDLLoader.cpp */,
				5A4F199220DCD1FA008A9AAD /* MDLLoader.h */,
				5A4F199320DCD1FA008A9AAD /* MDLMaterialLoader.cpp */,
				5A4F199420DCD1FA008A9AAD /* MemoryIOWrapper.h */,
				5A4F199520DCD1FA008A9AAD /* MS3DLoader.cpp */,
				5A4F199620DCD1FA008A9AAD /* MS3DLoader.h */,
				5A4F199720DCD1FA008A9AAD /* NDOLoader.cpp */,
				5A4F199820DCD1FA008A9AAD /* NDOLoader.h */,
				5A4F199920DCD1FA008A9AAD /* NFFLoader.cpp */,
				5A4F199A20DCD1FA008A9AAD /* NFFLoader.h */,
				5A4F199B20DCD1FA008A9AAD /* ObjExporter.cpp */,
				5A4F199C20DCD1FA008A9AAD /* ObjExporter.h */,
				5A4F199D20DCD1FA008A9AAD /* ObjFileData.h */,
				5A4F199E20DCD1FA008A9AAD /* ObjFileImporter.cpp */,
				5A4F199F20DCD1FA008A9AAD /* ObjFileImporter.h */,
				5A4F19A020DCD1FA008A9AAD /* ObjFileMtlImporter.cpp */,
				5A4F19A120DCD1FA008A9AAD /* ObjFileMtlImporter.h */,
				5A4F19A220DCD1FA008A9AAD /* ObjFileParser.cpp */,
				5A4F19A320DCD1FA008A9AAD /* ObjFileParser.h */,
				5A4F19A420DCD1FA008A9AAD /* ObjTools.h */,
				5A4F19A520DCD1FA008A9AAD /* OFFLoader.cpp */,
				5A4F19A620DCD1FA008A9AAD /* OFFLoader.h */,
				5A4F19A720DCD1FA008A9AAD /* OgreBinarySerializer.cpp */,
				5A4F19A820DCD1FA008A9AAD /* OgreBinarySerializer.h */,
				5A4F19A920DCD1FA008A9AAD /* OgreImporter.cpp */,
				5A4F19AA20DCD1FA008A9AAD /* OgreImporter.h */,
				5A4F19AB20DCD1FA008A9AAD /* OgreMaterial.cpp */,
				5A4F19AC20DCD1FA008A9AAD /* OgreParsingUtils.h */,
				5A4F19AD20DCD1FA008A9AAD /* OgreStructs.cpp */,
				5A4F19AE20DCD1FA008A9AAD /* OgreStructs.h */,
				5A4F19AF20DCD1FA008A9AAD /* OgreXmlSerializer.cpp */,
				5A4F19B020DCD1FA008A9AAD /* OgreXmlSerializer.h */,
				5A4F19B120DCD1FA008A9AAD /* OpenGEXExporter.cpp */,
				5A4F19B220DCD1FA008A9AAD /* OpenGEXExporter.h */,
				5A4F19B320DCD1FA008A9AAD /* OpenGEXImporter.cpp */,
				5A4F19B420DCD1FA008A9AAD /* OpenGEXImporter.h */,
				5A4F19B520DCD1FA008A9AAD /* OpenGEXStructs.h */,
				5A4F19B620DCD1FA008A9AAD /* OptimizeGraph.cpp */,
				5A4F19B720DCD1FA008A9AAD /* OptimizeGraph.h */,
				5A4F19B820DCD1FA008A9AAD /* OptimizeMeshes.cpp */,
				5A4F19B920DCD1FA008A9AAD /* OptimizeMeshes.h */,
				5A4F19BA20DCD1FA008A9AAD /* ParsingUtils.h */,
				5A4F19BB20DCD1FA008A9AAD /* PlyExporter.cpp */,
				5A4F19BC20DCD1FA008A9AAD /* PlyExporter.h */,
				5A4F19BD20DCD1FA008A9AAD /* PlyLoader.cpp */,
				5A4F19BE20DCD1FA008A9AAD /* PlyLoader.h */,
				5A4F19BF20DCD1FA008A9AAD /* PlyParser.cpp */,
				5A4F19C020DCD1FA008A9AAD /* PlyParser.h */,
				5A4F19C120DCD1FA008A9AAD /* PolyTools.h */,
				5A4F19C220DCD1FA008A9AAD /* PostStepRegistry.cpp */,
				5A4F19C320DCD1FA008A9AAD /* PretransformVertices.cpp */,
				5A4F19C420DCD1FA008A9AAD /* PretransformVertices.h */,
				5A4F19C520DCD1FA008A9AAD /* ProcessHelper.cpp */,
				5A4F19C620DCD1FA008A9AAD /* ProcessHelper.h */,
				5A4F19C720DCD1FA008A9AAD /* Profiler.h */,
				5A4F19C820DCD1FA008A9AAD /* Q3BSPFileData.h */,
				5A4F19C920DCD1FA008A9AAD /* Q3BSPFileImporter.cpp */,
				5A4F19CA20DCD1FA008A9AAD /* Q3BSPFileImporter.h */,
				5A4F19CB20DCD1FA008A9AAD /* Q3BSPFileParser.cpp */,
				5A4F19CC20DCD1FA008A9AAD /* Q3BSPFileParser.h */,
				5A4F19CD20DCD1FA008A9AAD /* Q3BSPZipArchive.cpp */,
				5A4F19CE20DCD1FA008A9AAD /* Q3BSPZipArchive.h */,
				5A4F19CF20DCD1FA008A9AAD /* Q3DLoader.cpp */,
				5A4F19D020DCD1FA008A9AAD /* Q3DLoader.h */,
				5A4F19D120DCD1FA008A9AAD /* qnan.h */,
				5A4F19D220DCD1FA008A9AAD /* RawLoader.cpp */,
				5A4F19D320DCD1FA008A9AAD /* RawLoader.h */,
				5A4F19D420DCD1FA008A9AAD /* RemoveComments.cpp */,
				5A4F19D520DCD1FA008A9AAD /* RemoveComments.h */,
				5A4F19D620DCD1FA008A9AAD /* RemoveRedundantMaterials.cpp */,
				5A4F19D720DCD1FA008A9AAD /* RemoveRedundantMaterials.h */,
				5A4F19D820DCD1FA008A9AAD /* RemoveVCProcess.cpp */,
				5A4F19D920DCD1FA008A9AAD /* RemoveVCProcess.h */,
				5A4F19DA20DCD1FA008A9AAD /* res */,
				5A4F19DB20DCD1FA008A9AAD /* SceneCombiner.cpp */,
				5A4F19DC20DCD1FA008A9AAD /* SceneCombiner.h */,
				5A4F19DD20DCD1FA008A9AAD /* ScenePreprocessor.cpp */,
				5A4F19DE20DCD1FA008A9AAD /* ScenePreprocessor.h */,
				5A4F19DF20DCD1FA008A9AAD /* ScenePrivate.h */,
				5A4F19E020DCD1FA008A9AAD /* SGSpatialSort.cpp */,
				5A4F19E120DCD1FA008A9AAD /* SGSpatialSort.h */,
				5A4F19E220DCD1FA008A9AAD /* SIBImporter.cpp */,
				5A4F19E320DCD1FA008A9AAD /* SIBImporter.h */,
				5A4F19E420DCD1FA008A9AAD /* SkeletonMeshBuilder.cpp */,
				5A4F19E520DCD1FA008A9AAD /* SkeletonMeshBuilder.h */,
				5A4F19E620DCD1FA008A9AAD /* SMDLoader.cpp */,
				5A4F19E720DCD1FA008A9AAD /* SMDLoader.h */,
				5A4F19E820DCD1FA008A9AAD /* SmoothingGroups.h */,
				5A4F19E920DCD1FA008A9AAD /* SmoothingGroups.inl */,
				5A4F19EA20DCD1FA008A9AAD /* SortByPTypeProcess.cpp */,
				5A4F19EB20DCD1FA008A9AAD /* SortByPTypeProcess.h */,
				5A4F19EC20DCD1FA008A9AAD /* SpatialSort.cpp */,
				5A4F19ED20DCD1FA008A9AAD /* SpatialSort.h */,
				5A4F19EE20DCD1FA008A9AAD /* SplitByBoneCountProcess.cpp */,
				5A4F19EF20DCD1FA008A9AAD /* SplitByBoneCountProcess.h */,
				5A4F19F020DCD1FA008A9AAD /* SplitLargeMeshes.cpp */,
				5A4F19F120DCD1FA008A9AAD /* SplitLargeMeshes.h */,
				5A4F19F220DCD1FA008A9AAD /* StandardShapes.cpp */,
				5A4F19F320DCD1FA008A9AAD /* StandardShapes.h */,
				5A4F19F420DCD1FA008A9AAD /* StdOStreamLogStream.h */,
				5A4F19F520DCD1FA008A9AAD /* StepExporter.cpp */,
				5A4F19F620DCD1FA008A9AAD /* StepExporter.h */,
				5A4F19F720DCD1FA008A9AAD /* STEPFile.h */,
				5A4F19F820DCD1FA008A9AAD /* STEPFileEncoding.cpp */,
				5A4F19F920DCD1FA008A9AAD /* STEPFileEncoding.h */,
				5A4F19FA20DCD1FA008A9AAD /* STEPFileReader.cpp */,
				5A4F19FB20DCD1FA008A9AAD /* STEPFileReader.h */,
				5A4F19FC20DCD1FA008A9AAD /* STLExporter.cpp */,
				5A4F19FD20DCD1FA008A9AAD /* STLExporter.h */,
				5A4F19FE20DCD1FA008A9AAD /* STLLoader.cpp */,
				5A4F19FF20DCD1FA008A9AAD /* STLLoader.h */,
				5A4F1A0020DCD1FA008A9AAD /* StreamReader.h */,
				5A4F1A0120DCD1FA008A9AAD /* StreamWriter.h */,
				5A4F1A0220DCD1FA008A9AAD /* StringComparison.h */,
				5A4F1A0320DCD1FA008A9AAD /* StringUtils.h */,
				5A4F1A0420DCD1FA008A9AAD /* Subdivision.cpp */,
				5A4F1A0520DCD1FA008A9AAD /* Subdivision.h */,
				5A4F1A0620DCD1FA008A9AAD /* TargetAnimation.cpp */,
				5A4F1A0720DCD1FA008A9AAD /* TargetAnimation.h */,
				5A4F1A0820DCD1FA008A9AAD /* TerragenLoader.cpp */,
				5A4F1A0920DCD1FA008A9AAD /* TerragenLoader.h */,
				5A4F1A0A20DCD1FA008A9AAD /* TextureTransform.cpp */,
				5A4F1A0B20DCD1FA008A9AAD /* TextureTransform.h */,
				5A4F1A0C20DCD1FA008A9AAD /* TinyFormatter.h */,
				5A4F1A0D20DCD1FA008A9AAD /* TriangulateProcess.cpp */,
				5A4F1A0E20DCD1FA008A9AAD /* TriangulateProcess.h */,
				5A4F1A0F20DCD1FA008A9AAD /* UnrealLoader.cpp */,
				5A4F1A1020DCD1FA008A9AAD /* UnrealLoader.h */,
				5A4F1A1120DCD1FA008A9AAD /* ValidateDataStructure.cpp */,
				5A4F1A1220DCD1FA008A9AAD /* ValidateDataStructure.h */,
				5A4F1A1320DCD1FA008A9AAD /* Version.cpp */,
				5A4F1A1420DCD1FA008A9AAD /* Vertex.h */,
				5A4F1A1520DCD1FA008A9AAD /* VertexTriangleAdjacency.cpp */,
				5A4F1A1620DCD1FA008A9AAD /* VertexTriangleAdjacency.h */,
				5A4F1A1720DCD1FA008A9AAD /* Win32DebugLogStream.h */,
				5A4F1A1820DCD1FA008A9AAD /* XFileExporter.cpp */,
				5A4F1A1920DCD1FA008A9AAD /* XFileExporter.h */,
				5A4F1A1A20DCD1FA008A9AAD /* XFileHelper.h */,
				5A4F1A1B20DCD1FA008A9AAD /* XFileImporter.cpp */,
				5A4F1A1C20DCD1FA008A9AAD /* XFileImporter.h */,
				5A4F1A1D20DCD1FA008A9AAD /* XFileParser.cpp */,
				5A4F1A1E20DCD1FA008A9AAD /* XFileParser.h */,
				5A4F1A1F20DCD1FA008A9AAD /* XGLLoader.cpp */,
				5A4F1A2020DCD1FA008A9AAD /* XGLLoader.h */,
				5A4F1A2120DCD1FA008A9AAD /* XMLTools.h */,
			);
			sourceTree = "<group>";
		};
/* End PBXGroup section */

/* Begin PBXLegacyTarget section */
		5A4F18BF20DCD1FA008A9AAD /* code */ = {
			isa = PBXLegacyTarget;
			buildArgumentsString = "$(ACTION)";
			buildConfigurationList = 5A4F1A2220DCD1FA008A9AAD /* Build configuration list for PBXLegacyTarget "code" */;
			buildPhases = (
			);
			buildToolPath = /usr/bin/make;
			buildWorkingDirectory = "/Users/liu/work/assimp-3.3/code";
			dependencies = (
			);
			name = code;
			passBuildSettingsInEnvironment = 1;
			productName = code;
		};
/* End PBXLegacyTarget section */

/* Begin PBXProject section */
		5A4F18BB20DCD1FA008A9AAD /* Project object */ = {
			isa = PBXProject;
			attributes = {
			};
			buildConfigurationList = 5A4F18BE20DCD1FA008A9AAD /* Build configuration list for PBXProject "code" */;
			compatibilityVersion = "Xcode 8.0";
			developmentRegion = en;
			hasScannedForEncodings = 0;
			knownRegions = (
				en,
			);
			mainGroup = 5A4F18BA20DCD1FA008A9AAD;
			projectDirPath = "";
			projectRoot = "";
			targets = (
				5A4F18BF20DCD1FA008A9AAD /* code */,
			);
		};
/* End PBXProject section */

/* Begin XCBuildConfiguration section */
		5A4F18BC20DCD1FA008A9AAD /* Debug */ = {
			isa = XCBuildConfiguration;
			buildSettings = {
				ARCHS = "$(ARCHS_STANDARD_32_BIT)";
				COPY_PHASE_STRIP = NO;
				GCC_WARN_ABOUT_RETURN_TYPE = YES;
				GCC_WARN_UNUSED_VARIABLE = YES;
				ONLY_ACTIVE_ARCH = YES;
				SDKROOT = macosx10.6;
			};
			name = Debug;
		};
		5A4F18BD20DCD1FA008A9AAD /* Release */ = {
			isa = XCBuildConfiguration;
			buildSettings = {
				ARCHS = "$(ARCHS_STANDARD_32_BIT)";
				COPY_PHASE_STRIP = YES;
				GCC_WARN_ABOUT_RETURN_TYPE = YES;
				GCC_WARN_UNUSED_VARIABLE = YES;
				SDKROOT = macosx10.6;
			};
			name = Release;
		};
		5A4F1A2320DCD1FA008A9AAD /* Debug */ = {
			isa = XCBuildConfiguration;
			buildSettings = {
				COPY_PHASE_STRIP = NO;
				DEBUGGING_SYMBOLS = YES;
				GCC_DYNAMIC_NO_PIC = NO;
				GCC_ENABLE_FIX_AND_CONTINUE = YES;
				GCC_GENERATE_DEBUGGING_SYMBOLS = YES;
				GCC_OPTIMIZATION_LEVEL = 0;
				OTHER_CFLAGS = "";
				OTHER_LDFLAGS = "";
				PRODUCT_NAME = code;
			};
			name = Debug;
		};
		5A4F1A2420DCD1FA008A9AAD /* Release */ = {
			isa = XCBuildConfiguration;
			buildSettings = {
				COPY_PHASE_STRIP = YES;
				DEBUG_INFORMATION_FORMAT = "dwarf-with-dsym";
				GCC_ENABLE_FIX_AND_CONTINUE = NO;
				OTHER_CFLAGS = "";
				OTHER_LDFLAGS = "";
				PRODUCT_NAME = code;
			};
			name = Release;
		};
/* End XCBuildConfiguration section */

/* Begin XCConfigurationList section */
		5A4F18BE20DCD1FA008A9AAD /* Build configuration list for PBXProject "code" */ = {
			isa = XCConfigurationList;
			buildConfigurations = (
				5A4F18BC20DCD1FA008A9AAD /* Debug */,
				5A4F18BD20DCD1FA008A9AAD /* Release */,
			);
			defaultConfigurationIsVisible = 0;
			defaultConfigurationName = Release;
		};
		5A4F1A2220DCD1FA008A9AAD /* Build configuration list for PBXLegacyTarget "code" */ = {
			isa = XCConfigurationList;
			buildConfigurations = (
				5A4F1A2320DCD1FA008A9AAD /* Debug */,
				5A4F1A2420DCD1FA008A9AAD /* Release */,
			);
			defaultConfigurationIsVisible = 0;
			defaultConfigurationName = Release;
		};
/* End XCConfigurationList section */
	};
	rootObject = 5A4F18BB20DCD1FA008A9AAD /* Project object */;
}
