// !$*UTF8*$!
{
	archiveVersion = 1;
	classes = {
	};
	objectVersion = 48;
	objects = {

/* Begin PBXBuildFile section */
		5A34FA9920E38B53009D8EBF /* bones_shader.cpp in Sources */ = {isa = PBXBuildFile; fileRef = 5A34FA9720E38B53009D8EBF /* bones_shader.cpp */; };
		5A34FA9F20E38E19009D8EBF /* bones_mesh.cpp in Sources */ = {isa = PBXBuildFile; fileRef = 5A34FA9D20E38E19009D8EBF /* bones_mesh.cpp */; };
		5A34FAA320E39603009D8EBF /* texture.cpp in Sources */ = {isa = PBXBuildFile; fileRef = 5A34FAA120E39603009D8EBF /* texture.cpp */; };
		5A34FAA620E3A901009D8EBF /* math.cpp in Sources */ = {isa = PBXBuildFile; fileRef = 5A34FAA520E3A901009D8EBF /* math.cpp */; };
		5A34FAAD20E3BCA5009D8EBF /* bones.cpp in Sources */ = {isa = PBXBuildFile; fileRef = 5A34FAAB20E3BCA5009D8EBF /* bones.cpp */; };
		5A34FAB020E3C0D6009D8EBF /* timer.cpp in Sources */ = {isa = PBXBuildFile; fileRef = 5A34FAAE20E3C0D6009D8EBF /* timer.cpp */; };
		5A360BC020E4B0440063A9FC /* pipeline.cpp in Sources */ = {isa = PBXBuildFile; fileRef = 5A360BBE20E4B0440063A9FC /* pipeline.cpp */; };
		5A5948DF20E1DA2E00888446 /* gl_triangle.cpp in Sources */ = {isa = PBXBuildFile; fileRef = 5A5948CF20E1DA2D00888446 /* gl_triangle.cpp */; };
		5A5948E020E1DA2E00888446 /* context.cpp in Sources */ = {isa = PBXBuildFile; fileRef = 5A5948D220E1DA2D00888446 /* context.cpp */; };
		5A5948E120E1DA2E00888446 /* camera.cpp in Sources */ = {isa = PBXBuildFile; fileRef = 5A5948D320E1DA2D00888446 /* camera.cpp */; };
		5A5948E320E1DA2E00888446 /* rander.cpp in Sources */ = {isa = PBXBuildFile; fileRef = 5A5948D620E1DA2D00888446 /* rander.cpp */; };
		5A5948E520E1DA2E00888446 /* stb_image.c in Sources */ = {isa = PBXBuildFile; fileRef = 5A5948DA20E1DA2E00888446 /* stb_image.c */; };
		5A5948E620E1DA2E00888446 /* shader.cpp in Sources */ = {isa = PBXBuildFile; fileRef = 5A5948DC20E1DA2E00888446 /* shader.cpp */; };
		5A594A2420E1DCF100888446 /* interface_render.cpp in Sources */ = {isa = PBXBuildFile; fileRef = 5A594A2220E1DCF100888446 /* interface_render.cpp */; };
		5A594BD820E1EA1100888446 /* OpenGLES.framework in Frameworks */ = {isa = PBXBuildFile; fileRef = 5A594BD720E1EA1100888446 /* OpenGLES.framework */; };
		5A8C718520E228A300B421FD /* mesh.cpp in Sources */ = {isa = PBXBuildFile; fileRef = 5A8C718320E228A300B421FD /* mesh.cpp */; };
		5A8C718820E228B100B421FD /* model.cpp in Sources */ = {isa = PBXBuildFile; fileRef = 5A8C718620E228B100B421FD /* model.cpp */; };
/* End PBXBuildFile section */

/* Begin PBXCopyFilesBuildPhase section */
		5A5948C120E1D94F00888446 /* Copy Files */ = {
			isa = PBXCopyFilesBuildPhase;
			buildActionMask = 2147483647;
			dstPath = "include/$(PRODUCT_NAME)";
			dstSubfolderSpec = 16;
			files = (
			);
			name = "Copy Files";
			runOnlyForDeploymentPostprocessing = 0;
		};
/* End PBXCopyFilesBuildPhase section */

/* Begin PBXFileReference section */
		5A34FA9720E38B53009D8EBF /* bones_shader.cpp */ = {isa = PBXFileReference; lastKnownFileType = sourcecode.cpp.cpp; path = bones_shader.cpp; sourceTree = "<group>"; };
		5A34FA9820E38B53009D8EBF /* bones_shader.hpp */ = {isa = PBXFileReference; lastKnownFileType = sourcecode.cpp.h; path = bones_shader.hpp; sourceTree = "<group>"; };
		5A34FA9D20E38E19009D8EBF /* bones_mesh.cpp */ = {isa = PBXFileReference; lastKnownFileType = sourcecode.cpp.cpp; path = bones_mesh.cpp; sourceTree = "<group>"; };
		5A34FA9E20E38E19009D8EBF /* bones_mesh.hpp */ = {isa = PBXFileReference; lastKnownFileType = sourcecode.cpp.h; path = bones_mesh.hpp; sourceTree = "<group>"; };
		5A34FAA020E38F8E009D8EBF /* type_render.h */ = {isa = PBXFileReference; lastKnownFileType = sourcecode.c.h; path = type_render.h; sourceTree = "<group>"; };
		5A34FAA120E39603009D8EBF /* texture.cpp */ = {isa = PBXFileReference; lastKnownFileType = sourcecode.cpp.cpp; path = texture.cpp; sourceTree = "<group>"; };
		5A34FAA220E39603009D8EBF /* texture.hpp */ = {isa = PBXFileReference; lastKnownFileType = sourcecode.cpp.h; path = texture.hpp; sourceTree = "<group>"; };
		5A34FAA420E3A837009D8EBF /* math.hpp */ = {isa = PBXFileReference; lastKnownFileType = sourcecode.cpp.h; path = math.hpp; sourceTree = "<group>"; };
		5A34FAA520E3A901009D8EBF /* math.cpp */ = {isa = PBXFileReference; lastKnownFileType = sourcecode.cpp.cpp; path = math.cpp; sourceTree = "<group>"; };
		5A34FAAB20E3BCA5009D8EBF /* bones.cpp */ = {isa = PBXFileReference; lastKnownFileType = sourcecode.cpp.cpp; path = bones.cpp; sourceTree = "<group>"; };
		5A34FAAC20E3BCA5009D8EBF /* bones.hpp */ = {isa = PBXFileReference; lastKnownFileType = sourcecode.cpp.h; path = bones.hpp; sourceTree = "<group>"; };
		5A34FAAE20E3C0D6009D8EBF /* timer.cpp */ = {isa = PBXFileReference; lastKnownFileType = sourcecode.cpp.cpp; path = timer.cpp; sourceTree = "<group>"; };
		5A34FAAF20E3C0D6009D8EBF /* timer.hpp */ = {isa = PBXFileReference; lastKnownFileType = sourcecode.cpp.h; path = timer.hpp; sourceTree = "<group>"; };
		5A360BBE20E4B0440063A9FC /* pipeline.cpp */ = {isa = PBXFileReference; lastKnownFileType = sourcecode.cpp.cpp; path = pipeline.cpp; sourceTree = "<group>"; };
		5A360BBF20E4B0440063A9FC /* pipeline.hpp */ = {isa = PBXFileReference; lastKnownFileType = sourcecode.cpp.h; path = pipeline.hpp; sourceTree = "<group>"; };
		5A5948C320E1D94F00888446 /* librender.a */ = {isa = PBXFileReference; explicitFileType = archive.ar; includeInIndex = 0; path = librender.a; sourceTree = BUILT_PRODUCTS_DIR; };
		5A5948CF20E1DA2D00888446 /* gl_triangle.cpp */ = {isa = PBXFileReference; fileEncoding = 4; lastKnownFileType = sourcecode.cpp.cpp; path = gl_triangle.cpp; sourceTree = "<group>"; };
		5A5948D020E1DA2D00888446 /* gl_triangle.hpp */ = {isa = PBXFileReference; fileEncoding = 4; lastKnownFileType = sourcecode.cpp.h; path = gl_triangle.hpp; sourceTree = "<group>"; };
		5A5948D120E1DA2D00888446 /* camera.hpp */ = {isa = PBXFileReference; fileEncoding = 4; lastKnownFileType = sourcecode.cpp.h; path = camera.hpp; sourceTree = "<group>"; };
		5A5948D220E1DA2D00888446 /* context.cpp */ = {isa = PBXFileReference; fileEncoding = 4; lastKnownFileType = sourcecode.cpp.cpp; path = context.cpp; sourceTree = "<group>"; };
		5A5948D320E1DA2D00888446 /* camera.cpp */ = {isa = PBXFileReference; fileEncoding = 4; lastKnownFileType = sourcecode.cpp.cpp; path = camera.cpp; sourceTree = "<group>"; };
		5A5948D520E1DA2D00888446 /* stb_image.h */ = {isa = PBXFileReference; fileEncoding = 4; lastKnownFileType = sourcecode.c.h; path = stb_image.h; sourceTree = "<group>"; };
		5A5948D620E1DA2D00888446 /* rander.cpp */ = {isa = PBXFileReference; fileEncoding = 4; lastKnownFileType = sourcecode.cpp.cpp; path = rander.cpp; sourceTree = "<group>"; };
		5A5948D720E1DA2D00888446 /* context.hpp */ = {isa = PBXFileReference; fileEncoding = 4; lastKnownFileType = sourcecode.cpp.h; path = context.hpp; sourceTree = "<group>"; };
		5A5948DA20E1DA2E00888446 /* stb_image.c */ = {isa = PBXFileReference; fileEncoding = 4; lastKnownFileType = sourcecode.c.c; path = stb_image.c; sourceTree = "<group>"; };
		5A5948DB20E1DA2E00888446 /* rander.hpp */ = {isa = PBXFileReference; fileEncoding = 4; lastKnownFileType = sourcecode.cpp.h; path = rander.hpp; sourceTree = "<group>"; };
		5A5948DC20E1DA2E00888446 /* shader.cpp */ = {isa = PBXFileReference; fileEncoding = 4; lastKnownFileType = sourcecode.cpp.cpp; path = shader.cpp; sourceTree = "<group>"; };
		5A5948DD20E1DA2E00888446 /* shader.hpp */ = {isa = PBXFileReference; fileEncoding = 4; lastKnownFileType = sourcecode.cpp.h; path = shader.hpp; sourceTree = "<group>"; };
		5A594A2220E1DCF100888446 /* interface_render.cpp */ = {isa = PBXFileReference; lastKnownFileType = sourcecode.cpp.cpp; path = interface_render.cpp; sourceTree = "<group>"; };
		5A594A2320E1DCF100888446 /* interface_render.hpp */ = {isa = PBXFileReference; lastKnownFileType = sourcecode.cpp.h; path = interface_render.hpp; sourceTree = "<group>"; };
		5A594A2720E1DE6800888446 /* single.hpp */ = {isa = PBXFileReference; lastKnownFileType = sourcecode.cpp.h; path = single.hpp; sourceTree = "<group>"; };
		5A594BD720E1EA1100888446 /* OpenGLES.framework */ = {isa = PBXFileReference; lastKnownFileType = wrapper.framework; name = OpenGLES.framework; path = System/Library/Frameworks/OpenGLES.framework; sourceTree = SDKROOT; };
		5A8C718320E228A300B421FD /* mesh.cpp */ = {isa = PBXFileReference; lastKnownFileType = sourcecode.cpp.cpp; path = mesh.cpp; sourceTree = "<group>"; };
		5A8C718420E228A300B421FD /* mesh.hpp */ = {isa = PBXFileReference; lastKnownFileType = sourcecode.cpp.h; path = mesh.hpp; sourceTree = "<group>"; };
		5A8C718620E228B100B421FD /* model.cpp */ = {isa = PBXFileReference; lastKnownFileType = sourcecode.cpp.cpp; path = model.cpp; sourceTree = "<group>"; };
		5A8C718720E228B100B421FD /* model.hpp */ = {isa = PBXFileReference; lastKnownFileType = sourcecode.cpp.h; path = model.hpp; sourceTree = "<group>"; };
/* End PBXFileReference section */

/* Begin PBXFrameworksBuildPhase section */
		5A5948C020E1D94F00888446 /* Frameworks */ = {
			isa = PBXFrameworksBuildPhase;
			buildActionMask = 2147483647;
			files = (
				5A594BD820E1EA1100888446 /* OpenGLES.framework in Frameworks */,
			);
			runOnlyForDeploymentPostprocessing = 0;
		};
/* End PBXFrameworksBuildPhase section */

/* Begin PBXGroup section */
		5A5948BA20E1D94F00888446 = {
			isa = PBXGroup;
			children = (
				5A594A2120E1DC2300888446 /* include */,
				5A5948C520E1D94F00888446 /* render */,
				5A5948C420E1D94F00888446 /* Products */,
				5A59491E20E1DAF900888446 /* Frameworks */,
			);
			sourceTree = "<group>";
		};
		5A5948C420E1D94F00888446 /* Products */ = {
			isa = PBXGroup;
			children = (
				5A5948C320E1D94F00888446 /* librender.a */,
			);
			name = Products;
			sourceTree = "<group>";
		};
		5A5948C520E1D94F00888446 /* render */ = {
			isa = PBXGroup;
			children = (
				5A594A2520E1DDDB00888446 /* core */,
				5A594A2220E1DCF100888446 /* interface_render.cpp */,
				5A5948D220E1DA2D00888446 /* context.cpp */,
				5A5948CF20E1DA2D00888446 /* gl_triangle.cpp */,
				5A5948D020E1DA2D00888446 /* gl_triangle.hpp */,
				5A594A2720E1DE6800888446 /* single.hpp */,
				5A34FAAB20E3BCA5009D8EBF /* bones.cpp */,
				5A34FAAC20E3BCA5009D8EBF /* bones.hpp */,
			);
			path = render;
			sourceTree = "<group>";
		};
		5A59491E20E1DAF900888446 /* Frameworks */ = {
			isa = PBXGroup;
			children = (
				5A594BD720E1EA1100888446 /* OpenGLES.framework */,
			);
			name = Frameworks;
			sourceTree = "<group>";
		};
		5A594A2120E1DC2300888446 /* include */ = {
			isa = PBXGroup;
			children = (
				5A5948DB20E1DA2E00888446 /* rander.hpp */,
				5A5948D720E1DA2D00888446 /* context.hpp */,
				5A594A2320E1DCF100888446 /* interface_render.hpp */,
			);
			path = include;
			sourceTree = "<group>";
		};
		5A594A2520E1DDDB00888446 /* core */ = {
			isa = PBXGroup;
			children = (
				5A5948D620E1DA2D00888446 /* rander.cpp */,
				5A5948DC20E1DA2E00888446 /* shader.cpp */,
				5A5948DD20E1DA2E00888446 /* shader.hpp */,
				5A5948DA20E1DA2E00888446 /* stb_image.c */,
				5A5948D520E1DA2D00888446 /* stb_image.h */,
				5A5948D320E1DA2D00888446 /* camera.cpp */,
				5A5948D120E1DA2D00888446 /* camera.hpp */,
				5A8C718320E228A300B421FD /* mesh.cpp */,
				5A8C718420E228A300B421FD /* mesh.hpp */,
				5A8C718620E228B100B421FD /* model.cpp */,
				5A8C718720E228B100B421FD /* model.hpp */,
				5A34FA9720E38B53009D8EBF /* bones_shader.cpp */,
				5A34FA9820E38B53009D8EBF /* bones_shader.hpp */,
				5A34FA9D20E38E19009D8EBF /* bones_mesh.cpp */,
				5A34FA9E20E38E19009D8EBF /* bones_mesh.hpp */,
				5A34FAA020E38F8E009D8EBF /* type_render.h */,
				5A34FAA120E39603009D8EBF /* texture.cpp */,
				5A34FAA220E39603009D8EBF /* texture.hpp */,
				5A34FAA420E3A837009D8EBF /* math.hpp */,
				5A34FAA520E3A901009D8EBF /* math.cpp */,
				5A34FAAE20E3C0D6009D8EBF /* timer.cpp */,
				5A34FAAF20E3C0D6009D8EBF /* timer.hpp */,
				5A360BBE20E4B0440063A9FC /* pipeline.cpp */,
				5A360BBF20E4B0440063A9FC /* pipeline.hpp */,
			);
			path = core;
			sourceTree = "<group>";
		};
/* End PBXGroup section */

/* Begin PBXNativeTarget section */
		5A5948C220E1D94F00888446 /* render */ = {
			isa = PBXNativeTarget;
			buildConfigurationList = 5A5948CC20E1D94F00888446 /* Build configuration list for PBXNativeTarget "render" */;
			buildPhases = (
				5A5948BF20E1D94F00888446 /* Sources */,
				5A5948C020E1D94F00888446 /* Frameworks */,
				5A5948C120E1D94F00888446 /* Copy Files */,
			);
			buildRules = (
			);
			dependencies = (
			);
			name = render;
			productName = render;
			productReference = 5A5948C320E1D94F00888446 /* librender.a */;
			productType = "com.apple.product-type.library.static";
		};
/* End PBXNativeTarget section */

/* Begin PBXProject section */
		5A5948BB20E1D94F00888446 /* Project object */ = {
			isa = PBXProject;
			attributes = {
				LastUpgradeCheck = 0900;
				ORGANIZATIONNAME = redliu;
				TargetAttributes = {
					5A5948C220E1D94F00888446 = {
						CreatedOnToolsVersion = 9.0;
						ProvisioningStyle = Automatic;
					};
				};
			};
			buildConfigurationList = 5A5948BE20E1D94F00888446 /* Build configuration list for PBXProject "render" */;
			compatibilityVersion = "Xcode 8.0";
			developmentRegion = en;
			hasScannedForEncodings = 0;
			knownRegions = (
				en,
			);
			mainGroup = 5A5948BA20E1D94F00888446;
			productRefGroup = 5A5948C420E1D94F00888446 /* Products */;
			projectDirPath = "";
			projectRoot = "";
			targets = (
				5A5948C220E1D94F00888446 /* render */,
			);
		};
/* End PBXProject section */

/* Begin PBXSourcesBuildPhase section */
		5A5948BF20E1D94F00888446 /* Sources */ = {
			isa = PBXSourcesBuildPhase;
			buildActionMask = 2147483647;
			files = (
				5A34FA9F20E38E19009D8EBF /* bones_mesh.cpp in Sources */,
				5A34FAAD20E3BCA5009D8EBF /* bones.cpp in Sources */,
				5A594A2420E1DCF100888446 /* interface_render.cpp in Sources */,
				5A5948DF20E1DA2E00888446 /* gl_triangle.cpp in Sources */,
				5A34FA9920E38B53009D8EBF /* bones_shader.cpp in Sources */,
				5A8C718820E228B100B421FD /* model.cpp in Sources */,
				5A5948E620E1DA2E00888446 /* shader.cpp in Sources */,
				5A360BC020E4B0440063A9FC /* pipeline.cpp in Sources */,
				5A34FAA620E3A901009D8EBF /* math.cpp in Sources */,
				5A5948E120E1DA2E00888446 /* camera.cpp in Sources */,
				5A5948E020E1DA2E00888446 /* context.cpp in Sources */,
				5A34FAB020E3C0D6009D8EBF /* timer.cpp in Sources */,
				5A5948E520E1DA2E00888446 /* stb_image.c in Sources */,
				5A34FAA320E39603009D8EBF /* texture.cpp in Sources */,
				5A8C718520E228A300B421FD /* mesh.cpp in Sources */,
				5A5948E320E1DA2E00888446 /* rander.cpp in Sources */,
			);
			runOnlyForDeploymentPostprocessing = 0;
		};
/* End PBXSourcesBuildPhase section */

/* Begin XCBuildConfiguration section */
		5A5948CA20E1D94F00888446 /* Debug */ = {
			isa = XCBuildConfiguration;
			buildSettings = {
				ALWAYS_SEARCH_USER_PATHS = NO;
				CLANG_ANALYZER_NONNULL = YES;
				CLANG_ANALYZER_NUMBER_OBJECT_CONVERSION = YES_AGGRESSIVE;
				CLANG_CXX_LANGUAGE_STANDARD = "gnu++14";
				CLANG_CXX_LIBRARY = "libc++";
				CLANG_ENABLE_MODULES = YES;
				CLANG_ENABLE_OBJC_ARC = YES;
				CLANG_WARN_BLOCK_CAPTURE_AUTORELEASING = YES;
				CLANG_WARN_BOOL_CONVERSION = YES;
				CLANG_WARN_COMMA = YES;
				CLANG_WARN_CONSTANT_CONVERSION = YES;
				CLANG_WARN_DIRECT_OBJC_ISA_USAGE = YES_ERROR;
				CLANG_WARN_DOCUMENTATION_COMMENTS = YES;
				CLANG_WARN_EMPTY_BODY = YES;
				CLANG_WARN_ENUM_CONVERSION = YES;
				CLANG_WARN_INFINITE_RECURSION = YES;
				CLANG_WARN_INT_CONVERSION = YES;
				CLANG_WARN_NON_LITERAL_NULL_CONVERSION = YES;
				CLANG_WARN_OBJC_LITERAL_CONVERSION = YES;
				CLANG_WARN_OBJC_ROOT_CLASS = YES_ERROR;
				CLANG_WARN_RANGE_LOOP_ANALYSIS = YES;
				CLANG_WARN_STRICT_PROTOTYPES = YES;
				CLANG_WARN_SUSPICIOUS_MOVE = YES;
				CLANG_WARN_UNGUARDED_AVAILABILITY = YES_AGGRESSIVE;
				CLANG_WARN_UNREACHABLE_CODE = YES;
				CLANG_WARN__DUPLICATE_METHOD_MATCH = YES;
				CODE_SIGN_IDENTITY = "iPhone Developer";
				CONFIGURATION_TEMP_DIR = "/Users/liu/work/lh_render+/bin";
				COPY_PHASE_STRIP = NO;
				DEBUG_INFORMATION_FORMAT = dwarf;
				ENABLE_STRICT_OBJC_MSGSEND = YES;
				ENABLE_TESTABILITY = YES;
				GCC_C_LANGUAGE_STANDARD = gnu11;
				GCC_DYNAMIC_NO_PIC = NO;
				GCC_NO_COMMON_BLOCKS = YES;
				GCC_OPTIMIZATION_LEVEL = 0;
				GCC_PREPROCESSOR_DEFINITIONS = (
					"DEBUG=1",
					"$(inherited)",
				);
				GCC_WARN_64_TO_32_BIT_CONVERSION = YES;
				GCC_WARN_ABOUT_RETURN_TYPE = YES_ERROR;
				GCC_WARN_UNDECLARED_SELECTOR = YES;
				GCC_WARN_UNINITIALIZED_AUTOS = YES_AGGRESSIVE;
				GCC_WARN_UNUSED_FUNCTION = YES;
				GCC_WARN_UNUSED_VARIABLE = YES;
				IPHONEOS_DEPLOYMENT_TARGET = 11.0;
				MTL_ENABLE_DEBUG_INFO = YES;
				ONLY_ACTIVE_ARCH = YES;
				SDKROOT = iphoneos;
			};
			name = Debug;
		};
		5A5948CB20E1D94F00888446 /* Release */ = {
			isa = XCBuildConfiguration;
			buildSettings = {
				ALWAYS_SEARCH_USER_PATHS = NO;
				CLANG_ANALYZER_NONNULL = YES;
				CLANG_ANALYZER_NUMBER_OBJECT_CONVERSION = YES_AGGRESSIVE;
				CLANG_CXX_LANGUAGE_STANDARD = "gnu++14";
				CLANG_CXX_LIBRARY = "libc++";
				CLANG_ENABLE_MODULES = YES;
				CLANG_ENABLE_OBJC_ARC = YES;
				CLANG_WARN_BLOCK_CAPTURE_AUTORELEASING = YES;
				CLANG_WARN_BOOL_CONVERSION = YES;
				CLANG_WARN_COMMA = YES;
				CLANG_WARN_CONSTANT_CONVERSION = YES;
				CLANG_WARN_DIRECT_OBJC_ISA_USAGE = YES_ERROR;
				CLANG_WARN_DOCUMENTATION_COMMENTS = YES;
				CLANG_WARN_EMPTY_BODY = YES;
				CLANG_WARN_ENUM_CONVERSION = YES;
				CLANG_WARN_INFINITE_RECURSION = YES;
				CLANG_WARN_INT_CONVERSION = YES;
				CLANG_WARN_NON_LITERAL_NULL_CONVERSION = YES;
				CLANG_WARN_OBJC_LITERAL_CONVERSION = YES;
				CLANG_WARN_OBJC_ROOT_CLASS = YES_ERROR;
				CLANG_WARN_RANGE_LOOP_ANALYSIS = YES;
				CLANG_WARN_STRICT_PROTOTYPES = YES;
				CLANG_WARN_SUSPICIOUS_MOVE = YES;
				CLANG_WARN_UNGUARDED_AVAILABILITY = YES_AGGRESSIVE;
				CLANG_WARN_UNREACHABLE_CODE = YES;
				CLANG_WARN__DUPLICATE_METHOD_MATCH = YES;
				CODE_SIGN_IDENTITY = "iPhone Developer";
				CONFIGURATION_TEMP_DIR = "/Users/liu/work/lh_render+/bin";
				COPY_PHASE_STRIP = NO;
				DEBUG_INFORMATION_FORMAT = "dwarf-with-dsym";
				ENABLE_NS_ASSERTIONS = NO;
				ENABLE_STRICT_OBJC_MSGSEND = YES;
				GCC_C_LANGUAGE_STANDARD = gnu11;
				GCC_NO_COMMON_BLOCKS = YES;
				GCC_WARN_64_TO_32_BIT_CONVERSION = YES;
				GCC_WARN_ABOUT_RETURN_TYPE = YES_ERROR;
				GCC_WARN_UNDECLARED_SELECTOR = YES;
				GCC_WARN_UNINITIALIZED_AUTOS = YES_AGGRESSIVE;
				GCC_WARN_UNUSED_FUNCTION = YES;
				GCC_WARN_UNUSED_VARIABLE = YES;
				IPHONEOS_DEPLOYMENT_TARGET = 11.0;
				MTL_ENABLE_DEBUG_INFO = NO;
				SDKROOT = iphoneos;
				VALIDATE_PRODUCT = YES;
			};
			name = Release;
		};
		5A5948CD20E1D94F00888446 /* Debug */ = {
			isa = XCBuildConfiguration;
			buildSettings = {
				CODE_SIGN_STYLE = Automatic;
				CONFIGURATION_BUILD_DIR = "~/render_bin";
				CONFIGURATION_TEMP_DIR = "~/render_bin";
				DEVELOPMENT_TEAM = 9846B32FFU;
				HEADER_SEARCH_PATHS = (
					"\"$(SRCROOT)/\"",
					"\"$(SRCROOT)/../3rd/assimp\"",
				);
				LIBRARY_SEARCH_PATHS = (
					"$(inherited)",
					"$(PROJECT_DIR)/lib",
					"$(PROJECT_DIR)",
				);
				OTHER_LDFLAGS = "-ObjC";
				PRODUCT_NAME = "$(TARGET_NAME)";
				SKIP_INSTALL = YES;
				TARGETED_DEVICE_FAMILY = "1,2";
			};
			name = Debug;
		};
		5A5948CE20E1D94F00888446 /* Release */ = {
			isa = XCBuildConfiguration;
			buildSettings = {
				CODE_SIGN_STYLE = Automatic;
				CONFIGURATION_BUILD_DIR = "~/render_bin";
				CONFIGURATION_TEMP_DIR = "~/render_bin";
				DEVELOPMENT_TEAM = 9846B32FFU;
				HEADER_SEARCH_PATHS = (
					"\"$(SRCROOT)/\"",
					"\"$(SRCROOT)/../3rd/assimp\"",
				);
				LIBRARY_SEARCH_PATHS = (
					"$(inherited)",
					"$(PROJECT_DIR)/lib",
					"$(PROJECT_DIR)",
				);
				OTHER_LDFLAGS = "-ObjC";
				PRODUCT_NAME = "$(TARGET_NAME)";
				SKIP_INSTALL = YES;
				TARGETED_DEVICE_FAMILY = "1,2";
			};
			name = Release;
		};
/* End XCBuildConfiguration section */

/* Begin XCConfigurationList section */
		5A5948BE20E1D94F00888446 /* Build configuration list for PBXProject "render" */ = {
			isa = XCConfigurationList;
			buildConfigurations = (
				5A5948CA20E1D94F00888446 /* Debug */,
				5A5948CB20E1D94F00888446 /* Release */,
			);
			defaultConfigurationIsVisible = 0;
			defaultConfigurationName = Release;
		};
		5A5948CC20E1D94F00888446 /* Build configuration list for PBXNativeTarget "render" */ = {
			isa = XCConfigurationList;
			buildConfigurations = (
				5A5948CD20E1D94F00888446 /* Debug */,
				5A5948CE20E1D94F00888446 /* Release */,
			);
			defaultConfigurationIsVisible = 0;
			defaultConfigurationName = Release;
		};
/* End XCConfigurationList section */
	};
	rootObject = 5A5948BB20E1D94F00888446 /* Project object */;
}
