// !$*UTF8*$!
{
	archiveVersion = 1;
	classes = {
	};
	objectVersion = 48;
	objects = {

/* Begin PBXBuildFile section */
		5A0D4AF121065B70005262FE /* stb_image.cpp in Sources */ = {isa = PBXBuildFile; fileRef = 5A0D4AF021065B70005262FE /* stb_image.cpp */; };
		5AA673002105052900578C2A /* effect.cpp in Sources */ = {isa = PBXBuildFile; fileRef = 5AA672A02105052900578C2A /* effect.cpp */; };
		5AA673012105052900578C2A /* ftcontour.cpp in Sources */ = {isa = PBXBuildFile; fileRef = 5AA672A42105052900578C2A /* ftcontour.cpp */; };
		5AA673022105052900578C2A /* ftfreetype.cpp in Sources */ = {isa = PBXBuildFile; fileRef = 5AA672A62105052900578C2A /* ftfreetype.cpp */; };
		5AA673032105052900578C2A /* ftgenerate_tri.cpp in Sources */ = {isa = PBXBuildFile; fileRef = 5AA672A82105052900578C2A /* ftgenerate_tri.cpp */; };
		5AA673042105052900578C2A /* ftpoint.cpp in Sources */ = {isa = PBXBuildFile; fileRef = 5AA672AA2105052900578C2A /* ftpoint.cpp */; };
		5AA673052105052900578C2A /* ftptri.cpp in Sources */ = {isa = PBXBuildFile; fileRef = 5AA672AC2105052900578C2A /* ftptri.cpp */; };
		5AA673062105052900578C2A /* basefont.cpp in Sources */ = {isa = PBXBuildFile; fileRef = 5AA672B02105052900578C2A /* basefont.cpp */; };
		5AA673072105052900578C2A /* font.cpp in Sources */ = {isa = PBXBuildFile; fileRef = 5AA672B22105052900578C2A /* font.cpp */; };
		5AA673082105052900578C2A /* shapes.cc in Sources */ = {isa = PBXBuildFile; fileRef = 5AA672B62105052900578C2A /* shapes.cc */; };
		5AA673092105052900578C2A /* advancing_front.cc in Sources */ = {isa = PBXBuildFile; fileRef = 5AA672BB2105052900578C2A /* advancing_front.cc */; };
		5AA6730A2105052900578C2A /* cdt.cc in Sources */ = {isa = PBXBuildFile; fileRef = 5AA672BD2105052900578C2A /* cdt.cc */; };
		5AA6730B2105052900578C2A /* sweep.cc in Sources */ = {isa = PBXBuildFile; fileRef = 5AA672BF2105052900578C2A /* sweep.cc */; };
		5AA6730C2105052900578C2A /* sweep_context.cc in Sources */ = {isa = PBXBuildFile; fileRef = 5AA672C12105052900578C2A /* sweep_context.cc */; };
		5AA6730D2105052900578C2A /* lights.cpp in Sources */ = {isa = PBXBuildFile; fileRef = 5AA672C32105052900578C2A /* lights.cpp */; };
		5AA6730E2105052900578C2A /* skeletal.cpp in Sources */ = {isa = PBXBuildFile; fileRef = 5AA672C52105052900578C2A /* skeletal.cpp */; };
		5AA6730F2105052900578C2A /* math_common.cpp in Sources */ = {isa = PBXBuildFile; fileRef = 5AA672C82105052900578C2A /* math_common.cpp */; };
		5AA673102105052900578C2A /* quaternion.cpp in Sources */ = {isa = PBXBuildFile; fileRef = 5AA672D02105052900578C2A /* quaternion.cpp */; };
		5AA673112105052900578C2A /* context.cpp in Sources */ = {isa = PBXBuildFile; fileRef = 5AA672D92105052900578C2A /* context.cpp */; };
		5AA673122105052900578C2A /* log.cpp in Sources */ = {isa = PBXBuildFile; fileRef = 5AA672DC2105052900578C2A /* log.cpp */; };
		5AA673132105052900578C2A /* object.cpp in Sources */ = {isa = PBXBuildFile; fileRef = 5AA672DE2105052900578C2A /* object.cpp */; };
		5AA673142105052900578C2A /* ref_counted.cpp in Sources */ = {isa = PBXBuildFile; fileRef = 5AA672E02105052900578C2A /* ref_counted.cpp */; };
		5AA673162105052900578C2A /* string_hash.cpp in Sources */ = {isa = PBXBuildFile; fileRef = 5AA672E52105052900578C2A /* string_hash.cpp */; };
		5AA673172105052900578C2A /* texture.cpp in Sources */ = {isa = PBXBuildFile; fileRef = 5AA672E72105052900578C2A /* texture.cpp */; };
		5AA673182105052900578C2A /* timer.cpp in Sources */ = {isa = PBXBuildFile; fileRef = 5AA672E92105052900578C2A /* timer.cpp */; };
		5AA673192105052900578C2A /* materials.cpp in Sources */ = {isa = PBXBuildFile; fileRef = 5AA672ED2105052900578C2A /* materials.cpp */; };
		5AA6731A2105052900578C2A /* shader.cpp in Sources */ = {isa = PBXBuildFile; fileRef = 5AA672EF2105052900578C2A /* shader.cpp */; };
		5AA6731B2105052900578C2A /* animatable.cpp in Sources */ = {isa = PBXBuildFile; fileRef = 5AA672F22105052900578C2A /* animatable.cpp */; };
		5AA6731C2105052900578C2A /* camera.cpp in Sources */ = {isa = PBXBuildFile; fileRef = 5AA672F42105052900578C2A /* camera.cpp */; };
		5AA6731D2105052900578C2A /* component.cpp in Sources */ = {isa = PBXBuildFile; fileRef = 5AA672F62105052900578C2A /* component.cpp */; };
		5AA6731E2105052900578C2A /* egl_context.cpp in Sources */ = {isa = PBXBuildFile; fileRef = 5AA672F82105052900578C2A /* egl_context.cpp */; };
		5AA6731F2105052900578C2A /* entity.cpp in Sources */ = {isa = PBXBuildFile; fileRef = 5AA672F92105052900578C2A /* entity.cpp */; };
		5AA673202105052900578C2A /* interface_render.cpp in Sources */ = {isa = PBXBuildFile; fileRef = 5AA672FB2105052900578C2A /* interface_render.cpp */; };
		5AA673212105052900578C2A /* pipeline.cpp in Sources */ = {isa = PBXBuildFile; fileRef = 5AA672FC2105052900578C2A /* pipeline.cpp */; };
		5AA673222105052900578C2A /* scene.cpp in Sources */ = {isa = PBXBuildFile; fileRef = 5AA672FE2105052900578C2A /* scene.cpp */; };
		5ADACCEB21211D000023D644 /* framebuffer.cpp in Sources */ = {isa = PBXBuildFile; fileRef = 5ADACCE921211D000023D644 /* framebuffer.cpp */; };
		5ADC278120F1EF1900B77B88 /* OpenGLES.framework in Frameworks */ = {isa = PBXBuildFile; fileRef = 5ADC278020F1EF1900B77B88 /* OpenGLES.framework */; };
/* End PBXBuildFile section */

/* Begin PBXCopyFilesBuildPhase section */
		5AE9E46B20EC988D00304307 /* CopyFiles */ = {
			isa = PBXCopyFilesBuildPhase;
			buildActionMask = 2147483647;
			dstPath = "include/$(PRODUCT_NAME)";
			dstSubfolderSpec = 16;
			files = (
			);
			runOnlyForDeploymentPostprocessing = 0;
		};
/* End PBXCopyFilesBuildPhase section */

/* Begin PBXFileReference section */
		5A0D4AF021065B70005262FE /* stb_image.cpp */ = {isa = PBXFileReference; fileEncoding = 4; lastKnownFileType = sourcecode.cpp.cpp; path = stb_image.cpp; sourceTree = "<group>"; };
		5A9838CC20FC634B00D85749 /* libfreetype.a */ = {isa = PBXFileReference; lastKnownFileType = archive.ar; name = libfreetype.a; path = ../3rd/libfreetype.a; sourceTree = "<group>"; };
		5AA672A02105052900578C2A /* effect.cpp */ = {isa = PBXFileReference; fileEncoding = 4; lastKnownFileType = sourcecode.cpp.cpp; path = effect.cpp; sourceTree = "<group>"; };
		5AA672A12105052900578C2A /* effect.hpp */ = {isa = PBXFileReference; fileEncoding = 4; lastKnownFileType = sourcecode.cpp.h; path = effect.hpp; sourceTree = "<group>"; };
		5AA672A42105052900578C2A /* ftcontour.cpp */ = {isa = PBXFileReference; fileEncoding = 4; lastKnownFileType = sourcecode.cpp.cpp; path = ftcontour.cpp; sourceTree = "<group>"; };
		5AA672A52105052900578C2A /* ftcontour.h */ = {isa = PBXFileReference; fileEncoding = 4; lastKnownFileType = sourcecode.c.h; path = ftcontour.h; sourceTree = "<group>"; };
		5AA672A62105052900578C2A /* ftfreetype.cpp */ = {isa = PBXFileReference; fileEncoding = 4; lastKnownFileType = sourcecode.cpp.cpp; path = ftfreetype.cpp; sourceTree = "<group>"; };
		5AA672A72105052900578C2A /* ftfreetype.h */ = {isa = PBXFileReference; fileEncoding = 4; lastKnownFileType = sourcecode.c.h; path = ftfreetype.h; sourceTree = "<group>"; };
		5AA672A82105052900578C2A /* ftgenerate_tri.cpp */ = {isa = PBXFileReference; fileEncoding = 4; lastKnownFileType = sourcecode.cpp.cpp; path = ftgenerate_tri.cpp; sourceTree = "<group>"; };
		5AA672A92105052900578C2A /* ftgenerate_tri.h */ = {isa = PBXFileReference; fileEncoding = 4; lastKnownFileType = sourcecode.c.h; path = ftgenerate_tri.h; sourceTree = "<group>"; };
		5AA672AA2105052900578C2A /* ftpoint.cpp */ = {isa = PBXFileReference; fileEncoding = 4; lastKnownFileType = sourcecode.cpp.cpp; path = ftpoint.cpp; sourceTree = "<group>"; };
		5AA672AB2105052900578C2A /* ftpoint.h */ = {isa = PBXFileReference; fileEncoding = 4; lastKnownFileType = sourcecode.c.h; path = ftpoint.h; sourceTree = "<group>"; };
		5AA672AC2105052900578C2A /* ftptri.cpp */ = {isa = PBXFileReference; fileEncoding = 4; lastKnownFileType = sourcecode.cpp.cpp; path = ftptri.cpp; sourceTree = "<group>"; };
		5AA672AD2105052900578C2A /* ftptri.h */ = {isa = PBXFileReference; fileEncoding = 4; lastKnownFileType = sourcecode.c.h; path = ftptri.h; sourceTree = "<group>"; };
		5AA672AE2105052900578C2A /* fttype.h */ = {isa = PBXFileReference; fileEncoding = 4; lastKnownFileType = sourcecode.c.h; path = fttype.h; sourceTree = "<group>"; };
		5AA672AF2105052900578C2A /* ftvector.h */ = {isa = PBXFileReference; fileEncoding = 4; lastKnownFileType = sourcecode.c.h; path = ftvector.h; sourceTree = "<group>"; };
		5AA672B02105052900578C2A /* basefont.cpp */ = {isa = PBXFileReference; fileEncoding = 4; lastKnownFileType = sourcecode.cpp.cpp; path = basefont.cpp; sourceTree = "<group>"; };
		5AA672B12105052900578C2A /* basefont.h */ = {isa = PBXFileReference; fileEncoding = 4; lastKnownFileType = sourcecode.c.h; path = basefont.h; sourceTree = "<group>"; };
		5AA672B22105052900578C2A /* font.cpp */ = {isa = PBXFileReference; fileEncoding = 4; lastKnownFileType = sourcecode.cpp.cpp; path = font.cpp; sourceTree = "<group>"; };
		5AA672B32105052900578C2A /* font.h */ = {isa = PBXFileReference; fileEncoding = 4; lastKnownFileType = sourcecode.c.h; path = font.h; sourceTree = "<group>"; };
		5AA672B62105052900578C2A /* shapes.cc */ = {isa = PBXFileReference; fileEncoding = 4; lastKnownFileType = sourcecode.cpp.cpp; path = shapes.cc; sourceTree = "<group>"; };
		5AA672B72105052900578C2A /* shapes.h */ = {isa = PBXFileReference; fileEncoding = 4; lastKnownFileType = sourcecode.c.h; path = shapes.h; sourceTree = "<group>"; };
		5AA672B82105052900578C2A /* utils.h */ = {isa = PBXFileReference; fileEncoding = 4; lastKnownFileType = sourcecode.c.h; path = utils.h; sourceTree = "<group>"; };
		5AA672B92105052900578C2A /* poly2tri.h */ = {isa = PBXFileReference; fileEncoding = 4; lastKnownFileType = sourcecode.c.h; path = poly2tri.h; sourceTree = "<group>"; };
		5AA672BB2105052900578C2A /* advancing_front.cc */ = {isa = PBXFileReference; fileEncoding = 4; lastKnownFileType = sourcecode.cpp.cpp; path = advancing_front.cc; sourceTree = "<group>"; };
		5AA672BC2105052900578C2A /* advancing_front.h */ = {isa = PBXFileReference; fileEncoding = 4; lastKnownFileType = sourcecode.c.h; path = advancing_front.h; sourceTree = "<group>"; };
		5AA672BD2105052900578C2A /* cdt.cc */ = {isa = PBXFileReference; fileEncoding = 4; lastKnownFileType = sourcecode.cpp.cpp; path = cdt.cc; sourceTree = "<group>"; };
		5AA672BE2105052900578C2A /* cdt.h */ = {isa = PBXFileReference; fileEncoding = 4; lastKnownFileType = sourcecode.c.h; path = cdt.h; sourceTree = "<group>"; };
		5AA672BF2105052900578C2A /* sweep.cc */ = {isa = PBXFileReference; fileEncoding = 4; lastKnownFileType = sourcecode.cpp.cpp; path = sweep.cc; sourceTree = "<group>"; };
		5AA672C02105052900578C2A /* sweep.h */ = {isa = PBXFileReference; fileEncoding = 4; lastKnownFileType = sourcecode.c.h; path = sweep.h; sourceTree = "<group>"; };
		5AA672C12105052900578C2A /* sweep_context.cc */ = {isa = PBXFileReference; fileEncoding = 4; lastKnownFileType = sourcecode.cpp.cpp; path = sweep_context.cc; sourceTree = "<group>"; };
		5AA672C22105052900578C2A /* sweep_context.h */ = {isa = PBXFileReference; fileEncoding = 4; lastKnownFileType = sourcecode.c.h; path = sweep_context.h; sourceTree = "<group>"; };
		5AA672C32105052900578C2A /* lights.cpp */ = {isa = PBXFileReference; fileEncoding = 4; lastKnownFileType = sourcecode.cpp.cpp; path = lights.cpp; sourceTree = "<group>"; };
		5AA672C42105052900578C2A /* lights.hpp */ = {isa = PBXFileReference; fileEncoding = 4; lastKnownFileType = sourcecode.cpp.h; path = lights.hpp; sourceTree = "<group>"; };
		5AA672C52105052900578C2A /* skeletal.cpp */ = {isa = PBXFileReference; fileEncoding = 4; lastKnownFileType = sourcecode.cpp.cpp; path = skeletal.cpp; sourceTree = "<group>"; };
		5AA672C62105052900578C2A /* skeletal.hpp */ = {isa = PBXFileReference; fileEncoding = 4; lastKnownFileType = sourcecode.cpp.h; path = skeletal.hpp; sourceTree = "<group>"; };
		5AA672C82105052900578C2A /* math_common.cpp */ = {isa = PBXFileReference; fileEncoding = 4; lastKnownFileType = sourcecode.cpp.cpp; path = math_common.cpp; sourceTree = "<group>"; };
		5AA672C92105052900578C2A /* math_common.hpp */ = {isa = PBXFileReference; fileEncoding = 4; lastKnownFileType = sourcecode.cpp.h; path = math_common.hpp; sourceTree = "<group>"; };
		5AA672CA2105052900578C2A /* matrix.hpp */ = {isa = PBXFileReference; fileEncoding = 4; lastKnownFileType = sourcecode.cpp.h; path = matrix.hpp; sourceTree = "<group>"; };
		5AA672CB2105052900578C2A /* matrix.inl */ = {isa = PBXFileReference; fileEncoding = 4; lastKnownFileType = text; path = matrix.inl; sourceTree = "<group>"; };
		5AA672CC2105052900578C2A /* matrix_binary.inl */ = {isa = PBXFileReference; fileEncoding = 4; lastKnownFileType = text; path = matrix_binary.inl; sourceTree = "<group>"; };
		5AA672CD2105052900578C2A /* matrix_specialization.inl */ = {isa = PBXFileReference; fileEncoding = 4; lastKnownFileType = text; path = matrix_specialization.inl; sourceTree = "<group>"; };
		5AA672CE2105052900578C2A /* policy.h */ = {isa = PBXFileReference; fileEncoding = 4; lastKnownFileType = sourcecode.c.h; path = policy.h; sourceTree = "<group>"; };
		5AA672CF2105052900578C2A /* precision.h */ = {isa = PBXFileReference; fileEncoding = 4; lastKnownFileType = sourcecode.c.h; path = precision.h; sourceTree = "<group>"; };
		5AA672D02105052900578C2A /* quaternion.cpp */ = {isa = PBXFileReference; fileEncoding = 4; lastKnownFileType = sourcecode.cpp.cpp; path = quaternion.cpp; sourceTree = "<group>"; };
		5AA672D12105052900578C2A /* quaternion.hpp */ = {isa = PBXFileReference; fileEncoding = 4; lastKnownFileType = sourcecode.cpp.h; path = quaternion.hpp; sourceTree = "<group>"; };
		5AA672D22105052900578C2A /* traits.h */ = {isa = PBXFileReference; fileEncoding = 4; lastKnownFileType = sourcecode.c.h; path = traits.h; sourceTree = "<group>"; };
		5AA672D32105052900578C2A /* vertex.hpp */ = {isa = PBXFileReference; fileEncoding = 4; lastKnownFileType = sourcecode.cpp.h; path = vertex.hpp; sourceTree = "<group>"; };
		5AA672D42105052900578C2A /* vertex.inl */ = {isa = PBXFileReference; fileEncoding = 4; lastKnownFileType = text; path = vertex.inl; sourceTree = "<group>"; };
		5AA672D52105052900578C2A /* vertex_binary.inl */ = {isa = PBXFileReference; fileEncoding = 4; lastKnownFileType = text; path = vertex_binary.inl; sourceTree = "<group>"; };
		5AA672D72105052900578C2A /* base_type.h */ = {isa = PBXFileReference; fileEncoding = 4; lastKnownFileType = sourcecode.c.h; path = base_type.h; sourceTree = "<group>"; };
		5AA672D82105052900578C2A /* config_render.h */ = {isa = PBXFileReference; fileEncoding = 4; lastKnownFileType = sourcecode.c.h; path = config_render.h; sourceTree = "<group>"; };
		5AA672D92105052900578C2A /* context.cpp */ = {isa = PBXFileReference; fileEncoding = 4; lastKnownFileType = sourcecode.cpp.cpp; path = context.cpp; sourceTree = "<group>"; };
		5AA672DA2105052900578C2A /* context.h */ = {isa = PBXFileReference; fileEncoding = 4; lastKnownFileType = sourcecode.c.h; path = context.h; sourceTree = "<group>"; };
		5AA672DB2105052900578C2A /* debug_new.h */ = {isa = PBXFileReference; fileEncoding = 4; lastKnownFileType = sourcecode.c.h; path = debug_new.h; sourceTree = "<group>"; };
		5AA672DC2105052900578C2A /* log.cpp */ = {isa = PBXFileReference; fileEncoding = 4; lastKnownFileType = sourcecode.cpp.cpp; path = log.cpp; sourceTree = "<group>"; };
		5AA672DD2105052900578C2A /* log.hpp */ = {isa = PBXFileReference; fileEncoding = 4; lastKnownFileType = sourcecode.cpp.h; path = log.hpp; sourceTree = "<group>"; };
		5AA672DE2105052900578C2A /* object.cpp */ = {isa = PBXFileReference; fileEncoding = 4; lastKnownFileType = sourcecode.cpp.cpp; path = object.cpp; sourceTree = "<group>"; };
		5AA672DF2105052900578C2A /* object.h */ = {isa = PBXFileReference; fileEncoding = 4; lastKnownFileType = sourcecode.c.h; path = object.h; sourceTree = "<group>"; };
		5AA672E02105052900578C2A /* ref_counted.cpp */ = {isa = PBXFileReference; fileEncoding = 4; lastKnownFileType = sourcecode.cpp.cpp; path = ref_counted.cpp; sourceTree = "<group>"; };
		5AA672E12105052900578C2A /* ref_counted.hpp */ = {isa = PBXFileReference; fileEncoding = 4; lastKnownFileType = sourcecode.cpp.h; path = ref_counted.hpp; sourceTree = "<group>"; };
		5AA672E22105052900578C2A /* single.h */ = {isa = PBXFileReference; fileEncoding = 4; lastKnownFileType = sourcecode.c.h; path = single.h; sourceTree = "<group>"; };
		5AA672E42105052900578C2A /* stb_image.h */ = {isa = PBXFileReference; fileEncoding = 4; lastKnownFileType = sourcecode.c.h; path = stb_image.h; sourceTree = "<group>"; };
		5AA672E52105052900578C2A /* string_hash.cpp */ = {isa = PBXFileReference; fileEncoding = 4; lastKnownFileType = sourcecode.cpp.cpp; path = string_hash.cpp; sourceTree = "<group>"; };
		5AA672E62105052900578C2A /* string_hash.hpp */ = {isa = PBXFileReference; fileEncoding = 4; lastKnownFileType = sourcecode.cpp.h; path = string_hash.hpp; sourceTree = "<group>"; };
		5AA672E72105052900578C2A /* texture.cpp */ = {isa = PBXFileReference; fileEncoding = 4; lastKnownFileType = sourcecode.cpp.cpp; path = texture.cpp; sourceTree = "<group>"; };
		5AA672E82105052900578C2A /* texture.hpp */ = {isa = PBXFileReference; fileEncoding = 4; lastKnownFileType = sourcecode.cpp.h; path = texture.hpp; sourceTree = "<group>"; };
		5AA672E92105052900578C2A /* timer.cpp */ = {isa = PBXFileReference; fileEncoding = 4; lastKnownFileType = sourcecode.cpp.cpp; path = timer.cpp; sourceTree = "<group>"; };
		5AA672EA2105052900578C2A /* timer.hpp */ = {isa = PBXFileReference; fileEncoding = 4; lastKnownFileType = sourcecode.cpp.h; path = timer.hpp; sourceTree = "<group>"; };
		5AA672EB2105052900578C2A /* type_render.h */ = {isa = PBXFileReference; fileEncoding = 4; lastKnownFileType = sourcecode.c.h; path = type_render.h; sourceTree = "<group>"; };
		5AA672ED2105052900578C2A /* materials.cpp */ = {isa = PBXFileReference; fileEncoding = 4; lastKnownFileType = sourcecode.cpp.cpp; path = materials.cpp; sourceTree = "<group>"; };
		5AA672EE2105052900578C2A /* materials.hpp */ = {isa = PBXFileReference; fileEncoding = 4; lastKnownFileType = sourcecode.cpp.h; path = materials.hpp; sourceTree = "<group>"; };
		5AA672EF2105052900578C2A /* shader.cpp */ = {isa = PBXFileReference; fileEncoding = 4; lastKnownFileType = sourcecode.cpp.cpp; path = shader.cpp; sourceTree = "<group>"; };
		5AA672F02105052900578C2A /* shader.hpp */ = {isa = PBXFileReference; fileEncoding = 4; lastKnownFileType = sourcecode.cpp.h; path = shader.hpp; sourceTree = "<group>"; };
		5AA672F22105052900578C2A /* animatable.cpp */ = {isa = PBXFileReference; fileEncoding = 4; lastKnownFileType = sourcecode.cpp.cpp; path = animatable.cpp; sourceTree = "<group>"; };
		5AA672F32105052900578C2A /* animatable.hpp */ = {isa = PBXFileReference; fileEncoding = 4; lastKnownFileType = sourcecode.cpp.h; path = animatable.hpp; sourceTree = "<group>"; };
		5AA672F42105052900578C2A /* camera.cpp */ = {isa = PBXFileReference; fileEncoding = 4; lastKnownFileType = sourcecode.cpp.cpp; path = camera.cpp; sourceTree = "<group>"; };
		5AA672F52105052900578C2A /* camera.hpp */ = {isa = PBXFileReference; fileEncoding = 4; lastKnownFileType = sourcecode.cpp.h; path = camera.hpp; sourceTree = "<group>"; };
		5AA672F62105052900578C2A /* component.cpp */ = {isa = PBXFileReference; fileEncoding = 4; lastKnownFileType = sourcecode.cpp.cpp; path = component.cpp; sourceTree = "<group>"; };
		5AA672F72105052900578C2A /* component.hpp */ = {isa = PBXFileReference; fileEncoding = 4; lastKnownFileType = sourcecode.cpp.h; path = component.hpp; sourceTree = "<group>"; };
		5AA672F82105052900578C2A /* egl_context.cpp */ = {isa = PBXFileReference; fileEncoding = 4; lastKnownFileType = sourcecode.cpp.cpp; path = egl_context.cpp; sourceTree = "<group>"; };
		5AA672F92105052900578C2A /* entity.cpp */ = {isa = PBXFileReference; fileEncoding = 4; lastKnownFileType = sourcecode.cpp.cpp; path = entity.cpp; sourceTree = "<group>"; };
		5AA672FA2105052900578C2A /* entity.hpp */ = {isa = PBXFileReference; fileEncoding = 4; lastKnownFileType = sourcecode.cpp.h; path = entity.hpp; sourceTree = "<group>"; };
		5AA672FB2105052900578C2A /* interface_render.cpp */ = {isa = PBXFileReference; fileEncoding = 4; lastKnownFileType = sourcecode.cpp.cpp; path = interface_render.cpp; sourceTree = "<group>"; };
		5AA672FC2105052900578C2A /* pipeline.cpp */ = {isa = PBXFileReference; fileEncoding = 4; lastKnownFileType = sourcecode.cpp.cpp; path = pipeline.cpp; sourceTree = "<group>"; };
		5AA672FD2105052900578C2A /* pipeline.hpp */ = {isa = PBXFileReference; fileEncoding = 4; lastKnownFileType = sourcecode.cpp.h; path = pipeline.hpp; sourceTree = "<group>"; };
		5AA672FE2105052900578C2A /* scene.cpp */ = {isa = PBXFileReference; fileEncoding = 4; lastKnownFileType = sourcecode.cpp.cpp; path = scene.cpp; sourceTree = "<group>"; };
		5AA672FF2105052900578C2A /* scene.hpp */ = {isa = PBXFileReference; fileEncoding = 4; lastKnownFileType = sourcecode.cpp.h; path = scene.hpp; sourceTree = "<group>"; };
		5ADACCE921211D000023D644 /* framebuffer.cpp */ = {isa = PBXFileReference; lastKnownFileType = sourcecode.cpp.cpp; path = framebuffer.cpp; sourceTree = "<group>"; };
		5ADACCEA21211D000023D644 /* framebuffer.hpp */ = {isa = PBXFileReference; lastKnownFileType = sourcecode.cpp.h; path = framebuffer.hpp; sourceTree = "<group>"; };
		5ADACCEC212120C90023D644 /* gl_file.h */ = {isa = PBXFileReference; lastKnownFileType = sourcecode.c.h; path = gl_file.h; sourceTree = "<group>"; };
		5ADC278020F1EF1900B77B88 /* OpenGLES.framework */ = {isa = PBXFileReference; lastKnownFileType = wrapper.framework; name = OpenGLES.framework; path = System/Library/Frameworks/OpenGLES.framework; sourceTree = SDKROOT; };
		5AE9E46D20EC988D00304307 /* libmegranate.a */ = {isa = PBXFileReference; explicitFileType = archive.ar; includeInIndex = 0; path = libmegranate.a; sourceTree = BUILT_PRODUCTS_DIR; };
/* End PBXFileReference section */

/* Begin PBXFrameworksBuildPhase section */
		5AE9E46A20EC988D00304307 /* Frameworks */ = {
			isa = PBXFrameworksBuildPhase;
			buildActionMask = 2147483647;
			files = (
				5ADC278120F1EF1900B77B88 /* OpenGLES.framework in Frameworks */,
			);
			runOnlyForDeploymentPostprocessing = 0;
		};
/* End PBXFrameworksBuildPhase section */

/* Begin PBXGroup section */
		5AA6729D2105052900578C2A /* megranate */ = {
			isa = PBXGroup;
			children = (
				5AA6729E2105052900578C2A /* core */,
				5AA672C72105052900578C2A /* math */,
				5AA672D62105052900578C2A /* object */,
				5AA672EC2105052900578C2A /* render */,
				5AA672F12105052900578C2A /* scene */,
			);
			name = megranate;
			path = ../../megranate/megranate;
			sourceTree = "<group>";
		};
		5AA6729E2105052900578C2A /* core */ = {
			isa = PBXGroup;
			children = (
				5AA6729F2105052900578C2A /* effect */,
				5AA672A22105052900578C2A /* fonts */,
				5AA672C32105052900578C2A /* lights.cpp */,
				5AA672C42105052900578C2A /* lights.hpp */,
				5AA672C52105052900578C2A /* skeletal.cpp */,
				5AA672C62105052900578C2A /* skeletal.hpp */,
			);
			path = core;
			sourceTree = "<group>";
		};
		5AA6729F2105052900578C2A /* effect */ = {
			isa = PBXGroup;
			children = (
				5AA672A02105052900578C2A /* effect.cpp */,
				5AA672A12105052900578C2A /* effect.hpp */,
			);
			path = effect;
			sourceTree = "<group>";
		};
		5AA672A22105052900578C2A /* fonts */ = {
			isa = PBXGroup;
			children = (
				5AA672A32105052900578C2A /* 3dfontskit */,
				5AA672B02105052900578C2A /* basefont.cpp */,
				5AA672B12105052900578C2A /* basefont.h */,
				5AA672B22105052900578C2A /* font.cpp */,
				5AA672B32105052900578C2A /* font.h */,
				5AA672B42105052900578C2A /* poly2tri */,
			);
			path = fonts;
			sourceTree = "<group>";
		};
		5AA672A32105052900578C2A /* 3dfontskit */ = {
			isa = PBXGroup;
			children = (
				5AA672A42105052900578C2A /* ftcontour.cpp */,
				5AA672A52105052900578C2A /* ftcontour.h */,
				5AA672A62105052900578C2A /* ftfreetype.cpp */,
				5AA672A72105052900578C2A /* ftfreetype.h */,
				5AA672A82105052900578C2A /* ftgenerate_tri.cpp */,
				5AA672A92105052900578C2A /* ftgenerate_tri.h */,
				5AA672AA2105052900578C2A /* ftpoint.cpp */,
				5AA672AB2105052900578C2A /* ftpoint.h */,
				5AA672AC2105052900578C2A /* ftptri.cpp */,
				5AA672AD2105052900578C2A /* ftptri.h */,
				5AA672AE2105052900578C2A /* fttype.h */,
				5AA672AF2105052900578C2A /* ftvector.h */,
			);
			path = 3dfontskit;
			sourceTree = "<group>";
		};
		5AA672B42105052900578C2A /* poly2tri */ = {
			isa = PBXGroup;
			children = (
				5AA672B52105052900578C2A /* common */,
				5AA672B92105052900578C2A /* poly2tri.h */,
				5AA672BA2105052900578C2A /* sweep */,
			);
			path = poly2tri;
			sourceTree = "<group>";
		};
		5AA672B52105052900578C2A /* common */ = {
			isa = PBXGroup;
			children = (
				5AA672B62105052900578C2A /* shapes.cc */,
				5AA672B72105052900578C2A /* shapes.h */,
				5AA672B82105052900578C2A /* utils.h */,
			);
			path = common;
			sourceTree = "<group>";
		};
		5AA672BA2105052900578C2A /* sweep */ = {
			isa = PBXGroup;
			children = (
				5AA672BB2105052900578C2A /* advancing_front.cc */,
				5AA672BC2105052900578C2A /* advancing_front.h */,
				5AA672BD2105052900578C2A /* cdt.cc */,
				5AA672BE2105052900578C2A /* cdt.h */,
				5AA672BF2105052900578C2A /* sweep.cc */,
				5AA672C02105052900578C2A /* sweep.h */,
				5AA672C12105052900578C2A /* sweep_context.cc */,
				5AA672C22105052900578C2A /* sweep_context.h */,
			);
			path = sweep;
			sourceTree = "<group>";
		};
		5AA672C72105052900578C2A /* math */ = {
			isa = PBXGroup;
			children = (
				5AA672C82105052900578C2A /* math_common.cpp */,
				5AA672C92105052900578C2A /* math_common.hpp */,
				5AA672CA2105052900578C2A /* matrix.hpp */,
				5AA672CB2105052900578C2A /* matrix.inl */,
				5AA672CC2105052900578C2A /* matrix_binary.inl */,
				5AA672CD2105052900578C2A /* matrix_specialization.inl */,
				5AA672CE2105052900578C2A /* policy.h */,
				5AA672CF2105052900578C2A /* precision.h */,
				5AA672D02105052900578C2A /* quaternion.cpp */,
				5AA672D12105052900578C2A /* quaternion.hpp */,
				5AA672D22105052900578C2A /* traits.h */,
				5AA672D32105052900578C2A /* vertex.hpp */,
				5AA672D42105052900578C2A /* vertex.inl */,
				5AA672D52105052900578C2A /* vertex_binary.inl */,
			);
			path = math;
			sourceTree = "<group>";
		};
		5AA672D62105052900578C2A /* object */ = {
			isa = PBXGroup;
			children = (
				5A0D4AF021065B70005262FE /* stb_image.cpp */,
				5AA672D72105052900578C2A /* base_type.h */,
				5AA672D82105052900578C2A /* config_render.h */,
				5AA672D92105052900578C2A /* context.cpp */,
				5AA672DA2105052900578C2A /* context.h */,
				5AA672DB2105052900578C2A /* debug_new.h */,
				5AA672DC2105052900578C2A /* log.cpp */,
				5AA672DD2105052900578C2A /* log.hpp */,
				5AA672DE2105052900578C2A /* object.cpp */,
				5AA672DF2105052900578C2A /* object.h */,
				5AA672E02105052900578C2A /* ref_counted.cpp */,
				5AA672E12105052900578C2A /* ref_counted.hpp */,
				5AA672E22105052900578C2A /* single.h */,
				5AA672E42105052900578C2A /* stb_image.h */,
				5AA672E52105052900578C2A /* string_hash.cpp */,
				5AA672E62105052900578C2A /* string_hash.hpp */,
				5AA672E72105052900578C2A /* texture.cpp */,
				5AA672E82105052900578C2A /* texture.hpp */,
				5AA672E92105052900578C2A /* timer.cpp */,
				5AA672EA2105052900578C2A /* timer.hpp */,
				5AA672EB2105052900578C2A /* type_render.h */,
				5ADACCEC212120C90023D644 /* gl_file.h */,
			);
			path = object;
			sourceTree = "<group>";
		};
		5AA672EC2105052900578C2A /* render */ = {
			isa = PBXGroup;
			children = (
				5ADACCE921211D000023D644 /* framebuffer.cpp */,
				5ADACCEA21211D000023D644 /* framebuffer.hpp */,
				5AA672ED2105052900578C2A /* materials.cpp */,
				5AA672EE2105052900578C2A /* materials.hpp */,
				5AA672EF2105052900578C2A /* shader.cpp */,
				5AA672F02105052900578C2A /* shader.hpp */,
			);
			path = render;
			sourceTree = "<group>";
		};
		5AA672F12105052900578C2A /* scene */ = {
			isa = PBXGroup;
			children = (
				5AA672F22105052900578C2A /* animatable.cpp */,
				5AA672F32105052900578C2A /* animatable.hpp */,
				5AA672F42105052900578C2A /* camera.cpp */,
				5AA672F52105052900578C2A /* camera.hpp */,
				5AA672F62105052900578C2A /* component.cpp */,
				5AA672F72105052900578C2A /* component.hpp */,
				5AA672F82105052900578C2A /* egl_context.cpp */,
				5AA672F92105052900578C2A /* entity.cpp */,
				5AA672FA2105052900578C2A /* entity.hpp */,
				5AA672FB2105052900578C2A /* interface_render.cpp */,
				5AA672FC2105052900578C2A /* pipeline.cpp */,
				5AA672FD2105052900578C2A /* pipeline.hpp */,
				5AA672FE2105052900578C2A /* scene.cpp */,
				5AA672FF2105052900578C2A /* scene.hpp */,
			);
			path = scene;
			sourceTree = "<group>";
		};
		5ADC277F20F1EF1800B77B88 /* Frameworks */ = {
			isa = PBXGroup;
			children = (
				5A9838CC20FC634B00D85749 /* libfreetype.a */,
				5ADC278020F1EF1900B77B88 /* OpenGLES.framework */,
			);
			name = Frameworks;
			sourceTree = "<group>";
		};
		5AE9E46420EC988D00304307 = {
			isa = PBXGroup;
			children = (
				5AA6729D2105052900578C2A /* megranate */,
				5AE9E46E20EC988D00304307 /* Products */,
				5ADC277F20F1EF1800B77B88 /* Frameworks */,
			);
			sourceTree = "<group>";
		};
		5AE9E46E20EC988D00304307 /* Products */ = {
			isa = PBXGroup;
			children = (
				5AE9E46D20EC988D00304307 /* libmegranate.a */,
			);
			name = Products;
			sourceTree = "<group>";
		};
/* End PBXGroup section */

/* Begin PBXNativeTarget section */
		5AE9E46C20EC988D00304307 /* megranate */ = {
			isa = PBXNativeTarget;
			buildConfigurationList = 5AE9E47620EC988D00304307 /* Build configuration list for PBXNativeTarget "megranate" */;
			buildPhases = (
				5AE9E46920EC988D00304307 /* Sources */,
				5AE9E46A20EC988D00304307 /* Frameworks */,
				5AE9E46B20EC988D00304307 /* CopyFiles */,
			);
			buildRules = (
			);
			dependencies = (
			);
			name = megranate;
			productName = megranate;
			productReference = 5AE9E46D20EC988D00304307 /* libmegranate.a */;
			productType = "com.apple.product-type.library.static";
		};
/* End PBXNativeTarget section */

/* Begin PBXProject section */
		5AE9E46520EC988D00304307 /* Project object */ = {
			isa = PBXProject;
			attributes = {
				LastUpgradeCheck = 0900;
				ORGANIZATIONNAME = hanliu;
				TargetAttributes = {
					5AE9E46C20EC988D00304307 = {
						CreatedOnToolsVersion = 9.0;
						ProvisioningStyle = Automatic;
					};
				};
			};
			buildConfigurationList = 5AE9E46820EC988D00304307 /* Build configuration list for PBXProject "megranate" */;
			compatibilityVersion = "Xcode 8.0";
			developmentRegion = en;
			hasScannedForEncodings = 0;
			knownRegions = (
				en,
			);
			mainGroup = 5AE9E46420EC988D00304307;
			productRefGroup = 5AE9E46E20EC988D00304307 /* Products */;
			projectDirPath = "";
			projectRoot = "";
			targets = (
				5AE9E46C20EC988D00304307 /* megranate */,
			);
		};
/* End PBXProject section */

/* Begin PBXSourcesBuildPhase section */
		5AE9E46920EC988D00304307 /* Sources */ = {
			isa = PBXSourcesBuildPhase;
			buildActionMask = 2147483647;
			files = (
				5AA673202105052900578C2A /* interface_render.cpp in Sources */,
				5AA673072105052900578C2A /* font.cpp in Sources */,
				5A0D4AF121065B70005262FE /* stb_image.cpp in Sources */,
				5AA673142105052900578C2A /* ref_counted.cpp in Sources */,
				5AA673082105052900578C2A /* shapes.cc in Sources */,
				5AA6730F2105052900578C2A /* math_common.cpp in Sources */,
				5AA673112105052900578C2A /* context.cpp in Sources */,
				5AA6731D2105052900578C2A /* component.cpp in Sources */,
				5AA673062105052900578C2A /* basefont.cpp in Sources */,
				5AA673182105052900578C2A /* timer.cpp in Sources */,
				5AA673022105052900578C2A /* ftfreetype.cpp in Sources */,
				5AA673222105052900578C2A /* scene.cpp in Sources */,
				5AA6730B2105052900578C2A /* sweep.cc in Sources */,
				5ADACCEB21211D000023D644 /* framebuffer.cpp in Sources */,
				5AA673012105052900578C2A /* ftcontour.cpp in Sources */,
				5AA6731C2105052900578C2A /* camera.cpp in Sources */,
				5AA6730D2105052900578C2A /* lights.cpp in Sources */,
				5AA6730E2105052900578C2A /* skeletal.cpp in Sources */,
				5AA673162105052900578C2A /* string_hash.cpp in Sources */,
				5AA673092105052900578C2A /* advancing_front.cc in Sources */,
				5AA673052105052900578C2A /* ftptri.cpp in Sources */,
				5AA673102105052900578C2A /* quaternion.cpp in Sources */,
				5AA673192105052900578C2A /* materials.cpp in Sources */,
				5AA6730C2105052900578C2A /* sweep_context.cc in Sources */,
				5AA673212105052900578C2A /* pipeline.cpp in Sources */,
				5AA673132105052900578C2A /* object.cpp in Sources */,
				5AA6730A2105052900578C2A /* cdt.cc in Sources */,
				5AA673042105052900578C2A /* ftpoint.cpp in Sources */,
				5AA6731E2105052900578C2A /* egl_context.cpp in Sources */,
				5AA6731F2105052900578C2A /* entity.cpp in Sources */,
				5AA6731B2105052900578C2A /* animatable.cpp in Sources */,
				5AA6731A2105052900578C2A /* shader.cpp in Sources */,
				5AA673032105052900578C2A /* ftgenerate_tri.cpp in Sources */,
				5AA673172105052900578C2A /* texture.cpp in Sources */,
				5AA673122105052900578C2A /* log.cpp in Sources */,
				5AA673002105052900578C2A /* effect.cpp in Sources */,
			);
			runOnlyForDeploymentPostprocessing = 0;
		};
/* End PBXSourcesBuildPhase section */

/* Begin XCBuildConfiguration section */
		5AE9E47420EC988D00304307 /* Debug */ = {
			isa = XCBuildConfiguration;
			buildSettings = {
				ALWAYS_SEARCH_USER_PATHS = NO;
				CLANG_ANALYZER_NONNULL = YES;
				CLANG_ANALYZER_NUMBER_OBJECT_CONVERSION = YES_AGGRESSIVE;
				CLANG_CXX_LANGUAGE_STANDARD = "gnu++14";
				CLANG_CXX_LIBRARY = "libc++";
				CLANG_ENABLE_MODULES = YES;
				CLANG_ENABLE_OBJC_ARC = YES;
				CLANG_WARN_BLOCK_CAPTURE_AUTORELEASING = YES;
				CLANG_WARN_BOOL_CONVERSION = YES;
				CLANG_WARN_COMMA = YES;
				CLANG_WARN_CONSTANT_CONVERSION = YES;
				CLANG_WARN_DIRECT_OBJC_ISA_USAGE = YES_ERROR;
				CLANG_WARN_DOCUMENTATION_COMMENTS = YES;
				CLANG_WARN_EMPTY_BODY = YES;
				CLANG_WARN_ENUM_CONVERSION = YES;
				CLANG_WARN_INFINITE_RECURSION = YES;
				CLANG_WARN_INT_CONVERSION = YES;
				CLANG_WARN_NON_LITERAL_NULL_CONVERSION = YES;
				CLANG_WARN_OBJC_LITERAL_CONVERSION = YES;
				CLANG_WARN_OBJC_ROOT_CLASS = YES_ERROR;
				CLANG_WARN_RANGE_LOOP_ANALYSIS = YES;
				CLANG_WARN_STRICT_PROTOTYPES = YES;
				CLANG_WARN_SUSPICIOUS_MOVE = YES;
				CLANG_WARN_UNGUARDED_AVAILABILITY = YES_AGGRESSIVE;
				CLANG_WARN_UNREACHABLE_CODE = YES;
				CLANG_WARN__DUPLICATE_METHOD_MATCH = YES;
				CODE_SIGN_IDENTITY = "iPhone Developer";
				COPY_PHASE_STRIP = NO;
				DEBUG_INFORMATION_FORMAT = dwarf;
				ENABLE_STRICT_OBJC_MSGSEND = YES;
				ENABLE_TESTABILITY = YES;
				GCC_C_LANGUAGE_STANDARD = gnu11;
				GCC_DYNAMIC_NO_PIC = NO;
				GCC_NO_COMMON_BLOCKS = YES;
				GCC_OPTIMIZATION_LEVEL = 0;
				GCC_PREPROCESSOR_DEFINITIONS = (
					"DEBUG=1",
					"$(inherited)",
				);
				GCC_WARN_64_TO_32_BIT_CONVERSION = YES;
				GCC_WARN_ABOUT_RETURN_TYPE = YES_ERROR;
				GCC_WARN_UNDECLARED_SELECTOR = YES;
				GCC_WARN_UNINITIALIZED_AUTOS = YES_AGGRESSIVE;
				GCC_WARN_UNUSED_FUNCTION = YES;
				GCC_WARN_UNUSED_VARIABLE = YES;
				IPHONEOS_DEPLOYMENT_TARGET = 11.0;
				MTL_ENABLE_DEBUG_INFO = YES;
				ONLY_ACTIVE_ARCH = YES;
				SDKROOT = iphoneos;
			};
			name = Debug;
		};
		5AE9E47520EC988D00304307 /* Release */ = {
			isa = XCBuildConfiguration;
			buildSettings = {
				ALWAYS_SEARCH_USER_PATHS = NO;
				CLANG_ANALYZER_NONNULL = YES;
				CLANG_ANALYZER_NUMBER_OBJECT_CONVERSION = YES_AGGRESSIVE;
				CLANG_CXX_LANGUAGE_STANDARD = "gnu++14";
				CLANG_CXX_LIBRARY = "libc++";
				CLANG_ENABLE_MODULES = YES;
				CLANG_ENABLE_OBJC_ARC = YES;
				CLANG_WARN_BLOCK_CAPTURE_AUTORELEASING = YES;
				CLANG_WARN_BOOL_CONVERSION = YES;
				CLANG_WARN_COMMA = YES;
				CLANG_WARN_CONSTANT_CONVERSION = YES;
				CLANG_WARN_DIRECT_OBJC_ISA_USAGE = YES_ERROR;
				CLANG_WARN_DOCUMENTATION_COMMENTS = YES;
				CLANG_WARN_EMPTY_BODY = YES;
				CLANG_WARN_ENUM_CONVERSION = YES;
				CLANG_WARN_INFINITE_RECURSION = YES;
				CLANG_WARN_INT_CONVERSION = YES;
				CLANG_WARN_NON_LITERAL_NULL_CONVERSION = YES;
				CLANG_WARN_OBJC_LITERAL_CONVERSION = YES;
				CLANG_WARN_OBJC_ROOT_CLASS = YES_ERROR;
				CLANG_WARN_RANGE_LOOP_ANALYSIS = YES;
				CLANG_WARN_STRICT_PROTOTYPES = YES;
				CLANG_WARN_SUSPICIOUS_MOVE = YES;
				CLANG_WARN_UNGUARDED_AVAILABILITY = YES_AGGRESSIVE;
				CLANG_WARN_UNREACHABLE_CODE = YES;
				CLANG_WARN__DUPLICATE_METHOD_MATCH = YES;
				CODE_SIGN_IDENTITY = "iPhone Developer";
				COPY_PHASE_STRIP = NO;
				DEBUG_INFORMATION_FORMAT = "dwarf-with-dsym";
				ENABLE_NS_ASSERTIONS = NO;
				ENABLE_STRICT_OBJC_MSGSEND = YES;
				GCC_C_LANGUAGE_STANDARD = gnu11;
				GCC_NO_COMMON_BLOCKS = YES;
				GCC_WARN_64_TO_32_BIT_CONVERSION = YES;
				GCC_WARN_ABOUT_RETURN_TYPE = YES_ERROR;
				GCC_WARN_UNDECLARED_SELECTOR = YES;
				GCC_WARN_UNINITIALIZED_AUTOS = YES_AGGRESSIVE;
				GCC_WARN_UNUSED_FUNCTION = YES;
				GCC_WARN_UNUSED_VARIABLE = YES;
				IPHONEOS_DEPLOYMENT_TARGET = 11.0;
				MTL_ENABLE_DEBUG_INFO = NO;
				SDKROOT = iphoneos;
				VALIDATE_PRODUCT = YES;
			};
			name = Release;
		};
		5AE9E47720EC988D00304307 /* Debug */ = {
			isa = XCBuildConfiguration;
			buildSettings = {
				CODE_SIGN_STYLE = Automatic;
				CONFIGURATION_BUILD_DIR = "~/render_bin";
				CONFIGURATION_TEMP_DIR = "~/render_bin";
				DEVELOPMENT_TEAM = 9846B32FFU;
				HEADER_SEARCH_PATHS = (
					"\"$(SRCROOT)\"",
					"\"$(SRCROOT)/../../3rd/\"",
					"\"$(SRCROOT)/../../3rd/freetype2/freetype\"",
					"\"$(SRCROOT)/../../3rd/freetype2\"",
				);
				LIBRARY_SEARCH_PATHS = "\"$(SRCROOT)/../../3rd\"";
				OTHER_LDFLAGS = "-ObjC";
				PRODUCT_NAME = "$(TARGET_NAME)";
				SKIP_INSTALL = YES;
				TARGETED_DEVICE_FAMILY = "1,2";
			};
			name = Debug;
		};
		5AE9E47820EC988D00304307 /* Release */ = {
			isa = XCBuildConfiguration;
			buildSettings = {
				CODE_SIGN_STYLE = Automatic;
				CONFIGURATION_BUILD_DIR = "~/render_bin";
				CONFIGURATION_TEMP_DIR = "~/render_bin";
				DEVELOPMENT_TEAM = 9846B32FFU;
				HEADER_SEARCH_PATHS = (
					"\"$(SRCROOT)\"",
					"\"$(SRCROOT)/../../3rd/\"",
					"\"$(SRCROOT)/../../3rd/freetype2/freetype\"",
					"\"$(SRCROOT)/../../3rd/freetype2\"",
				);
				LIBRARY_SEARCH_PATHS = "\"$(SRCROOT)/../../3rd\"";
				OTHER_LDFLAGS = "-ObjC";
				PRODUCT_NAME = "$(TARGET_NAME)";
				SKIP_INSTALL = YES;
				TARGETED_DEVICE_FAMILY = "1,2";
			};
			name = Release;
		};
/* End XCBuildConfiguration section */

/* Begin XCConfigurationList section */
		5AE9E46820EC988D00304307 /* Build configuration list for PBXProject "megranate" */ = {
			isa = XCConfigurationList;
			buildConfigurations = (
				5AE9E47420EC988D00304307 /* Debug */,
				5AE9E47520EC988D00304307 /* Release */,
			);
			defaultConfigurationIsVisible = 0;
			defaultConfigurationName = Release;
		};
		5AE9E47620EC988D00304307 /* Build configuration list for PBXNativeTarget "megranate" */ = {
			isa = XCConfigurationList;
			buildConfigurations = (
				5AE9E47720EC988D00304307 /* Debug */,
				5AE9E47820EC988D00304307 /* Release */,
			);
			defaultConfigurationIsVisible = 0;
			defaultConfigurationName = Release;
		};
/* End XCConfigurationList section */
	};
	rootObject = 5AE9E46520EC988D00304307 /* Project object */;
}
