// !$*UTF8*$!
{
	archiveVersion = 1;
	classes = {
	};
	objectVersion = 48;
	objects = {

/* Begin PBXBuildFile section */
		5A1BB46920F30CAA00D59845 /* math_common.cpp in Sources */ = {isa = PBXBuildFile; fileRef = 5A1BB46720F30CAA00D59845 /* math_common.cpp */; };
		5AA4B6D220EDACBB003F61F1 /* matrix.inl in Sources */ = {isa = PBXBuildFile; fileRef = 5AA4B6D020EDACBB003F61F1 /* matrix.inl */; };
		5ADC277B20F1EE3700B77B88 /* timer.cpp in Sources */ = {isa = PBXBuildFile; fileRef = 5ADC277620F1EE3600B77B88 /* timer.cpp */; };
		5ADC277C20F1EE3700B77B88 /* texture.cpp in Sources */ = {isa = PBXBuildFile; fileRef = 5ADC277820F1EE3700B77B88 /* texture.cpp */; };
		5ADC277D20F1EE3700B77B88 /* stb_image.c in Sources */ = {isa = PBXBuildFile; fileRef = 5ADC277920F1EE3700B77B88 /* stb_image.c */; };
		5ADC278120F1EF1900B77B88 /* OpenGLES.framework in Frameworks */ = {isa = PBXBuildFile; fileRef = 5ADC278020F1EF1900B77B88 /* OpenGLES.framework */; };
		5ADC278520F28D0D00B77B88 /* animatable.cpp in Sources */ = {isa = PBXBuildFile; fileRef = 5ADC278320F28D0D00B77B88 /* animatable.cpp */; };
		5ADC278A20F2A91E00B77B88 /* quaternion.cpp in Sources */ = {isa = PBXBuildFile; fileRef = 5ADC278820F2939E00B77B88 /* quaternion.cpp */; };
		5ADC278B20F2A92B00B77B88 /* vertex.inl in Sources */ = {isa = PBXBuildFile; fileRef = 5AA4B6D720EDD8E5003F61F1 /* vertex.inl */; };
		5AE9E47220EC988D00304307 /* megranate.m in Sources */ = {isa = PBXBuildFile; fileRef = 5AE9E47120EC988D00304307 /* megranate.m */; };
		5AE9E47320EC988D00304307 /* megranate.h in CopyFiles */ = {isa = PBXBuildFile; fileRef = 5AE9E47020EC988D00304307 /* megranate.h */; };
		5AE9E47C20EC9CB000304307 /* scene.cpp in Sources */ = {isa = PBXBuildFile; fileRef = 5AE9E47A20EC9CB000304307 /* scene.cpp */; };
		5AE9E47F20EC9CE700304307 /* component.cpp in Sources */ = {isa = PBXBuildFile; fileRef = 5AE9E47D20EC9CE700304307 /* component.cpp */; };
		5AE9E48220EC9CF700304307 /* entity.cpp in Sources */ = {isa = PBXBuildFile; fileRef = 5AE9E48020EC9CF700304307 /* entity.cpp */; };
		5AE9E48620ECA60800304307 /* ref_counted.cpp in Sources */ = {isa = PBXBuildFile; fileRef = 5AE9E48420ECA60800304307 /* ref_counted.cpp */; };
		5AE9E48B20ECB1B800304307 /* object.cpp in Sources */ = {isa = PBXBuildFile; fileRef = 5AE9E48920ECB1B800304307 /* object.cpp */; };
		5AE9E48E20ECB37100304307 /* string_hash.cpp in Sources */ = {isa = PBXBuildFile; fileRef = 5AE9E48C20ECB37100304307 /* string_hash.cpp */; };
		5AE9E49220ECC9CE00304307 /* context.cpp in Sources */ = {isa = PBXBuildFile; fileRef = 5AE9E49020ECC9CE00304307 /* context.cpp */; };
/* End PBXBuildFile section */

/* Begin PBXCopyFilesBuildPhase section */
		5AE9E46B20EC988D00304307 /* CopyFiles */ = {
			isa = PBXCopyFilesBuildPhase;
			buildActionMask = 2147483647;
			dstPath = "include/$(PRODUCT_NAME)";
			dstSubfolderSpec = 16;
			files = (
				5AE9E47320EC988D00304307 /* megranate.h in CopyFiles */,
			);
			runOnlyForDeploymentPostprocessing = 0;
		};
/* End PBXCopyFilesBuildPhase section */

/* Begin PBXFileReference section */
		5A1BB46720F30CAA00D59845 /* math_common.cpp */ = {isa = PBXFileReference; lastKnownFileType = sourcecode.cpp.cpp; path = math_common.cpp; sourceTree = "<group>"; };
		5A1BB46820F30CAA00D59845 /* math_common.hpp */ = {isa = PBXFileReference; lastKnownFileType = sourcecode.cpp.h; path = math_common.hpp; sourceTree = "<group>"; };
		5A705A7F20F4E3CB000AFB16 /* matrix_specialization.inl */ = {isa = PBXFileReference; lastKnownFileType = text; path = matrix_specialization.inl; sourceTree = "<group>"; };
		5AA4B6D020EDACBB003F61F1 /* matrix.inl */ = {isa = PBXFileReference; lastKnownFileType = text; path = matrix.inl; sourceTree = "<group>"; };
		5AA4B6D120EDACBB003F61F1 /* matrix.hpp */ = {isa = PBXFileReference; lastKnownFileType = sourcecode.cpp.h; path = matrix.hpp; sourceTree = "<group>"; };
		5AA4B6D520EDD826003F61F1 /* vertex.hpp */ = {isa = PBXFileReference; lastKnownFileType = sourcecode.cpp.h; path = vertex.hpp; sourceTree = "<group>"; };
		5AA4B6D720EDD8E5003F61F1 /* vertex.inl */ = {isa = PBXFileReference; lastKnownFileType = text; path = vertex.inl; sourceTree = "<group>"; };
		5AA4B6D820EDD9B9003F61F1 /* vertex_binary.inl */ = {isa = PBXFileReference; lastKnownFileType = text; path = vertex_binary.inl; sourceTree = "<group>"; };
		5AA4B6DA20EDDF79003F61F1 /* precision.h */ = {isa = PBXFileReference; lastKnownFileType = sourcecode.c.h; path = precision.h; sourceTree = "<group>"; };
		5ADC277220F1AC7400B77B88 /* traits.h */ = {isa = PBXFileReference; lastKnownFileType = sourcecode.c.h; path = traits.h; sourceTree = "<group>"; };
		5ADC277320F1ACB300B77B88 /* policy.h */ = {isa = PBXFileReference; lastKnownFileType = sourcecode.c.h; path = policy.h; sourceTree = "<group>"; };
		5ADC277420F1BA2E00B77B88 /* matrix_binary.inl */ = {isa = PBXFileReference; lastKnownFileType = text; path = matrix_binary.inl; sourceTree = "<group>"; };
		5ADC277520F1EE3600B77B88 /* texture.hpp */ = {isa = PBXFileReference; fileEncoding = 4; lastKnownFileType = sourcecode.cpp.h; path = texture.hpp; sourceTree = "<group>"; };
		5ADC277620F1EE3600B77B88 /* timer.cpp */ = {isa = PBXFileReference; fileEncoding = 4; lastKnownFileType = sourcecode.cpp.cpp; path = timer.cpp; sourceTree = "<group>"; };
		5ADC277720F1EE3700B77B88 /* stb_image.h */ = {isa = PBXFileReference; fileEncoding = 4; lastKnownFileType = sourcecode.c.h; path = stb_image.h; sourceTree = "<group>"; };
		5ADC277820F1EE3700B77B88 /* texture.cpp */ = {isa = PBXFileReference; fileEncoding = 4; lastKnownFileType = sourcecode.cpp.cpp; path = texture.cpp; sourceTree = "<group>"; };
		5ADC277920F1EE3700B77B88 /* stb_image.c */ = {isa = PBXFileReference; fileEncoding = 4; lastKnownFileType = sourcecode.c.c; path = stb_image.c; sourceTree = "<group>"; };
		5ADC277A20F1EE3700B77B88 /* timer.hpp */ = {isa = PBXFileReference; fileEncoding = 4; lastKnownFileType = sourcecode.cpp.h; path = timer.hpp; sourceTree = "<group>"; };
		5ADC277E20F1EE6600B77B88 /* type_render.h */ = {isa = PBXFileReference; lastKnownFileType = sourcecode.c.h; path = type_render.h; sourceTree = "<group>"; };
		5ADC278020F1EF1900B77B88 /* OpenGLES.framework */ = {isa = PBXFileReference; lastKnownFileType = wrapper.framework; name = OpenGLES.framework; path = System/Library/Frameworks/OpenGLES.framework; sourceTree = SDKROOT; };
		5ADC278320F28D0D00B77B88 /* animatable.cpp */ = {isa = PBXFileReference; lastKnownFileType = sourcecode.cpp.cpp; path = animatable.cpp; sourceTree = "<group>"; };
		5ADC278420F28D0D00B77B88 /* animatable.hpp */ = {isa = PBXFileReference; lastKnownFileType = sourcecode.cpp.h; path = animatable.hpp; sourceTree = "<group>"; };
		5ADC278620F28F8E00B77B88 /* quaternion.hpp */ = {isa = PBXFileReference; lastKnownFileType = sourcecode.cpp.h; path = quaternion.hpp; sourceTree = "<group>"; };
		5ADC278720F2927A00B77B88 /* config_render.h */ = {isa = PBXFileReference; lastKnownFileType = sourcecode.c.h; path = config_render.h; sourceTree = "<group>"; };
		5ADC278820F2939E00B77B88 /* quaternion.cpp */ = {isa = PBXFileReference; lastKnownFileType = sourcecode.cpp.cpp; path = quaternion.cpp; sourceTree = "<group>"; };
		5AE9E46D20EC988D00304307 /* libmegranate.a */ = {isa = PBXFileReference; explicitFileType = archive.ar; includeInIndex = 0; path = libmegranate.a; sourceTree = BUILT_PRODUCTS_DIR; };
		5AE9E47020EC988D00304307 /* megranate.h */ = {isa = PBXFileReference; lastKnownFileType = sourcecode.c.h; path = megranate.h; sourceTree = "<group>"; };
		5AE9E47120EC988D00304307 /* megranate.m */ = {isa = PBXFileReference; lastKnownFileType = sourcecode.c.objc; path = megranate.m; sourceTree = "<group>"; };
		5AE9E47A20EC9CB000304307 /* scene.cpp */ = {isa = PBXFileReference; lastKnownFileType = sourcecode.cpp.cpp; path = scene.cpp; sourceTree = "<group>"; };
		5AE9E47B20EC9CB000304307 /* scene.hpp */ = {isa = PBXFileReference; lastKnownFileType = sourcecode.cpp.h; path = scene.hpp; sourceTree = "<group>"; };
		5AE9E47D20EC9CE700304307 /* component.cpp */ = {isa = PBXFileReference; lastKnownFileType = sourcecode.cpp.cpp; path = component.cpp; sourceTree = "<group>"; };
		5AE9E47E20EC9CE700304307 /* component.hpp */ = {isa = PBXFileReference; lastKnownFileType = sourcecode.cpp.h; path = component.hpp; sourceTree = "<group>"; };
		5AE9E48020EC9CF700304307 /* entity.cpp */ = {isa = PBXFileReference; lastKnownFileType = sourcecode.cpp.cpp; path = entity.cpp; sourceTree = "<group>"; };
		5AE9E48120EC9CF700304307 /* entity.hpp */ = {isa = PBXFileReference; lastKnownFileType = sourcecode.cpp.h; path = entity.hpp; sourceTree = "<group>"; };
		5AE9E48420ECA60800304307 /* ref_counted.cpp */ = {isa = PBXFileReference; lastKnownFileType = sourcecode.cpp.cpp; path = ref_counted.cpp; sourceTree = "<group>"; };
		5AE9E48520ECA60800304307 /* ref_counted.hpp */ = {isa = PBXFileReference; lastKnownFileType = sourcecode.cpp.h; path = ref_counted.hpp; sourceTree = "<group>"; };
		5AE9E48720ECA6F400304307 /* base_type.h */ = {isa = PBXFileReference; lastKnownFileType = sourcecode.c.h; path = base_type.h; sourceTree = "<group>"; };
		5AE9E48820ECAECA00304307 /* debug_new.h */ = {isa = PBXFileReference; lastKnownFileType = sourcecode.c.h; path = debug_new.h; sourceTree = "<group>"; };
		5AE9E48920ECB1B800304307 /* object.cpp */ = {isa = PBXFileReference; lastKnownFileType = sourcecode.cpp.cpp; path = object.cpp; sourceTree = "<group>"; };
		5AE9E48A20ECB1B800304307 /* object.h */ = {isa = PBXFileReference; lastKnownFileType = sourcecode.c.h; path = object.h; sourceTree = "<group>"; };
		5AE9E48C20ECB37100304307 /* string_hash.cpp */ = {isa = PBXFileReference; lastKnownFileType = sourcecode.cpp.cpp; path = string_hash.cpp; sourceTree = "<group>"; };
		5AE9E48D20ECB37100304307 /* string_hash.hpp */ = {isa = PBXFileReference; lastKnownFileType = sourcecode.cpp.h; path = string_hash.hpp; sourceTree = "<group>"; };
		5AE9E49020ECC9CE00304307 /* context.cpp */ = {isa = PBXFileReference; lastKnownFileType = sourcecode.cpp.cpp; path = context.cpp; sourceTree = "<group>"; };
		5AE9E49120ECC9CE00304307 /* context.h */ = {isa = PBXFileReference; lastKnownFileType = sourcecode.c.h; path = context.h; sourceTree = "<group>"; };
/* End PBXFileReference section */

/* Begin PBXFrameworksBuildPhase section */
		5AE9E46A20EC988D00304307 /* Frameworks */ = {
			isa = PBXFrameworksBuildPhase;
			buildActionMask = 2147483647;
			files = (
				5ADC278120F1EF1900B77B88 /* OpenGLES.framework in Frameworks */,
			);
			runOnlyForDeploymentPostprocessing = 0;
		};
/* End PBXFrameworksBuildPhase section */

/* Begin PBXGroup section */
		5AA4B6CF20EDAC5F003F61F1 /* math */ = {
			isa = PBXGroup;
			children = (
				5AA4B6D120EDACBB003F61F1 /* matrix.hpp */,
				5ADC277420F1BA2E00B77B88 /* matrix_binary.inl */,
				5AA4B6D020EDACBB003F61F1 /* matrix.inl */,
				5AA4B6D520EDD826003F61F1 /* vertex.hpp */,
				5AA4B6D820EDD9B9003F61F1 /* vertex_binary.inl */,
				5AA4B6D720EDD8E5003F61F1 /* vertex.inl */,
				5AA4B6DA20EDDF79003F61F1 /* precision.h */,
				5ADC277220F1AC7400B77B88 /* traits.h */,
				5ADC277320F1ACB300B77B88 /* policy.h */,
				5ADC278620F28F8E00B77B88 /* quaternion.hpp */,
				5ADC278820F2939E00B77B88 /* quaternion.cpp */,
				5A1BB46720F30CAA00D59845 /* math_common.cpp */,
				5A1BB46820F30CAA00D59845 /* math_common.hpp */,
				5A705A7F20F4E3CB000AFB16 /* matrix_specialization.inl */,
			);
			path = math;
			sourceTree = "<group>";
		};
		5ADC277F20F1EF1800B77B88 /* Frameworks */ = {
			isa = PBXGroup;
			children = (
				5ADC278020F1EF1900B77B88 /* OpenGLES.framework */,
			);
			name = Frameworks;
			sourceTree = "<group>";
		};
		5AE9E46420EC988D00304307 = {
			isa = PBXGroup;
			children = (
				5AE9E46F20EC988D00304307 /* megranate */,
				5AE9E46E20EC988D00304307 /* Products */,
				5ADC277F20F1EF1800B77B88 /* Frameworks */,
			);
			sourceTree = "<group>";
		};
		5AE9E46E20EC988D00304307 /* Products */ = {
			isa = PBXGroup;
			children = (
				5AE9E46D20EC988D00304307 /* libmegranate.a */,
			);
			name = Products;
			sourceTree = "<group>";
		};
		5AE9E46F20EC988D00304307 /* megranate */ = {
			isa = PBXGroup;
			children = (
				5AA4B6CF20EDAC5F003F61F1 /* math */,
				5AE9E48320ECA39200304307 /* base */,
				5AE9E47920EC9C2000304307 /* scene */,
				5AE9E47020EC988D00304307 /* megranate.h */,
				5AE9E47120EC988D00304307 /* megranate.m */,
			);
			path = megranate;
			sourceTree = "<group>";
		};
		5AE9E47920EC9C2000304307 /* scene */ = {
			isa = PBXGroup;
			children = (
				5AE9E47A20EC9CB000304307 /* scene.cpp */,
				5AE9E47B20EC9CB000304307 /* scene.hpp */,
				5AE9E47D20EC9CE700304307 /* component.cpp */,
				5AE9E47E20EC9CE700304307 /* component.hpp */,
				5AE9E48020EC9CF700304307 /* entity.cpp */,
				5AE9E48120EC9CF700304307 /* entity.hpp */,
				5ADC278320F28D0D00B77B88 /* animatable.cpp */,
				5ADC278420F28D0D00B77B88 /* animatable.hpp */,
			);
			path = scene;
			sourceTree = "<group>";
		};
		5AE9E48320ECA39200304307 /* base */ = {
			isa = PBXGroup;
			children = (
				5ADC277920F1EE3700B77B88 /* stb_image.c */,
				5ADC277720F1EE3700B77B88 /* stb_image.h */,
				5ADC277820F1EE3700B77B88 /* texture.cpp */,
				5ADC277520F1EE3600B77B88 /* texture.hpp */,
				5ADC277620F1EE3600B77B88 /* timer.cpp */,
				5ADC277A20F1EE3700B77B88 /* timer.hpp */,
				5AE9E48720ECA6F400304307 /* base_type.h */,
				5AE9E48420ECA60800304307 /* ref_counted.cpp */,
				5AE9E48520ECA60800304307 /* ref_counted.hpp */,
				5AE9E48820ECAECA00304307 /* debug_new.h */,
				5AE9E48920ECB1B800304307 /* object.cpp */,
				5AE9E48A20ECB1B800304307 /* object.h */,
				5AE9E48C20ECB37100304307 /* string_hash.cpp */,
				5AE9E48D20ECB37100304307 /* string_hash.hpp */,
				5AE9E49020ECC9CE00304307 /* context.cpp */,
				5AE9E49120ECC9CE00304307 /* context.h */,
				5ADC277E20F1EE6600B77B88 /* type_render.h */,
				5ADC278720F2927A00B77B88 /* config_render.h */,
			);
			path = base;
			sourceTree = "<group>";
		};
/* End PBXGroup section */

/* Begin PBXNativeTarget section */
		5AE9E46C20EC988D00304307 /* megranate */ = {
			isa = PBXNativeTarget;
			buildConfigurationList = 5AE9E47620EC988D00304307 /* Build configuration list for PBXNativeTarget "megranate" */;
			buildPhases = (
				5AE9E46920EC988D00304307 /* Sources */,
				5AE9E46A20EC988D00304307 /* Frameworks */,
				5AE9E46B20EC988D00304307 /* CopyFiles */,
			);
			buildRules = (
			);
			dependencies = (
			);
			name = megranate;
			productName = megranate;
			productReference = 5AE9E46D20EC988D00304307 /* libmegranate.a */;
			productType = "com.apple.product-type.library.static";
		};
/* End PBXNativeTarget section */

/* Begin PBXProject section */
		5AE9E46520EC988D00304307 /* Project object */ = {
			isa = PBXProject;
			attributes = {
				LastUpgradeCheck = 0900;
				ORGANIZATIONNAME = hanliu;
				TargetAttributes = {
					5AE9E46C20EC988D00304307 = {
						CreatedOnToolsVersion = 9.0;
						ProvisioningStyle = Automatic;
					};
				};
			};
			buildConfigurationList = 5AE9E46820EC988D00304307 /* Build configuration list for PBXProject "megranate" */;
			compatibilityVersion = "Xcode 8.0";
			developmentRegion = en;
			hasScannedForEncodings = 0;
			knownRegions = (
				en,
			);
			mainGroup = 5AE9E46420EC988D00304307;
			productRefGroup = 5AE9E46E20EC988D00304307 /* Products */;
			projectDirPath = "";
			projectRoot = "";
			targets = (
				5AE9E46C20EC988D00304307 /* megranate */,
			);
		};
/* End PBXProject section */

/* Begin PBXSourcesBuildPhase section */
		5AE9E46920EC988D00304307 /* Sources */ = {
			isa = PBXSourcesBuildPhase;
			buildActionMask = 2147483647;
			files = (
				5ADC278A20F2A91E00B77B88 /* quaternion.cpp in Sources */,
				5AE9E48620ECA60800304307 /* ref_counted.cpp in Sources */,
				5A1BB46920F30CAA00D59845 /* math_common.cpp in Sources */,
				5ADC277B20F1EE3700B77B88 /* timer.cpp in Sources */,
				5AE9E49220ECC9CE00304307 /* context.cpp in Sources */,
				5AE9E48220EC9CF700304307 /* entity.cpp in Sources */,
				5ADC278520F28D0D00B77B88 /* animatable.cpp in Sources */,
				5AE9E48E20ECB37100304307 /* string_hash.cpp in Sources */,
				5AE9E47C20EC9CB000304307 /* scene.cpp in Sources */,
				5AA4B6D220EDACBB003F61F1 /* matrix.inl in Sources */,
				5ADC278B20F2A92B00B77B88 /* vertex.inl in Sources */,
				5AE9E47220EC988D00304307 /* megranate.m in Sources */,
				5AE9E48B20ECB1B800304307 /* object.cpp in Sources */,
				5AE9E47F20EC9CE700304307 /* component.cpp in Sources */,
				5ADC277C20F1EE3700B77B88 /* texture.cpp in Sources */,
				5ADC277D20F1EE3700B77B88 /* stb_image.c in Sources */,
			);
			runOnlyForDeploymentPostprocessing = 0;
		};
/* End PBXSourcesBuildPhase section */

/* Begin XCBuildConfiguration section */
		5AE9E47420EC988D00304307 /* Debug */ = {
			isa = XCBuildConfiguration;
			buildSettings = {
				ALWAYS_SEARCH_USER_PATHS = NO;
				CLANG_ANALYZER_NONNULL = YES;
				CLANG_ANALYZER_NUMBER_OBJECT_CONVERSION = YES_AGGRESSIVE;
				CLANG_CXX_LANGUAGE_STANDARD = "gnu++14";
				CLANG_CXX_LIBRARY = "libc++";
				CLANG_ENABLE_MODULES = YES;
				CLANG_ENABLE_OBJC_ARC = YES;
				CLANG_WARN_BLOCK_CAPTURE_AUTORELEASING = YES;
				CLANG_WARN_BOOL_CONVERSION = YES;
				CLANG_WARN_COMMA = YES;
				CLANG_WARN_CONSTANT_CONVERSION = YES;
				CLANG_WARN_DIRECT_OBJC_ISA_USAGE = YES_ERROR;
				CLANG_WARN_DOCUMENTATION_COMMENTS = YES;
				CLANG_WARN_EMPTY_BODY = YES;
				CLANG_WARN_ENUM_CONVERSION = YES;
				CLANG_WARN_INFINITE_RECURSION = YES;
				CLANG_WARN_INT_CONVERSION = YES;
				CLANG_WARN_NON_LITERAL_NULL_CONVERSION = YES;
				CLANG_WARN_OBJC_LITERAL_CONVERSION = YES;
				CLANG_WARN_OBJC_ROOT_CLASS = YES_ERROR;
				CLANG_WARN_RANGE_LOOP_ANALYSIS = YES;
				CLANG_WARN_STRICT_PROTOTYPES = YES;
				CLANG_WARN_SUSPICIOUS_MOVE = YES;
				CLANG_WARN_UNGUARDED_AVAILABILITY = YES_AGGRESSIVE;
				CLANG_WARN_UNREACHABLE_CODE = YES;
				CLANG_WARN__DUPLICATE_METHOD_MATCH = YES;
				CODE_SIGN_IDENTITY = "iPhone Developer";
				COPY_PHASE_STRIP = NO;
				DEBUG_INFORMATION_FORMAT = dwarf;
				ENABLE_STRICT_OBJC_MSGSEND = YES;
				ENABLE_TESTABILITY = YES;
				GCC_C_LANGUAGE_STANDARD = gnu11;
				GCC_DYNAMIC_NO_PIC = NO;
				GCC_NO_COMMON_BLOCKS = YES;
				GCC_OPTIMIZATION_LEVEL = 0;
				GCC_PREPROCESSOR_DEFINITIONS = (
					"DEBUG=1",
					"$(inherited)",
				);
				GCC_WARN_64_TO_32_BIT_CONVERSION = YES;
				GCC_WARN_ABOUT_RETURN_TYPE = YES_ERROR;
				GCC_WARN_UNDECLARED_SELECTOR = YES;
				GCC_WARN_UNINITIALIZED_AUTOS = YES_AGGRESSIVE;
				GCC_WARN_UNUSED_FUNCTION = YES;
				GCC_WARN_UNUSED_VARIABLE = YES;
				IPHONEOS_DEPLOYMENT_TARGET = 11.0;
				MTL_ENABLE_DEBUG_INFO = YES;
				ONLY_ACTIVE_ARCH = YES;
				SDKROOT = iphoneos;
			};
			name = Debug;
		};
		5AE9E47520EC988D00304307 /* Release */ = {
			isa = XCBuildConfiguration;
			buildSettings = {
				ALWAYS_SEARCH_USER_PATHS = NO;
				CLANG_ANALYZER_NONNULL = YES;
				CLANG_ANALYZER_NUMBER_OBJECT_CONVERSION = YES_AGGRESSIVE;
				CLANG_CXX_LANGUAGE_STANDARD = "gnu++14";
				CLANG_CXX_LIBRARY = "libc++";
				CLANG_ENABLE_MODULES = YES;
				CLANG_ENABLE_OBJC_ARC = YES;
				CLANG_WARN_BLOCK_CAPTURE_AUTORELEASING = YES;
				CLANG_WARN_BOOL_CONVERSION = YES;
				CLANG_WARN_COMMA = YES;
				CLANG_WARN_CONSTANT_CONVERSION = YES;
				CLANG_WARN_DIRECT_OBJC_ISA_USAGE = YES_ERROR;
				CLANG_WARN_DOCUMENTATION_COMMENTS = YES;
				CLANG_WARN_EMPTY_BODY = YES;
				CLANG_WARN_ENUM_CONVERSION = YES;
				CLANG_WARN_INFINITE_RECURSION = YES;
				CLANG_WARN_INT_CONVERSION = YES;
				CLANG_WARN_NON_LITERAL_NULL_CONVERSION = YES;
				CLANG_WARN_OBJC_LITERAL_CONVERSION = YES;
				CLANG_WARN_OBJC_ROOT_CLASS = YES_ERROR;
				CLANG_WARN_RANGE_LOOP_ANALYSIS = YES;
				CLANG_WARN_STRICT_PROTOTYPES = YES;
				CLANG_WARN_SUSPICIOUS_MOVE = YES;
				CLANG_WARN_UNGUARDED_AVAILABILITY = YES_AGGRESSIVE;
				CLANG_WARN_UNREACHABLE_CODE = YES;
				CLANG_WARN__DUPLICATE_METHOD_MATCH = YES;
				CODE_SIGN_IDENTITY = "iPhone Developer";
				COPY_PHASE_STRIP = NO;
				DEBUG_INFORMATION_FORMAT = "dwarf-with-dsym";
				ENABLE_NS_ASSERTIONS = NO;
				ENABLE_STRICT_OBJC_MSGSEND = YES;
				GCC_C_LANGUAGE_STANDARD = gnu11;
				GCC_NO_COMMON_BLOCKS = YES;
				GCC_WARN_64_TO_32_BIT_CONVERSION = YES;
				GCC_WARN_ABOUT_RETURN_TYPE = YES_ERROR;
				GCC_WARN_UNDECLARED_SELECTOR = YES;
				GCC_WARN_UNINITIALIZED_AUTOS = YES_AGGRESSIVE;
				GCC_WARN_UNUSED_FUNCTION = YES;
				GCC_WARN_UNUSED_VARIABLE = YES;
				IPHONEOS_DEPLOYMENT_TARGET = 11.0;
				MTL_ENABLE_DEBUG_INFO = NO;
				SDKROOT = iphoneos;
				VALIDATE_PRODUCT = YES;
			};
			name = Release;
		};
		5AE9E47720EC988D00304307 /* Debug */ = {
			isa = XCBuildConfiguration;
			buildSettings = {
				CODE_SIGN_STYLE = Automatic;
				CONFIGURATION_BUILD_DIR = "~/render_bin";
				CONFIGURATION_TEMP_DIR = "~/render_bin";
				DEVELOPMENT_TEAM = 9846B32FFU;
				HEADER_SEARCH_PATHS = "";
				OTHER_LDFLAGS = "-ObjC";
				PRODUCT_NAME = "$(TARGET_NAME)";
				SKIP_INSTALL = YES;
				TARGETED_DEVICE_FAMILY = "1,2";
			};
			name = Debug;
		};
		5AE9E47820EC988D00304307 /* Release */ = {
			isa = XCBuildConfiguration;
			buildSettings = {
				CODE_SIGN_STYLE = Automatic;
				CONFIGURATION_BUILD_DIR = "~/render_bin";
				CONFIGURATION_TEMP_DIR = "~/render_bin";
				DEVELOPMENT_TEAM = 9846B32FFU;
				HEADER_SEARCH_PATHS = "";
				OTHER_LDFLAGS = "-ObjC";
				PRODUCT_NAME = "$(TARGET_NAME)";
				SKIP_INSTALL = YES;
				TARGETED_DEVICE_FAMILY = "1,2";
			};
			name = Release;
		};
/* End XCBuildConfiguration section */

/* Begin XCConfigurationList section */
		5AE9E46820EC988D00304307 /* Build configuration list for PBXProject "megranate" */ = {
			isa = XCConfigurationList;
			buildConfigurations = (
				5AE9E47420EC988D00304307 /* Debug */,
				5AE9E47520EC988D00304307 /* Release */,
			);
			defaultConfigurationIsVisible = 0;
			defaultConfigurationName = Release;
		};
		5AE9E47620EC988D00304307 /* Build configuration list for PBXNativeTarget "megranate" */ = {
			isa = XCConfigurationList;
			buildConfigurations = (
				5AE9E47720EC988D00304307 /* Debug */,
				5AE9E47820EC988D00304307 /* Release */,
			);
			defaultConfigurationIsVisible = 0;
			defaultConfigurationName = Release;
		};
/* End XCConfigurationList section */
	};
	rootObject = 5AE9E46520EC988D00304307 /* Project object */;
}
